Microsoft Visual Studio Solution File, Format Version 11.00
# Visual Studio 2010
Project("{FAE04EC0-301F-11D3-BF4B-00C04F79EFBC}") = "FormulaRangeSelection_2010", "FormulaRangeSelection_2010.csproj", "{A9CB6480-2CB5-4662-9744-217082E41929}"
EndProject
Global
	GlobalSection(SolutionConfigurationPlatforms) = preSolution
		Debug|Any CPU = Debug|Any CPU
		Release|Any CPU = Release|Any CPU
	EndGlobalSection
	GlobalSection(ProjectConfigurationPlatforms) = postSolution
		{A9CB6480-2CB5-4662-9744-217082E41929}.Debug|Any CPU.ActiveCfg = Debug|Any CPU
		{A9CB6480-2CB5-4662-9744-217082E41929}.Debug|Any CPU.Build.0 = Debug|Any CPU
		{A9CB6480-2CB5-4662-9744-217082E41929}.Release|Any CPU.ActiveCfg = Release|Any CPU
		{A9CB6480-2CB5-4662-9744-217082E41929}.Release|Any CPU.Build.0 = Release|Any CPU
	EndGlobalSection
	GlobalSection(SolutionProperties) = preSolution
		HideSolutionNode = FALSE
	EndGlobalSection
EndGlobal
