
Microsoft Visual Studio Solution File, Format Version 11.00
# Visual Studio 2010
Project("{FAE04EC0-301F-11D3-BF4B-00C04F79EFBC}") = "ComboBoxBase_2010", "ComboBoxBase_2010.csproj", "{AAE31190-600B-4A97-8878-02E92192D7CE}"
EndProject
Global
	GlobalSection(SolutionConfigurationPlatforms) = preSolution
		Debug|Any CPU = Debug|Any CPU
		Release|Any CPU = Release|Any CPU
	EndGlobalSection
	GlobalSection(ProjectConfigurationPlatforms) = postSolution
		{AAE31190-600B-4A97-8878-02E92192D7CE}.Debug|Any CPU.ActiveCfg = Debug|Any CPU
		{AAE31190-600B-4A97-8878-02E92192D7CE}.Debug|Any CPU.Build.0 = Debug|Any CPU
		{AAE31190-600B-4A97-8878-02E92192D7CE}.Release|Any CPU.ActiveCfg = Release|Any CPU
		{AAE31190-600B-4A97-8878-02E92192D7CE}.Release|Any CPU.Build.0 = Release|Any CPU
	EndGlobalSection
	GlobalSection(SolutionProperties) = preSolution
		HideSolutionNode = FALSE
	EndGlobalSection
EndGlobal
