Microsoft Visual Studio Solution File, Format Version 11.00
# Visual Studio 2010
Project("{FAE04EC0-301F-11D3-BF4B-00C04F79EFBC}") = "SynchronizationGrid_2010", "SynchronizationGrid_2010.csproj", "{A8B7F509-2B4B-4A30-9458-3247E550A200}"
EndProject
Global
	GlobalSection(SolutionConfigurationPlatforms) = preSolution
		Debug|Any CPU = Debug|Any CPU
		Release|Any CPU = Release|Any CPU
	EndGlobalSection
	GlobalSection(ProjectConfigurationPlatforms) = postSolution
		{A8B7F509-2B4B-4A30-9458-3247E550A200}.Debug|Any CPU.ActiveCfg = Debug|Any CPU
		{A8B7F509-2B4B-4A30-9458-3247E550A200}.Debug|Any CPU.Build.0 = Debug|Any CPU
		{A8B7F509-2B4B-4A30-9458-3247E550A200}.Release|Any CPU.ActiveCfg = Release|Any CPU
		{A8B7F509-2B4B-4A30-9458-3247E550A200}.Release|Any CPU.Build.0 = Release|Any CPU
	EndGlobalSection
	GlobalSection(SolutionProperties) = preSolution
		HideSolutionNode = FALSE
	EndGlobalSection
EndGlobal
