Microsoft Visual Studio Solution File, Format Version 11.00
# Visual Studio 2010
Project("{FAE04EC0-301F-11D3-BF4B-00C04F79EFBC}") = "MultipleViews_2010", "MultipleViews_2010.csproj", "{A08EDDEC-D361-4821-A291-18A7E2883950}"
EndProject
Global
	GlobalSection(SolutionConfiguration) = preSolution
		ConfigName.0 = Debug
		ConfigName.1 = Release
	EndGlobalSection
	GlobalSection(ProjectDependencies) = postSolution
	EndGlobalSection
	GlobalSection(ProjectConfiguration) = postSolution
		{A08EDDEC-D361-4821-A291-18A7E2883950}.Debug.ActiveCfg = Debug|.NET
		{A08EDDEC-D361-4821-A291-18A7E2883950}.Debug.Build.0 = Debug|.NET
		{A08EDDEC-D361-4821-A291-18A7E2883950}.Release.ActiveCfg = Release|.NET
		{A08EDDEC-D361-4821-A291-18A7E2883950}.Release.Build.0 = Release|.NET
	EndGlobalSection
	GlobalSection(ExtensibilityGlobals) = postSolution
	EndGlobalSection
	GlobalSection(ExtensibilityAddIns) = postSolution
	EndGlobalSection
EndGlobal
