
Microsoft Visual Studio Solution File, Format Version 11.00
# Visual Studio 2010
Project("{FAE04EC0-301F-11D3-BF4B-00C04F79EFBC}") = "HTMLUISlideShow_2010", "HTMLUISlideShow_2010.csproj", "{2596CC84-A9E8-40F1-8DC3-E1211D0059F0}"
EndProject
Global
	GlobalSection(SolutionConfigurationPlatforms) = preSolution
		Debug|Any CPU = Debug|Any CPU
		Release|Any CPU = Release|Any CPU
	EndGlobalSection
	GlobalSection(ProjectConfigurationPlatforms) = postSolution
		{2596CC84-A9E8-40F1-8DC3-E1211D0059F0}.Debug|Any CPU.ActiveCfg = Debug|Any CPU
		{2596CC84-A9E8-40F1-8DC3-E1211D0059F0}.Debug|Any CPU.Build.0 = Debug|Any CPU
		{2596CC84-A9E8-40F1-8DC3-E1211D0059F0}.Release|Any CPU.ActiveCfg = Release|Any CPU
		{2596CC84-A9E8-40F1-8DC3-E1211D0059F0}.Release|Any CPU.Build.0 = Release|Any CPU
	EndGlobalSection
	GlobalSection(SolutionProperties) = preSolution
		HideSolutionNode = FALSE
	EndGlobalSection
EndGlobal
