Microsoft Visual Studio Solution File, Format Version 11.00
# Visual Studio 2010
Project("{FAE04EC0-301F-11D3-BF4B-00C04F79EFBC}") = "Employee_2010", "Employee_2010.csproj", "{CD3A0EA9-7850-4530-B852-1D34CA83AA12}"
EndProject
Global
	GlobalSection(SolutionConfiguration) = preSolution
		ConfigName.0 = Debug
		ConfigName.1 = Release
	EndGlobalSection
	GlobalSection(ProjectDependencies) = postSolution
	EndGlobalSection
	GlobalSection(ProjectConfiguration) = postSolution
		{CD3A0EA9-7850-4530-B852-1D34CA83AA12}.Debug.ActiveCfg = Debug|.NET
		{CD3A0EA9-7850-4530-B852-1D34CA83AA12}.Debug.Build.0 = Debug|.NET
		{CD3A0EA9-7850-4530-B852-1D34CA83AA12}.Release.ActiveCfg = Release|.NET
		{CD3A0EA9-7850-4530-B852-1D34CA83AA12}.Release.Build.0 = Release|.NET
	EndGlobalSection
	GlobalSection(ExtensibilityGlobals) = postSolution
	EndGlobalSection
	GlobalSection(ExtensibilityAddIns) = postSolution
	EndGlobalSection
EndGlobal
