
Microsoft Visual Studio Solution File, Format Version 11.00
# Visual Studio 2010
Project("{FAE04EC0-301F-11D3-BF4B-00C04F79EFBC}") = "CustomOffice2007Colors_2010", "CustomOffice2007Colors_2010.csproj", "{EBA0A454-1304-4DC8-A91D-E9349C51ECAE}"
EndProject
Global
	GlobalSection(SolutionConfigurationPlatforms) = preSolution
		Debug|Any CPU = Debug|Any CPU
		Release|Any CPU = Release|Any CPU
	EndGlobalSection
	GlobalSection(ProjectConfigurationPlatforms) = postSolution
		{EBA0A454-1304-4DC8-A91D-E9349C51ECAE}.Debug|Any CPU.ActiveCfg = Debug|Any CPU
		{EBA0A454-1304-4DC8-A91D-E9349C51ECAE}.Debug|Any CPU.Build.0 = Debug|Any CPU
		{EBA0A454-1304-4DC8-A91D-E9349C51ECAE}.Release|Any CPU.ActiveCfg = Release|Any CPU
		{EBA0A454-1304-4DC8-A91D-E9349C51ECAE}.Release|Any CPU.Build.0 = Release|Any CPU
	EndGlobalSection
	GlobalSection(SolutionProperties) = preSolution
		HideSolutionNode = FALSE
	EndGlobalSection
EndGlobal
