Microsoft Visual Studio Solution File, Format Version 12.00
# Visual Studio Version 17
VisualStudioVersion = 17.12.35309.182
MinimumVisualStudioVersion = 10.0.40219.1
Project("{9A19103F-16F7-4668-BE54-9A1E7A4F7556}") = "OrgChartLayout_NET90", "OrgChartLayout_NET90.csproj", "{33704BE5-C7F2-4246-8BE9-28010EC49D00}"
EndProject
Global
	GlobalSection(SolutionConfigurationPlatforms) = preSolution
		Debug|Any CPU = Debug|Any CPU
		Debug|x86 = Debug|x86
		Release|Any CPU = Release|Any CPU
		Release|x86 = Release|x86
		Release-XML|Any CPU = Release-XML|Any CPU
		Release-XML|x86 = Release-XML|x86
	EndGlobalSection
	GlobalSection(ProjectConfigurationPlatforms) = postSolution
		{33704BE5-C7F2-4246-8BE9-28010EC49D00}.Debug|Any CPU.ActiveCfg = Debug|Any CPU
		{33704BE5-C7F2-4246-8BE9-28010EC49D00}.Debug|Any CPU.Build.0 = Debug|Any CPU
		{33704BE5-C7F2-4246-8BE9-28010EC49D00}.Debug|x86.ActiveCfg = Debug|Any CPU
		{33704BE5-C7F2-4246-8BE9-28010EC49D00}.Debug|x86.Build.0 = Debug|Any CPU
		{33704BE5-C7F2-4246-8BE9-28010EC49D00}.Release|Any CPU.ActiveCfg = Release|Any CPU
		{33704BE5-C7F2-4246-8BE9-28010EC49D00}.Release|Any CPU.Build.0 = Release|Any CPU
		{33704BE5-C7F2-4246-8BE9-28010EC49D00}.Release|x86.ActiveCfg = Release|Any CPU
		{33704BE5-C7F2-4246-8BE9-28010EC49D00}.Release|x86.Build.0 = Release|Any CPU
		{33704BE5-C7F2-4246-8BE9-28010EC49D00}.Release-XML|Any CPU.ActiveCfg = Release|Any CPU
		{33704BE5-C7F2-4246-8BE9-28010EC49D00}.Release-XML|Any CPU.Build.0 = Release|Any CPU
		{33704BE5-C7F2-4246-8BE9-28010EC49D00}.Release-XML|x86.ActiveCfg = Release|Any CPU
		{33704BE5-C7F2-4246-8BE9-28010EC49D00}.Release-XML|x86.Build.0 = Release|Any CPU
	EndGlobalSection
	GlobalSection(SolutionProperties) = preSolution
		HideSolutionNode = FALSE
	EndGlobalSection
	GlobalSection(ExtensibilityGlobals) = postSolution
		SolutionGuid = {2B58905C-7126-45E7-A2B6-281CD5DF4E1E}
	EndGlobalSection
EndGlobal
