Microsoft Visual Studio Solution File, Format Version 12.00
# Visual Studio Version 17
VisualStudioVersion = 17.1.31903.286
MinimumVisualStudioVersion = 10.0.40219.1
Project("{FAE04EC0-301F-11D3-BF4B-00C04F79EFBC}") = "WeatherAnalysisDemo_NET60", "WeatherAnalysisDemo_NET60.csproj", "{055B74FD-3F0F-407B-BFE8-83492CA72529}"
EndProject
Global
	GlobalSection(SolutionConfigurationPlatforms) = preSolution
		Debug|x86 = Debug|x86
		Release|x86 = Release|x86
	EndGlobalSection
	GlobalSection(ProjectConfigurationPlatforms) = postSolution
		{055B74FD-3F0F-407B-BFE8-83492CA72529}.Debug|x86.ActiveCfg = Debug|Any CPU
		{055B74FD-3F0F-407B-BFE8-83492CA72529}.Debug|x86.Build.0 = Debug|Any CPU
		{055B74FD-3F0F-407B-BFE8-83492CA72529}.Release|x86.ActiveCfg = Release|Any CPU
		{055B74FD-3F0F-407B-BFE8-83492CA72529}.Release|x86.Build.0 = Release|Any CPU
	EndGlobalSection
	GlobalSection(SolutionProperties) = preSolution
		HideSolutionNode = FALSE
	EndGlobalSection
	GlobalSection(ExtensibilityGlobals) = postSolution
		SolutionGuid = {EE01B0D2-1DD8-484D-96FB-8FF892BC4EAC}
	EndGlobalSection
EndGlobal
