Microsoft Visual Studio Solution File, Format Version 11.00
# Visual Studio 2010
Project("{FAE04EC0-301F-11D3-BF4B-00C04F79EFBC}") = "CustomSummary_2010", "CustomSummary_2010.csproj", "{94F5E04A-8DD2-4348-A4DD-970DA0E15465}"
EndProject
Global
	GlobalSection(SolutionConfiguration) = preSolution
		ConfigName.0 = Debug
		ConfigName.1 = Release
	EndGlobalSection
	GlobalSection(ProjectDependencies) = postSolution
	EndGlobalSection
	GlobalSection(ProjectConfiguration) = postSolution
		{94F5E04A-8DD2-4348-A4DD-970DA0E15465}.Debug.ActiveCfg = Debug|.NET
		{94F5E04A-8DD2-4348-A4DD-970DA0E15465}.Debug.Build.0 = Debug|.NET
		{94F5E04A-8DD2-4348-A4DD-970DA0E15465}.Release.ActiveCfg = Release|.NET
		{94F5E04A-8DD2-4348-A4DD-970DA0E15465}.Release.Build.0 = Release|.NET
	EndGlobalSection
	GlobalSection(ExtensibilityGlobals) = postSolution
	EndGlobalSection
	GlobalSection(ExtensibilityAddIns) = postSolution
	EndGlobalSection
	GlobalSection(DevPartner) = postSolution
	EndGlobalSection
EndGlobal
