Microsoft Visual Studio Solution File, Format Version 12.00
# Visual Studio Version 17
VisualStudioVersion = 17.12.35309.182
MinimumVisualStudioVersion = 10.0.40219.1
Project("{FAE04EC0-301F-11D3-BF4B-00C04F79EFBC}") = "HTMLUIElementCoordinates_NET90", "HTMLUIElementCoordinates_NET90.csproj", "{AEC2CE14-2469-4DEB-9A0C-116D36B1284A}"
EndProject
Global
	GlobalSection(SolutionConfigurationPlatforms) = preSolution
		Debug|Any CPU = Debug|Any CPU
		Release|Any CPU = Release|Any CPU
	EndGlobalSection
	GlobalSection(ProjectConfigurationPlatforms) = postSolution
		{AEC2CE14-2469-4DEB-9A0C-116D36B1284A}.Debug|Any CPU.ActiveCfg = Debug|Any CPU
		{AEC2CE14-2469-4DEB-9A0C-116D36B1284A}.Debug|Any CPU.Build.0 = Debug|Any CPU
		{AEC2CE14-2469-4DEB-9A0C-116D36B1284A}.Release|Any CPU.ActiveCfg = Release|Any CPU
		{AEC2CE14-2469-4DEB-9A0C-116D36B1284A}.Release|Any CPU.Build.0 = Release|Any CPU
	EndGlobalSection
	GlobalSection(SolutionProperties) = preSolution
		HideSolutionNode = FALSE
	EndGlobalSection
EndGlobal
