
Microsoft Visual Studio Solution File, Format Version 11.00
# Visual Studio 2010
Project("{FAE04EC0-301F-11D3-BF4B-00C04F79EFBC}") = "ModelEvents_2010", "ModelEvents_2010.csproj", "{E94F975B-FFA6-42DE-A53E-47E187A2B4C2}"
EndProject
Global
	GlobalSection(SolutionConfigurationPlatforms) = preSolution
		Debug|x86 = Debug|x86
		Release|x86 = Release|x86
	EndGlobalSection
	GlobalSection(ProjectConfigurationPlatforms) = postSolution
		{E94F975B-FFA6-42DE-A53E-47E187A2B4C2}.Debug|x86.ActiveCfg = Debug|x86
		{E94F975B-FFA6-42DE-A53E-47E187A2B4C2}.Debug|x86.Build.0 = Debug|x86
		{E94F975B-FFA6-42DE-A53E-47E187A2B4C2}.Release|x86.ActiveCfg = Release|x86
		{E94F975B-FFA6-42DE-A53E-47E187A2B4C2}.Release|x86.Build.0 = Release|x86
	EndGlobalSection
	GlobalSection(SolutionProperties) = preSolution
		HideSolutionNode = FALSE
	EndGlobalSection
EndGlobal
