
Microsoft Visual Studio Solution File, Format Version 11.00
# Visual Studio 2010
Project("{FAE04EC0-301F-11D3-BF4B-00C04F79EFBC}") = "HTMLUIExplorer_2010", "HTMLUIExplorer_2010.csproj", "{09ADEEFD-54E5-465A-ADF6-2D2572C85397}"
EndProject
Global
	GlobalSection(SolutionConfigurationPlatforms) = preSolution
		Debug|Any CPU = Debug|Any CPU
		Release|Any CPU = Release|Any CPU
	EndGlobalSection
	GlobalSection(ProjectConfigurationPlatforms) = postSolution
		{09ADEEFD-54E5-465A-ADF6-2D2572C85397}.Debug|Any CPU.ActiveCfg = Debug|Any CPU
		{09ADEEFD-54E5-465A-ADF6-2D2572C85397}.Debug|Any CPU.Build.0 = Debug|Any CPU
		{09ADEEFD-54E5-465A-ADF6-2D2572C85397}.Release|Any CPU.ActiveCfg = Release|Any CPU
		{09ADEEFD-54E5-465A-ADF6-2D2572C85397}.Release|Any CPU.Build.0 = Release|Any CPU
	EndGlobalSection
	GlobalSection(SolutionProperties) = preSolution
		HideSolutionNode = FALSE
	EndGlobalSection
EndGlobal
