Microsoft Visual Studio Solution File, Format Version 12.00
# Visual Studio Version 17
VisualStudioVersion = 17.12.35309.182
MinimumVisualStudioVersion = 10.0.40219.1
Project("{9A19103F-16F7-4668-BE54-9A1E7A4F7556}") = "GettingStarted_NET90", "GettingStarted_NET90.csproj", "{4E0EEB19-419C-4F06-84FF-926E8311134F}"
EndProject
Global
	GlobalSection(SolutionConfigurationPlatforms) = preSolution
		Debug|Any CPU = Debug|Any CPU
		Debug-Xml|Any CPU = Debug-Xml|Any CPU
		Release|Any CPU = Release|Any CPU
		Release-Xml|Any CPU = Release-Xml|Any CPU
	EndGlobalSection
	GlobalSection(ProjectConfigurationPlatforms) = postSolution
		{4E0EEB19-419C-4F06-84FF-926E8311134F}.Debug|Any CPU.ActiveCfg = Debug|Any CPU
		{4E0EEB19-419C-4F06-84FF-926E8311134F}.Debug|Any CPU.Build.0 = Debug|Any CPU
		{4E0EEB19-419C-4F06-84FF-926E8311134F}.Debug-Xml|Any CPU.ActiveCfg = Debug|Any CPU
		{4E0EEB19-419C-4F06-84FF-926E8311134F}.Debug-Xml|Any CPU.Build.0 = Debug|Any CPU
		{4E0EEB19-419C-4F06-84FF-926E8311134F}.Release|Any CPU.ActiveCfg = Release|Any CPU
		{4E0EEB19-419C-4F06-84FF-926E8311134F}.Release|Any CPU.Build.0 = Release|Any CPU
		{4E0EEB19-419C-4F06-84FF-926E8311134F}.Release-Xml|Any CPU.ActiveCfg = Release|Any CPU
		{4E0EEB19-419C-4F06-84FF-926E8311134F}.Release-Xml|Any CPU.Build.0 = Release|Any CPU
	EndGlobalSection
	GlobalSection(SolutionProperties) = preSolution
		HideSolutionNode = FALSE
	EndGlobalSection
	GlobalSection(ExtensibilityGlobals) = postSolution
		SolutionGuid = {B52DDC9A-36D8-45AB-BACB-8DB2CAA69C19}
	EndGlobalSection
EndGlobal
