
Microsoft Visual Studio Solution File, Format Version 12.00
# Visual Studio 15
Project("{FAE04EC0-301F-11D3-BF4B-00C04F79EFBC}") = "ConditionalCellStyle_2017", "ConditionalCellStyle_2017.csproj", "{91B56FBA-141A-499E-818A-CB49783A8BB9}"
EndProject
Global
	GlobalSection(SolutionConfigurationPlatforms) = preSolution
		Debug|Any CPU = Debug|Any CPU
		Release|Any CPU = Release|Any CPU
	EndGlobalSection
	GlobalSection(ProjectConfigurationPlatforms) = postSolution
		{91B56FBA-141A-499E-818A-CB49783A8BB9}.Debug|Any CPU.ActiveCfg = Debug|Any CPU
		{91B56FBA-141A-499E-818A-CB49783A8BB9}.Debug|Any CPU.Build.0 = Debug|Any CPU
		{91B56FBA-141A-499E-818A-CB49783A8BB9}.Release|Any CPU.ActiveCfg = Release|Any CPU
		{91B56FBA-141A-499E-818A-CB49783A8BB9}.Release|Any CPU.Build.0 = Release|Any CPU
	EndGlobalSection
	GlobalSection(SolutionProperties) = preSolution
		HideSolutionNode = FALSE
	EndGlobalSection
EndGlobal
