Microsoft Visual Studio Solution File, Format Version 12.00
# Visual Studio Version 17
VisualStudioVersion = 17.12.35309.182
MinimumVisualStudioVersion = 10.0.40219.1
Project("{9A19103F-16F7-4668-BE54-9A1E7A4F7556}") = "Printing_NET90", "Printing_NET90.csproj", "{4748A093-6C82-4B8B-8CAE-39F2AE485F52}"
EndProject
Global
	GlobalSection(SolutionConfigurationPlatforms) = preSolution
		Debug|Any CPU = Debug|Any CPU
		Release|Any CPU = Release|Any CPU
		Release-XML|Any CPU = Release-XML|Any CPU
	EndGlobalSection
	GlobalSection(ProjectConfigurationPlatforms) = postSolution
		{4748A093-6C82-4B8B-8CAE-39F2AE485F52}.Debug|Any CPU.ActiveCfg = Debug|Any CPU
		{4748A093-6C82-4B8B-8CAE-39F2AE485F52}.Debug|Any CPU.Build.0 = Debug|Any CPU
		{4748A093-6C82-4B8B-8CAE-39F2AE485F52}.Release|Any CPU.ActiveCfg = Release|Any CPU
		{4748A093-6C82-4B8B-8CAE-39F2AE485F52}.Release|Any CPU.Build.0 = Release|Any CPU
		{4748A093-6C82-4B8B-8CAE-39F2AE485F52}.Release-XML|Any CPU.ActiveCfg = Release|Any CPU
		{4748A093-6C82-4B8B-8CAE-39F2AE485F52}.Release-XML|Any CPU.Build.0 = Release|Any CPU
	EndGlobalSection
	GlobalSection(SolutionProperties) = preSolution
		HideSolutionNode = FALSE
	EndGlobalSection
	GlobalSection(ExtensibilityGlobals) = postSolution
		SolutionGuid = {476A585B-C020-472A-907D-D0B8B152D2C1}
	EndGlobalSection
EndGlobal
