
Microsoft Visual Studio Solution File, Format Version 11.00
# Visual Studio 2010
Project("{FAE04EC0-301F-11D3-BF4B-00C04F79EFBC}") = "ErrorProvider_2010", "ErrorProvider_2010.csproj", "{EFE96DEE-3642-4822-BD15-DAE3E0977124}"
EndProject
Global
	GlobalSection(SolutionConfigurationPlatforms) = preSolution
		Debug|Any CPU = Debug|Any CPU
		Release|Any CPU = Release|Any CPU
	EndGlobalSection
	GlobalSection(ProjectConfigurationPlatforms) = postSolution
		{EFE96DEE-3642-4822-BD15-DAE3E0977124}.Debug|Any CPU.ActiveCfg = Debug|Any CPU
		{EFE96DEE-3642-4822-BD15-DAE3E0977124}.Debug|Any CPU.Build.0 = Debug|Any CPU
		{EFE96DEE-3642-4822-BD15-DAE3E0977124}.Release|Any CPU.ActiveCfg = Release|Any CPU
		{EFE96DEE-3642-4822-BD15-DAE3E0977124}.Release|Any CPU.Build.0 = Release|Any CPU
	EndGlobalSection
	GlobalSection(SolutionProperties) = preSolution
		HideSolutionNode = FALSE
	EndGlobalSection
EndGlobal
