
Microsoft Visual Studio Solution File, Format Version 11.00
# Visual Studio 2010
Project("{FAE04EC0-301F-11D3-BF4B-00C04F79EFBC}") = "CodeSnippets_2010", "CodeSnippets_2010.csproj", "{18D60C7F-8D89-4C68-9DB8-4F4A3CC5FE24}"
EndProject
Project("{FAE04EC0-301F-11D3-BF4B-00C04F79EFBC}") = "CodeExtractor_2010", "CodeSnippetsExtractor\CodeExtractor_2010.csproj", "{5E073C58-A6B9-489A-BC8A-5E8E7528701A}"
EndProject
Global
	GlobalSection(SolutionConfigurationPlatforms) = preSolution
		Debug|Any CPU = Debug|Any CPU
		Release|Any CPU = Release|Any CPU
	EndGlobalSection
	GlobalSection(ProjectConfigurationPlatforms) = postSolution
		{18D60C7F-8D89-4C68-9DB8-4F4A3CC5FE24}.Debug|Any CPU.ActiveCfg = Debug|Any CPU
		{18D60C7F-8D89-4C68-9DB8-4F4A3CC5FE24}.Debug|Any CPU.Build.0 = Debug|Any CPU
		{18D60C7F-8D89-4C68-9DB8-4F4A3CC5FE24}.Release|Any CPU.ActiveCfg = Release|Any CPU
		{18D60C7F-8D89-4C68-9DB8-4F4A3CC5FE24}.Release|Any CPU.Build.0 = Release|Any CPU
		{5E073C58-A6B9-489A-BC8A-5E8E7528701A}.Debug|Any CPU.ActiveCfg = Debug|Any CPU
		{5E073C58-A6B9-489A-BC8A-5E8E7528701A}.Debug|Any CPU.Build.0 = Debug|Any CPU
		{5E073C58-A6B9-489A-BC8A-5E8E7528701A}.Release|Any CPU.ActiveCfg = Release|Any CPU
		{5E073C58-A6B9-489A-BC8A-5E8E7528701A}.Release|Any CPU.Build.0 = Release|Any CPU
	EndGlobalSection
	GlobalSection(SolutionProperties) = preSolution
		HideSolutionNode = FALSE
	EndGlobalSection
EndGlobal
