
Microsoft Visual Studio Solution File, Format Version 11.00
# Visual Studio 2010
Project("{FAE04EC0-301F-11D3-BF4B-00C04F79EFBC}") = "ChartSymbols_2010", "ChartSymbols_2010.csproj", "{0397C7C0-4FA0-4288-A161-79F61A869DFE}"
EndProject
Global
	GlobalSection(SolutionConfigurationPlatforms) = preSolution
		Debug|Any CPU = Debug|Any CPU
		Release|Any CPU = Release|Any CPU
	EndGlobalSection
	GlobalSection(ProjectConfigurationPlatforms) = postSolution
		{0397C7C0-4FA0-4288-A161-79F61A869DFE}.Debug|Any CPU.ActiveCfg = Debug|Any CPU
		{0397C7C0-4FA0-4288-A161-79F61A869DFE}.Debug|Any CPU.Build.0 = Debug|Any CPU
		{0397C7C0-4FA0-4288-A161-79F61A869DFE}.Release|Any CPU.ActiveCfg = Release|Any CPU
		{0397C7C0-4FA0-4288-A161-79F61A869DFE}.Release|Any CPU.Build.0 = Release|Any CPU
	EndGlobalSection
	GlobalSection(SolutionProperties) = preSolution
		HideSolutionNode = FALSE
	EndGlobalSection
EndGlobal
