Microsoft Visual Studio Solution File, Format Version 12.00
# Visual Studio Version 17
VisualStudioVersion = 17.12.35309.182
MinimumVisualStudioVersion = 10.0.40219.1
Project("{FAE04EC0-301F-11D3-BF4B-00C04F79EFBC}") = "Buttons_NET90", "Buttons_NET90.csproj", "{CDA6EF37-5E45-4F3C-B547-41A3A03907DF}"
EndProject
Global
	GlobalSection(SolutionConfigurationPlatforms) = preSolution
		Debug|Any CPU = Debug|Any CPU
		Release|Any CPU = Release|Any CPU
	EndGlobalSection
	GlobalSection(ProjectConfigurationPlatforms) = postSolution
		{CDA6EF37-5E45-4F3C-B547-41A3A03907DF}.Debug|Any CPU.ActiveCfg = Debug|Any CPU
		{CDA6EF37-5E45-4F3C-B547-41A3A03907DF}.Debug|Any CPU.Build.0 = Debug|Any CPU
		{CDA6EF37-5E45-4F3C-B547-41A3A03907DF}.Release|Any CPU.ActiveCfg = Release|Any CPU
		{CDA6EF37-5E45-4F3C-B547-41A3A03907DF}.Release|Any CPU.Build.0 = Release|Any CPU
	EndGlobalSection
	GlobalSection(SolutionProperties) = preSolution
		HideSolutionNode = FALSE
	EndGlobalSection
EndGlobal
