Microsoft Visual Studio Solution File, Format Version 12.00
# Visual Studio Version 17
VisualStudioVersion = 17.12.35309.182
MinimumVisualStudioVersion = 10.0.40219.1
Project("{FAE04EC0-301F-11D3-BF4B-00C04F79EFBC}") = "SplitterPane_NET90", "SplitterPane_NET90.csproj", "{BE7D5E5E-6C73-42BD-A25E-BDFC16C23511}"
EndProject
Global
	GlobalSection(SolutionConfigurationPlatforms) = preSolution
		Debug|Any CPU = Debug|Any CPU
		Release|Any CPU = Release|Any CPU
	EndGlobalSection
	GlobalSection(ProjectConfigurationPlatforms) = postSolution
		{BE7D5E5E-6C73-42BD-A25E-BDFC16C23511}.Debug|Any CPU.ActiveCfg = Debug|Any CPU
		{BE7D5E5E-6C73-42BD-A25E-BDFC16C23511}.Debug|Any CPU.Build.0 = Debug|Any CPU
		{BE7D5E5E-6C73-42BD-A25E-BDFC16C23511}.Release|Any CPU.ActiveCfg = Release|Any CPU
		{BE7D5E5E-6C73-42BD-A25E-BDFC16C23511}.Release|Any CPU.Build.0 = Release|Any CPU
	EndGlobalSection
	GlobalSection(SolutionProperties) = preSolution
		HideSolutionNode = FALSE
	EndGlobalSection
EndGlobal
