Microsoft Visual Studio Solution File, Format Version 12.00
# Visual Studio Version 16
VisualStudioVersion = 16.0.29020.237
MinimumVisualStudioVersion = 10.0.40219.1
Project("{9A19103F-16F7-4668-BE54-9A1E7A4F7556}") = "BulletsAndLists_NET50", "BulletsAndLists_NET50.csproj", "{42059830-B975-4FEA-967B-3F2CC26FAC82}"
EndProject
Global
	GlobalSection(SolutionConfigurationPlatforms) = preSolution
		Debug|x86 = Debug|x86
		Release|x86 = Release|x86
	EndGlobalSection
	GlobalSection(ProjectConfigurationPlatforms) = postSolution
		{42059830-B975-4FEA-967B-3F2CC26FAC82}.Debug|x86.ActiveCfg = Debug|Any CPU
		{42059830-B975-4FEA-967B-3F2CC26FAC82}.Debug|x86.Build.0 = Debug|Any CPU
		{42059830-B975-4FEA-967B-3F2CC26FAC82}.Release|x86.ActiveCfg = Release|Any CPU
		{42059830-B975-4FEA-967B-3F2CC26FAC82}.Release|x86.Build.0 = Release|Any CPU
	EndGlobalSection
	GlobalSection(SolutionProperties) = preSolution
		HideSolutionNode = FALSE
	EndGlobalSection
	GlobalSection(ExtensibilityGlobals) = postSolution
		SolutionGuid = {808BDADC-ACFE-435D-840D-2BB4D98AFDE6}
	EndGlobalSection
EndGlobal
