Microsoft Visual Studio Solution File, Format Version 12.00
# Visual Studio Version 17
VisualStudioVersion = 17.1.31903.286
MinimumVisualStudioVersion = 10.0.40219.1
Project("{FAE04EC0-301F-11D3-BF4B-00C04F79EFBC}") = "GroupBarDemo_NET60", "GroupBarDemo_NET60.csproj", "{AEFA8A18-A08D-411E-A93D-23FFD8D57749}"
EndProject
Global
	GlobalSection(SolutionConfigurationPlatforms) = preSolution
		Debug|x86 = Debug|x86
		Release|x86 = Release|x86
	EndGlobalSection
	GlobalSection(ProjectConfigurationPlatforms) = postSolution
		{91CABF94-4270-4C2D-99AF-604E2FC61655}.Debug|Any CPU.ActiveCfg = Debug|Any CPU
		{91CABF94-4270-4C2D-99AF-604E2FC61655}.Debug|Any CPU.Build.0 = Debug|Any CPU
		{91CABF94-4270-4C2D-99AF-604E2FC61655}.Release|Any CPU.ActiveCfg = Release|Any CPU
		{91CABF94-4270-4C2D-99AF-604E2FC61655}.Release|Any CPU.Build.0 = Release|Any CPU
	EndGlobalSection
	GlobalSection(SolutionProperties) = preSolution
		HideSolutionNode = FALSE
	EndGlobalSection
EndGlobal
