Microsoft Visual Studio Solution File, Format Version 11.00
# Visual Studio 2010
Project("{FAE04EC0-301F-11D3-BF4B-00C04F79EFBC}") = "ComboBoxBaseGridDemo_2010", "ComboBoxBaseGridDemo_2010.csproj", "{424640A5-575A-4E0A-8925-91156FBB6BBD}"
EndProject
Global
	GlobalSection(SolutionConfigurationPlatforms) = preSolution
		Debug|Any CPU = Debug|Any CPU
		Release|Any CPU = Release|Any CPU
	EndGlobalSection
	GlobalSection(ProjectConfigurationPlatforms) = postSolution
		{424640A5-575A-4E0A-8925-91156FBB6BBD}.Debug|Any CPU.ActiveCfg = Debug|Any CPU
		{424640A5-575A-4E0A-8925-91156FBB6BBD}.Debug|Any CPU.Build.0 = Debug|Any CPU
		{424640A5-575A-4E0A-8925-91156FBB6BBD}.Release|Any CPU.ActiveCfg = Release|Any CPU
		{424640A5-575A-4E0A-8925-91156FBB6BBD}.Release|Any CPU.Build.0 = Release|Any CPU
	EndGlobalSection
	GlobalSection(SolutionProperties) = preSolution
		HideSolutionNode = FALSE
	EndGlobalSection
EndGlobal
