
Microsoft Visual Studio Solution File, Format Version 11.00
# Visual Studio 2010
Project("{FAE04EC0-301F-11D3-BF4B-00C04F79EFBC}") = "SplitContainerAdv_2010", "SplitContainerAdv_2010.csproj", "{6A1A8E03-2411-4CAB-9A31-40198AAF25BB}"
EndProject
Global
	GlobalSection(SolutionConfigurationPlatforms) = preSolution
		Debug|Any CPU = Debug|Any CPU
		Release|Any CPU = Release|Any CPU
	EndGlobalSection
	GlobalSection(ProjectConfigurationPlatforms) = postSolution
		{6A1A8E03-2411-4CAB-9A31-40198AAF25BB}.Debug|Any CPU.ActiveCfg = Debug|Any CPU
		{6A1A8E03-2411-4CAB-9A31-40198AAF25BB}.Debug|Any CPU.Build.0 = Debug|Any CPU
		{6A1A8E03-2411-4CAB-9A31-40198AAF25BB}.Release|Any CPU.ActiveCfg = Release|Any CPU
		{6A1A8E03-2411-4CAB-9A31-40198AAF25BB}.Release|Any CPU.Build.0 = Release|Any CPU
	EndGlobalSection
	GlobalSection(SolutionProperties) = preSolution
		HideSolutionNode = FALSE
	EndGlobalSection
EndGlobal
