
Microsoft Visual Studio Solution File, Format Version 11.00
# Visual Studio 2010
Project("{FAE04EC0-301F-11D3-BF4B-00C04F79EFBC}") = "ChartSeriesModel_2010", "ChartSeriesModel_2010.csproj", "{27D2EF63-9092-4D3D-B028-AFA8861E5B26}"
EndProject
Global
	GlobalSection(SolutionConfigurationPlatforms) = preSolution
		Debug|Any CPU = Debug|Any CPU
		Release|Any CPU = Release|Any CPU
	EndGlobalSection
	GlobalSection(ProjectConfigurationPlatforms) = postSolution
		{27D2EF63-9092-4D3D-B028-AFA8861E5B26}.Debug|Any CPU.ActiveCfg = Debug|Any CPU
		{27D2EF63-9092-4D3D-B028-AFA8861E5B26}.Debug|Any CPU.Build.0 = Debug|Any CPU
		{27D2EF63-9092-4D3D-B028-AFA8861E5B26}.Release|Any CPU.ActiveCfg = Release|Any CPU
		{27D2EF63-9092-4D3D-B028-AFA8861E5B26}.Release|Any CPU.Build.0 = Release|Any CPU
	EndGlobalSection
	GlobalSection(SolutionProperties) = preSolution
		HideSolutionNode = FALSE
	EndGlobalSection
EndGlobal
