
Microsoft Visual Studio Solution File, Format Version 11.00
# Visual Studio 2010
Project("{FAE04EC0-301F-11D3-BF4B-00C04F79EFBC}") = "Pivotal Chart Demo_2010", "Pivotal Chart Demo_2010.csproj", "{79B6BCF8-5BA4-49D2-9E87-4F10B6481D95}"
EndProject
Global
	GlobalSection(SolutionConfigurationPlatforms) = preSolution
		Debug|Any CPU = Debug|Any CPU
		Debug-xml|Any CPU = Debug-xml|Any CPU
		Release|Any CPU = Release|Any CPU
		Release-xml|Any CPU = Release-xml|Any CPU
	EndGlobalSection
	GlobalSection(ProjectConfigurationPlatforms) = postSolution
		{79B6BCF8-5BA4-49D2-9E87-4F10B6481D95}.Debug|Any CPU.ActiveCfg = Debug|Any CPU
		{79B6BCF8-5BA4-49D2-9E87-4F10B6481D95}.Debug|Any CPU.Build.0 = Debug|Any CPU
		{79B6BCF8-5BA4-49D2-9E87-4F10B6481D95}.Debug-xml|Any CPU.ActiveCfg = Debug|Any CPU
		{79B6BCF8-5BA4-49D2-9E87-4F10B6481D95}.Debug-xml|Any CPU.Build.0 = Debug|Any CPU
		{79B6BCF8-5BA4-49D2-9E87-4F10B6481D95}.Release|Any CPU.ActiveCfg = Release|Any CPU
		{79B6BCF8-5BA4-49D2-9E87-4F10B6481D95}.Release|Any CPU.Build.0 = Release|Any CPU
		{79B6BCF8-5BA4-49D2-9E87-4F10B6481D95}.Release-xml|Any CPU.ActiveCfg = Release|Any CPU
		{79B6BCF8-5BA4-49D2-9E87-4F10B6481D95}.Release-xml|Any CPU.Build.0 = Release|Any CPU
	EndGlobalSection
	GlobalSection(SolutionProperties) = preSolution
		HideSolutionNode = FALSE
	EndGlobalSection
EndGlobal
