
Microsoft Visual Studio Solution File, Format Version 11.00
# Visual Studio 2010
Project("{FAE04EC0-301F-11D3-BF4B-00C04F79EFBC}") = "FlatGrid_2010", "FlatGrid_2010.csproj", "{D05B78D1-907F-4EF5-8EBF-265424E54846}"
EndProject
Global
	GlobalSection(SolutionConfigurationPlatforms) = preSolution
		Debug|Any CPU = Debug|Any CPU
		Release|Any CPU = Release|Any CPU
	EndGlobalSection
	GlobalSection(ProjectConfigurationPlatforms) = postSolution
		{D05B78D1-907F-4EF5-8EBF-265424E54846}.Debug|Any CPU.ActiveCfg = Debug|Any CPU
		{D05B78D1-907F-4EF5-8EBF-265424E54846}.Debug|Any CPU.Build.0 = Debug|Any CPU
		{D05B78D1-907F-4EF5-8EBF-265424E54846}.Release|Any CPU.ActiveCfg = Release|Any CPU
		{D05B78D1-907F-4EF5-8EBF-265424E54846}.Release|Any CPU.Build.0 = Release|Any CPU
	EndGlobalSection
	GlobalSection(SolutionProperties) = preSolution
		HideSolutionNode = FALSE
	EndGlobalSection
EndGlobal
