
Microsoft Visual Studio Solution File, Format Version 12.00
# Visual Studio 2012
Project("{FAE04EC0-301F-11D3-BF4B-00C04F79EFBC}") = "Styles_2012", "Styles_2012.csproj", "{40C81365-2EDA-4022-B651-981AC1322AFC}"
EndProject
Global
	GlobalSection(SolutionConfigurationPlatforms) = preSolution
		Debug|Any CPU = Debug|Any CPU
		Release|Any CPU = Release|Any CPU
	EndGlobalSection
	GlobalSection(ProjectConfigurationPlatforms) = postSolution
		{40C81365-2EDA-4022-B651-981AC1322AFC}.Debug|Any CPU.ActiveCfg = Debug|Any CPU
		{40C81365-2EDA-4022-B651-981AC1322AFC}.Debug|Any CPU.Build.0 = Debug|Any CPU
		{40C81365-2EDA-4022-B651-981AC1322AFC}.Release|Any CPU.ActiveCfg = Release|Any CPU
		{40C81365-2EDA-4022-B651-981AC1322AFC}.Release|Any CPU.Build.0 = Release|Any CPU
	EndGlobalSection
	GlobalSection(SolutionProperties) = preSolution
		HideSolutionNode = FALSE
	EndGlobalSection
EndGlobal
