
Microsoft Visual Studio Solution File, Format Version 12.00
# Visual Studio 15
VisualStudioVersion = 15.0.28307.168
MinimumVisualStudioVersion = 10.0.40219.1
Project("{FAE04EC0-301F-11D3-BF4B-00C04F79EFBC}") = "TextFormatting_2012", "TextFormatting_2012.csproj", "{FE40FD64-EDC0-4315-8144-FE443A122B0D}"
EndProject
Global
	GlobalSection(SolutionConfigurationPlatforms) = preSolution
		Debug|Any CPU = Debug|Any CPU
		Release|Any CPU = Release|Any CPU
	EndGlobalSection
	GlobalSection(ProjectConfigurationPlatforms) = postSolution
		{FE40FD64-EDC0-4315-8144-FE443A122B0D}.Debug|Any CPU.ActiveCfg = Debug|Any CPU
		{FE40FD64-EDC0-4315-8144-FE443A122B0D}.Debug|Any CPU.Build.0 = Debug|Any CPU
		{FE40FD64-EDC0-4315-8144-FE443A122B0D}.Release|Any CPU.ActiveCfg = Release|Any CPU
		{FE40FD64-EDC0-4315-8144-FE443A122B0D}.Release|Any CPU.Build.0 = Release|Any CPU
	EndGlobalSection
	GlobalSection(SolutionProperties) = preSolution
		HideSolutionNode = FALSE
	EndGlobalSection
	GlobalSection(ExtensibilityGlobals) = postSolution
		SolutionGuid = {FC98C9FF-7123-455F-B2FF-3567F8194F4E}
	EndGlobalSection
EndGlobal
