
Microsoft Visual Studio Solution File, Format Version 11.00
# Visual Studio 2010
Project("{FAE04EC0-301F-11D3-BF4B-00C04F79EFBC}") = "GroupBar_2010", "GroupBar_2010.csproj", "{746FBC0D-9854-4EA5-A1CF-0635C0DE0537}"
EndProject
Global
	GlobalSection(SolutionConfigurationPlatforms) = preSolution
		Debug|Any CPU = Debug|Any CPU
		Release|Any CPU = Release|Any CPU
	EndGlobalSection
	GlobalSection(ProjectConfigurationPlatforms) = postSolution
		{746FBC0D-9854-4EA5-A1CF-0635C0DE0537}.Debug|Any CPU.ActiveCfg = Debug|Any CPU
		{746FBC0D-9854-4EA5-A1CF-0635C0DE0537}.Debug|Any CPU.Build.0 = Debug|Any CPU
		{746FBC0D-9854-4EA5-A1CF-0635C0DE0537}.Release|Any CPU.ActiveCfg = Release|Any CPU
		{746FBC0D-9854-4EA5-A1CF-0635C0DE0537}.Release|Any CPU.Build.0 = Release|Any CPU
	EndGlobalSection
	GlobalSection(SolutionProperties) = preSolution
		HideSolutionNode = FALSE
	EndGlobalSection
EndGlobal
