
Microsoft Visual Studio Solution File, Format Version 11.00
# Visual Studio 2010
Project("{FAE04EC0-301F-11D3-BF4B-00C04F79EFBC}") = "PolarAndRadarChart_2010", "PolarAndRadarChart_2010.csproj", "{754D2438-2AA5-422C-9125-B4D8A648C138}"
EndProject
Global
	GlobalSection(SolutionConfigurationPlatforms) = preSolution
		Debug|Any CPU = Debug|Any CPU
		Release|Any CPU = Release|Any CPU
	EndGlobalSection
	GlobalSection(ProjectConfigurationPlatforms) = postSolution
		{754D2438-2AA5-422C-9125-B4D8A648C138}.Debug|Any CPU.ActiveCfg = Debug|Any CPU
		{754D2438-2AA5-422C-9125-B4D8A648C138}.Debug|Any CPU.Build.0 = Debug|Any CPU
		{754D2438-2AA5-422C-9125-B4D8A648C138}.Release|Any CPU.ActiveCfg = Release|Any CPU
		{754D2438-2AA5-422C-9125-B4D8A648C138}.Release|Any CPU.Build.0 = Release|Any CPU
	EndGlobalSection
	GlobalSection(SolutionProperties) = preSolution
		HideSolutionNode = FALSE
	EndGlobalSection
EndGlobal
