
Microsoft Visual Studio Solution File, Format Version 12.00
# Visual Studio Version 17
VisualStudioVersion = 17.14.36616.10 d17.14
MinimumVisualStudioVersion = 10.0.40219.1
Project("{FAE04EC0-301F-11D3-BF4B-00C04F79EFBC}") = "ForceDirectedTreelayout_NET10", "ForceDirectedTreelayout_NET10.csproj", "{95A83C20-B98E-F991-7E9A-12A7F4242BDA}"
EndProject
Global
	GlobalSection(SolutionConfigurationPlatforms) = preSolution
		Debug|Any CPU = Debug|Any CPU
		Release|Any CPU = Release|Any CPU
	EndGlobalSection
	GlobalSection(ProjectConfigurationPlatforms) = postSolution
		{95A83C20-B98E-F991-7E9A-12A7F4242BDA}.Debug|Any CPU.ActiveCfg = Debug|Any CPU
		{95A83C20-B98E-F991-7E9A-12A7F4242BDA}.Debug|Any CPU.Build.0 = Debug|Any CPU
		{95A83C20-B98E-F991-7E9A-12A7F4242BDA}.Release|Any CPU.ActiveCfg = Release|Any CPU
		{95A83C20-B98E-F991-7E9A-12A7F4242BDA}.Release|Any CPU.Build.0 = Release|Any CPU
	EndGlobalSection
	GlobalSection(SolutionProperties) = preSolution
		HideSolutionNode = FALSE
	EndGlobalSection
	GlobalSection(ExtensibilityGlobals) = postSolution
		SolutionGuid = {9B17E370-5C2F-494D-A55B-EBF5C71FED0A}
	EndGlobalSection
EndGlobal
