
Microsoft Visual Studio Solution File, Format Version 12.00
# Visual Studio Version 17
VisualStudioVersion = 17.14.36616.10 d17.14
MinimumVisualStudioVersion = 10.0.40219.1
Project("{FAE04EC0-301F-11D3-BF4B-00C04F79EFBC}") = "ForceDirectedTreelayout_NET80", "ForceDirectedTreelayout_NET80.csproj", "{7FF52A36-8CA3-3B6F-E783-4B63C8A44FCE}"
EndProject
Global
	GlobalSection(SolutionConfigurationPlatforms) = preSolution
		Debug|Any CPU = Debug|Any CPU
		Release|Any CPU = Release|Any CPU
	EndGlobalSection
	GlobalSection(ProjectConfigurationPlatforms) = postSolution
		{7FF52A36-8CA3-3B6F-E783-4B63C8A44FCE}.Debug|Any CPU.ActiveCfg = Debug|Any CPU
		{7FF52A36-8CA3-3B6F-E783-4B63C8A44FCE}.Debug|Any CPU.Build.0 = Debug|Any CPU
		{7FF52A36-8CA3-3B6F-E783-4B63C8A44FCE}.Release|Any CPU.ActiveCfg = Release|Any CPU
		{7FF52A36-8CA3-3B6F-E783-4B63C8A44FCE}.Release|Any CPU.Build.0 = Release|Any CPU
	EndGlobalSection
	GlobalSection(SolutionProperties) = preSolution
		HideSolutionNode = FALSE
	EndGlobalSection
	GlobalSection(ExtensibilityGlobals) = postSolution
		SolutionGuid = {89D305E0-88DC-4BEB-B356-0FE1490A38E2}
	EndGlobalSection
EndGlobal
