Microsoft Visual Studio Solution File, Format Version 11.00
# Visual Studio 2010
Project("{FAE04EC0-301F-11D3-BF4B-00C04F79EFBC}") = "XlsFileUsingXlsIO_2010", "XlsFileUsingXlsIO_2010.csproj", "{116843FC-EB71-4A4C-A69F-6CBE784E0AEB}"
EndProject
Global
	GlobalSection(SolutionConfigurationPlatforms) = preSolution
		Debug|Any CPU = Debug|Any CPU
		Release|Any CPU = Release|Any CPU
	EndGlobalSection
	GlobalSection(ProjectConfigurationPlatforms) = postSolution
		{116843FC-EB71-4A4C-A69F-6CBE784E0AEB}.Debug|Any CPU.ActiveCfg = Debug|Any CPU
		{116843FC-EB71-4A4C-A69F-6CBE784E0AEB}.Debug|Any CPU.Build.0 = Debug|Any CPU
		{116843FC-EB71-4A4C-A69F-6CBE784E0AEB}.Release|Any CPU.ActiveCfg = Release|Any CPU
		{116843FC-EB71-4A4C-A69F-6CBE784E0AEB}.Release|Any CPU.Build.0 = Release|Any CPU
	EndGlobalSection
	GlobalSection(SolutionProperties) = preSolution
		HideSolutionNode = FALSE
	EndGlobalSection
EndGlobal
