Microsoft Visual Studio Solution File, Format Version 12.00
# Visual Studio Version 17
VisualStudioVersion = 17.12.35309.182
MinimumVisualStudioVersion = 10.0.40219.1
Project("{FAE04EC0-301F-11D3-BF4B-00C04F79EFBC}") = "SuperToolTip_NET90", "SuperToolTip_NET90.csproj", "{46624D77-687E-40D6-9101-3D775D89C25E}"
EndProject
Global
	GlobalSection(SolutionConfigurationPlatforms) = preSolution
		Debug|Any CPU = Debug|Any CPU
		Release|Any CPU = Release|Any CPU
	EndGlobalSection
	GlobalSection(ProjectConfigurationPlatforms) = postSolution
		{46624D77-687E-40D6-9101-3D775D89C25E}.Debug|Any CPU.ActiveCfg = Debug|Any CPU
		{46624D77-687E-40D6-9101-3D775D89C25E}.Debug|Any CPU.Build.0 = Debug|Any CPU
		{46624D77-687E-40D6-9101-3D775D89C25E}.Release|Any CPU.ActiveCfg = Release|Any CPU
		{46624D77-687E-40D6-9101-3D775D89C25E}.Release|Any CPU.Build.0 = Release|Any CPU
	EndGlobalSection
	GlobalSection(SolutionProperties) = preSolution
		HideSolutionNode = FALSE
	EndGlobalSection
EndGlobal
