Microsoft Visual Studio Solution File, Format Version 12.00
# Visual Studio Version 17
VisualStudioVersion = 17.12.35309.182
MinimumVisualStudioVersion = 10.0.40219.1
Project("{9A19103F-16F7-4668-BE54-9A1E7A4F7556}") = "CustomSelectionHandle_NET90", "CustomSelectionHandle_NET90.csproj", "{03ED0FB6-6330-4FA3-B1B4-CE4539FE3FF9}"
EndProject
Global
	GlobalSection(SolutionConfigurationPlatforms) = preSolution
		Debug|Any CPU = Debug|Any CPU
		Release|Any CPU = Release|Any CPU
		Release-XML|Any CPU = Release-XML|Any CPU
	EndGlobalSection
	GlobalSection(ProjectConfigurationPlatforms) = postSolution
		{03ED0FB6-6330-4FA3-B1B4-CE4539FE3FF9}.Debug|Any CPU.ActiveCfg = Debug|Any CPU
		{03ED0FB6-6330-4FA3-B1B4-CE4539FE3FF9}.Debug|Any CPU.Build.0 = Debug|Any CPU
		{03ED0FB6-6330-4FA3-B1B4-CE4539FE3FF9}.Release|Any CPU.ActiveCfg = Release|Any CPU
		{03ED0FB6-6330-4FA3-B1B4-CE4539FE3FF9}.Release|Any CPU.Build.0 = Release|Any CPU
		{03ED0FB6-6330-4FA3-B1B4-CE4539FE3FF9}.Release-XML|Any CPU.ActiveCfg = Release|Any CPU
		{03ED0FB6-6330-4FA3-B1B4-CE4539FE3FF9}.Release-XML|Any CPU.Build.0 = Release|Any CPU
	EndGlobalSection
	GlobalSection(SolutionProperties) = preSolution
		HideSolutionNode = FALSE
	EndGlobalSection
	GlobalSection(ExtensibilityGlobals) = postSolution
		SolutionGuid = {E838F8E6-6F58-47FB-B5AC-BDE4F99394EC}
	EndGlobalSection
EndGlobal
