
Microsoft Visual Studio Solution File, Format Version 11.00
# Visual Studio 2010
Project("{FAE04EC0-301F-11D3-BF4B-00C04F79EFBC}") = "TraderGrid_2010", "TraderGrid_2010.csproj", "{96B0FAAB-EBD9-46FB-A437-C60B3F0F42FA}"
EndProject
Global
	GlobalSection(SolutionConfigurationPlatforms) = preSolution
		Debug|Any CPU = Debug|Any CPU
		Release|Any CPU = Release|Any CPU
	EndGlobalSection
	GlobalSection(ProjectConfigurationPlatforms) = postSolution
		{96B0FAAB-EBD9-46FB-A437-C60B3F0F42FA}.Debug|Any CPU.ActiveCfg = Debug|Any CPU
		{96B0FAAB-EBD9-46FB-A437-C60B3F0F42FA}.Debug|Any CPU.Build.0 = Debug|Any CPU
		{96B0FAAB-EBD9-46FB-A437-C60B3F0F42FA}.Release|Any CPU.ActiveCfg = Release|Any CPU
		{96B0FAAB-EBD9-46FB-A437-C60B3F0F42FA}.Release|Any CPU.Build.0 = Release|Any CPU
	EndGlobalSection
	GlobalSection(SolutionProperties) = preSolution
		HideSolutionNode = FALSE
	EndGlobalSection
EndGlobal
