Microsoft Visual Studio Solution File, Format Version 13.00
# Visual Studio 14
Project("{FAE04EC0-301F-11D3-BF4B-00C04F79EFBC}") = "WorkingWithImages_2015", "WorkingWithImages_2015.csproj", "{E9C6909F-76B8-4E3F-952A-2FD92D123977}"
EndProject
Global
	GlobalSection(SolutionConfigurationPlatforms) = preSolution
		Debug|Any CPU = Debug|Any CPU
		Release|Any CPU = Release|Any CPU
	EndGlobalSection
	GlobalSection(ProjectConfigurationPlatforms) = postSolution
		{E9C6909F-76B8-4E3F-952A-2FD92D123977}.Debug|Any CPU.ActiveCfg = Debug|Any CPU
		{E9C6909F-76B8-4E3F-952A-2FD92D123977}.Debug|Any CPU.Build.0 = Debug|Any CPU
		{E9C6909F-76B8-4E3F-952A-2FD92D123977}.Release|Any CPU.ActiveCfg = Release|Any CPU
		{E9C6909F-76B8-4E3F-952A-2FD92D123977}.Release|Any CPU.Build.0 = Release|Any CPU
	EndGlobalSection
	GlobalSection(SolutionProperties) = preSolution
		HideSolutionNode = FALSE
	EndGlobalSection
EndGlobal
