Microsoft Visual Studio Solution File, Format Version 11.00
# Visual Studio 2010
Project("{FAE04EC0-301F-11D3-BF4B-00C04F79EFBC}") = "VirtualMergeCell_2010", "VirtualMergeCell_2010.csproj", "{FE821DCD-C5F8-4B12-8554-E435ED21DFE4}"
EndProject
Global
	GlobalSection(SolutionConfigurationPlatforms) = preSolution
		Debug|Any CPU = Debug|Any CPU
		Release|Any CPU = Release|Any CPU
	EndGlobalSection
	GlobalSection(ProjectConfigurationPlatforms) = postSolution
		{FE821DCD-C5F8-4B12-8554-E435ED21DFE4}.Debug|Any CPU.ActiveCfg = Debug|Any CPU
		{FE821DCD-C5F8-4B12-8554-E435ED21DFE4}.Debug|Any CPU.Build.0 = Debug|Any CPU
		{FE821DCD-C5F8-4B12-8554-E435ED21DFE4}.Release|Any CPU.ActiveCfg = Release|Any CPU
		{FE821DCD-C5F8-4B12-8554-E435ED21DFE4}.Release|Any CPU.Build.0 = Release|Any CPU
	EndGlobalSection
	GlobalSection(SolutionProperties) = preSolution
		HideSolutionNode = FALSE
	EndGlobalSection
EndGlobal
