
Microsoft Visual Studio Solution File, Format Version 11.00
# Visual Studio 2010
Project("{FAE04EC0-301F-11D3-BF4B-00C04F79EFBC}") = "AlternateRowStyle_2010", "AlternateRowStyle_2010.csproj", "{99A6F8BE-82B3-4BFD-A3E4-C6B389B2A97C}"
EndProject
Global
	GlobalSection(SolutionConfigurationPlatforms) = preSolution
		Debug|Any CPU = Debug|Any CPU
		Release|Any CPU = Release|Any CPU
	EndGlobalSection
	GlobalSection(ProjectConfigurationPlatforms) = postSolution
		{99A6F8BE-82B3-4BFD-A3E4-C6B389B2A97C}.Debug|Any CPU.ActiveCfg = Debug|Any CPU
		{99A6F8BE-82B3-4BFD-A3E4-C6B389B2A97C}.Debug|Any CPU.Build.0 = Debug|Any CPU
		{99A6F8BE-82B3-4BFD-A3E4-C6B389B2A97C}.Release|Any CPU.ActiveCfg = Release|Any CPU
		{99A6F8BE-82B3-4BFD-A3E4-C6B389B2A97C}.Release|Any CPU.Build.0 = Release|Any CPU
	EndGlobalSection
	GlobalSection(SolutionProperties) = preSolution
		HideSolutionNode = FALSE
	EndGlobalSection
EndGlobal
