
Microsoft Visual Studio Solution File, Format Version 12.00
# Visual Studio 15
Project("{FAE04EC0-301F-11D3-BF4B-00C04F79EFBC}") = "AlternateRowStyle_2017", "AlternateRowStyle_2017.csproj", "{C51B71AF-3A0C-4BF6-AABE-00CCE53C09D9}"
EndProject
Global
	GlobalSection(SolutionConfigurationPlatforms) = preSolution
		Debug|Any CPU = Debug|Any CPU
		Release|Any CPU = Release|Any CPU
	EndGlobalSection
	GlobalSection(ProjectConfigurationPlatforms) = postSolution
		{C51B71AF-3A0C-4BF6-AABE-00CCE53C09D9}.Debug|Any CPU.ActiveCfg = Debug|Any CPU
		{C51B71AF-3A0C-4BF6-AABE-00CCE53C09D9}.Debug|Any CPU.Build.0 = Debug|Any CPU
		{C51B71AF-3A0C-4BF6-AABE-00CCE53C09D9}.Release|Any CPU.ActiveCfg = Release|Any CPU
		{C51B71AF-3A0C-4BF6-AABE-00CCE53C09D9}.Release|Any CPU.Build.0 = Release|Any CPU
	EndGlobalSection
	GlobalSection(SolutionProperties) = preSolution
		HideSolutionNode = FALSE
	EndGlobalSection
EndGlobal
