
Microsoft Visual Studio Solution File, Format Version 11.00
# Visual Studio 2010
Project("{FAE04EC0-301F-11D3-BF4B-00C04F79EFBC}") = "OverlayDocuments_2010", "OverlayDocuments_2010.csproj", "{C90C150D-453C-496F-999E-ED1D1C95FF8D}"
EndProject
Global
	GlobalSection(SolutionConfigurationPlatforms) = preSolution
		Debug|Any CPU = Debug|Any CPU
		Release|Any CPU = Release|Any CPU
	EndGlobalSection
	GlobalSection(ProjectConfigurationPlatforms) = postSolution
		{C90C150D-453C-496F-999E-ED1D1C95FF8D}.Debug|Any CPU.ActiveCfg = Debug|Any CPU
		{C90C150D-453C-496F-999E-ED1D1C95FF8D}.Debug|Any CPU.Build.0 = Debug|Any CPU
		{C90C150D-453C-496F-999E-ED1D1C95FF8D}.Release|Any CPU.ActiveCfg = Release|Any CPU
		{C90C150D-453C-496F-999E-ED1D1C95FF8D}.Release|Any CPU.Build.0 = Release|Any CPU
	EndGlobalSection
	GlobalSection(SolutionProperties) = preSolution
		HideSolutionNode = FALSE
	EndGlobalSection
EndGlobal
