
Microsoft Visual Studio Solution File, Format Version 11.00
# Visual Studio 2010
Project("{FAE04EC0-301F-11D3-BF4B-00C04F79EFBC}") = "PivotGrid GroupBar Demo_2010", "PivotGrid GroupBar Demo_2010.csproj", "{0BEEFBBE-2DB1-4A4F-B6B7-11C3B9D46F82}"
EndProject
Global
	GlobalSection(SolutionConfigurationPlatforms) = preSolution
		Debug|Any CPU = Debug|Any CPU
		Release|Any CPU = Release|Any CPU
	EndGlobalSection
	GlobalSection(ProjectConfigurationPlatforms) = postSolution
		{0BEEFBBE-2DB1-4A4F-B6B7-11C3B9D46F82}.Debug|Any CPU.ActiveCfg = Debug|Any CPU
		{0BEEFBBE-2DB1-4A4F-B6B7-11C3B9D46F82}.Debug|Any CPU.Build.0 = Debug|Any CPU
		{0BEEFBBE-2DB1-4A4F-B6B7-11C3B9D46F82}.Release|Any CPU.ActiveCfg = Release|Any CPU
		{0BEEFBBE-2DB1-4A4F-B6B7-11C3B9D46F82}.Release|Any CPU.Build.0 = Release|Any CPU
	EndGlobalSection
	GlobalSection(SolutionProperties) = preSolution
		HideSolutionNode = FALSE
	EndGlobalSection
EndGlobal
