Microsoft Visual Studio Solution File, Format Version 12.00
# Visual Studio Version 17
VisualStudioVersion = 17.1.31903.286
MinimumVisualStudioVersion = 10.0.40219.1
Project("{FAE04EC0-301F-11D3-BF4B-00C04F79EFBC}") = "GroupingTraderGridTest_NET60", "GroupingTraderGridTest_NET60.csproj", "{16A5F6C7-3728-46D2-8DAB-28EF61ADEBE8}"
EndProject
Global
	GlobalSection(SolutionConfigurationPlatforms) = preSolution
		Debug|Any CPU = Debug|Any CPU
		Release|Any CPU = Release|Any CPU
	EndGlobalSection
	GlobalSection(ProjectConfigurationPlatforms) = postSolution
		{16A5F6C7-3728-46D2-8DAB-28EF61ADEBE8}.Debug|Any CPU.ActiveCfg = Debug|Any CPU
		{16A5F6C7-3728-46D2-8DAB-28EF61ADEBE8}.Debug|Any CPU.Build.0 = Debug|Any CPU
		{16A5F6C7-3728-46D2-8DAB-28EF61ADEBE8}.Release|Any CPU.ActiveCfg = Release|Any CPU
		{16A5F6C7-3728-46D2-8DAB-28EF61ADEBE8}.Release|Any CPU.Build.0 = Release|Any CPU
	EndGlobalSection
	GlobalSection(SolutionProperties) = preSolution
		HideSolutionNode = FALSE
	EndGlobalSection
	GlobalSection(ExtensibilityGlobals) = postSolution
		SolutionGuid = {AE6D1032-6D2C-43B7-B44E-C8D50F649210}
	EndGlobalSection
EndGlobal
