Microsoft Visual Studio Solution File, Format Version 12.00
# Visual Studio Version 17
VisualStudioVersion = 17.12.35309.182
MinimumVisualStudioVersion = 10.0.40219.1
Project("{9A19103F-16F7-4668-BE54-9A1E7A4F7556}") = "GettingStarted_NET90", "GettingStarted_NET90.csproj", "{3619FF63-EC0D-456C-93A1-BEDA4DFEFFE4}"
EndProject
Global
	GlobalSection(SolutionConfigurationPlatforms) = preSolution
		Debug|x86 = Debug|x86
		Release|x86 = Release|x86
	EndGlobalSection
	GlobalSection(ProjectConfigurationPlatforms) = postSolution
		{3619FF63-EC0D-456C-93A1-BEDA4DFEFFE4}.Debug|x86.ActiveCfg = Debug|Any CPU
		{3619FF63-EC0D-456C-93A1-BEDA4DFEFFE4}.Debug|x86.Build.0 = Debug|Any CPU
		{3619FF63-EC0D-456C-93A1-BEDA4DFEFFE4}.Release|x86.ActiveCfg = Release|Any CPU
		{3619FF63-EC0D-456C-93A1-BEDA4DFEFFE4}.Release|x86.Build.0 = Release|Any CPU
	EndGlobalSection
	GlobalSection(SolutionProperties) = preSolution
		HideSolutionNode = FALSE
	EndGlobalSection
	GlobalSection(ExtensibilityGlobals) = postSolution
		SolutionGuid = {8C54C877-61C8-4D0C-A78A-00A28B36B859}
	EndGlobalSection
EndGlobal
