
Microsoft Visual Studio Solution File, Format Version 11.00
# Visual Studio 2010
Project("{FAE04EC0-301F-11D3-BF4B-00C04F79EFBC}") = "CustomSymbol_2010", "CustomSymbol_2010.csproj", "{B9C5291E-A16E-4B84-92F0-D0A9C333C073}"
EndProject
Global
	GlobalSection(SolutionConfigurationPlatforms) = preSolution
		Debug|Any CPU = Debug|Any CPU
		Release|Any CPU = Release|Any CPU
	EndGlobalSection
	GlobalSection(ProjectConfigurationPlatforms) = postSolution
		{B9C5291E-A16E-4B84-92F0-D0A9C333C073}.Debug|Any CPU.ActiveCfg = Debug|Any CPU
		{B9C5291E-A16E-4B84-92F0-D0A9C333C073}.Debug|Any CPU.Build.0 = Debug|Any CPU
		{B9C5291E-A16E-4B84-92F0-D0A9C333C073}.Release|Any CPU.ActiveCfg = Release|Any CPU
		{B9C5291E-A16E-4B84-92F0-D0A9C333C073}.Release|Any CPU.Build.0 = Release|Any CPU
	EndGlobalSection
	GlobalSection(SolutionProperties) = preSolution
		HideSolutionNode = FALSE
	EndGlobalSection
EndGlobal
