
Microsoft Visual Studio Solution File, Format Version 11.00
# Visual Studio 2010
Project("{FAE04EC0-301F-11D3-BF4B-00C04F79EFBC}") = "ExpressionField_2010", "ExpressionField_2010.csproj", "{FB117C2B-EA42-49C3-A409-E789ADBC11AF}"
EndProject
Global
	GlobalSection(SolutionConfigurationPlatforms) = preSolution
		Debug|Any CPU = Debug|Any CPU
		Release|Any CPU = Release|Any CPU
	EndGlobalSection
	GlobalSection(ProjectConfigurationPlatforms) = postSolution
		{FB117C2B-EA42-49C3-A409-E789ADBC11AF}.Debug|Any CPU.ActiveCfg = Debug|Any CPU
		{FB117C2B-EA42-49C3-A409-E789ADBC11AF}.Debug|Any CPU.Build.0 = Debug|Any CPU
		{FB117C2B-EA42-49C3-A409-E789ADBC11AF}.Release|Any CPU.ActiveCfg = Release|Any CPU
		{FB117C2B-EA42-49C3-A409-E789ADBC11AF}.Release|Any CPU.Build.0 = Release|Any CPU
	EndGlobalSection
	GlobalSection(SolutionProperties) = preSolution
		HideSolutionNode = FALSE
	EndGlobalSection
EndGlobal
