
Microsoft Visual Studio Solution File, Format Version 12.00
# Visual Studio Version 16
VisualStudioVersion = 16.0.30114.128
MinimumVisualStudioVersion = 10.0.40219.1
Project("{9A19103F-16F7-4668-BE54-9A1E7A4F7556}") = "DiagramDBiManager_NETCore", "DiagramDBiManager_NETCore.csproj", "{A1C77A74-7213-4F0A-B6D2-724607FE6DA7}"
EndProject
Global
	GlobalSection(SolutionConfigurationPlatforms) = preSolution
		Debug|Any CPU = Debug|Any CPU
		Release|Any CPU = Release|Any CPU
	EndGlobalSection
	GlobalSection(ProjectConfigurationPlatforms) = postSolution
		{A1C77A74-7213-4F0A-B6D2-724607FE6DA7}.Debug|Any CPU.ActiveCfg = Debug|Any CPU
		{A1C77A74-7213-4F0A-B6D2-724607FE6DA7}.Debug|Any CPU.Build.0 = Debug|Any CPU
		{A1C77A74-7213-4F0A-B6D2-724607FE6DA7}.Release|Any CPU.ActiveCfg = Release|Any CPU
		{A1C77A74-7213-4F0A-B6D2-724607FE6DA7}.Release|Any CPU.Build.0 = Release|Any CPU
	EndGlobalSection
	GlobalSection(SolutionProperties) = preSolution
		HideSolutionNode = FALSE
	EndGlobalSection
	GlobalSection(ExtensibilityGlobals) = postSolution
		SolutionGuid = {6E6F2DF7-6E78-4E30-834E-9750C1BCF9D6}
	EndGlobalSection
EndGlobal
