Microsoft Visual Studio Solution File, Format Version 12.00
# Visual Studio Version 17
VisualStudioVersion = 17.1.31903.286
MinimumVisualStudioVersion = 10.0.40219.1
Project("{FAE04EC0-301F-11D3-BF4B-00C04F79EFBC}") = "PivotCustomization Demo_NET70", "PivotCustomization Demo_NET70.csproj", "{8B99A782-5630-4CE1-BF1B-E431DC45593C}"
EndProject
Global
	GlobalSection(SolutionConfigurationPlatforms) = preSolution
		Debug|x86 = Debug|x86
		Release|x86 = Release|x86
	EndGlobalSection
	GlobalSection(ProjectConfigurationPlatforms) = postSolution
		{8B99A782-5630-4CE1-BF1B-E431DC45593C}.Debug|x86.ActiveCfg = Debug|Any CPU
		{8B99A782-5630-4CE1-BF1B-E431DC45593C}.Debug|x86.Build.0 = Debug|Any CPU
		{8B99A782-5630-4CE1-BF1B-E431DC45593C}.Release|x86.ActiveCfg = Release|Any CPU
		{8B99A782-5630-4CE1-BF1B-E431DC45593C}.Release|x86.Build.0 = Release|Any CPU
	EndGlobalSection
	GlobalSection(SolutionProperties) = preSolution
		HideSolutionNode = FALSE
	EndGlobalSection
	GlobalSection(ExtensibilityGlobals) = postSolution
		SolutionGuid = {B9F1989E-2715-41A9-9BA9-7C92BCFD0DCD}
	EndGlobalSection
EndGlobal
