
Microsoft Visual Studio Solution File, Format Version 12.00
# Visual Studio 2012
Project("{FAE04EC0-301F-11D3-BF4B-00C04F79EFBC}") = "PivotCustomization Demo_2012", "PivotCustomization Demo_2012.csproj", "{8B99A782-5630-4CE1-BF1B-E431DC45593C}"
EndProject
Global
	GlobalSection(SolutionConfigurationPlatforms) = preSolution
		Debug|Any CPU = Debug|Any CPU
		Debug|Mixed Platforms = Debug|Mixed Platforms
		Debug|x86 = Debug|x86
		Debug-XML|Any CPU = Debug-XML|Any CPU
		Debug-XML|Mixed Platforms = Debug-XML|Mixed Platforms
		Debug-XML|x86 = Debug-XML|x86
		Release|Any CPU = Release|Any CPU
		Release|Mixed Platforms = Release|Mixed Platforms
		Release|x86 = Release|x86
		Release-XML|Any CPU = Release-XML|Any CPU
		Release-XML|Mixed Platforms = Release-XML|Mixed Platforms
		Release-XML|x86 = Release-XML|x86
	EndGlobalSection
	GlobalSection(ProjectConfigurationPlatforms) = postSolution
		{8B99A782-5630-4CE1-BF1B-E431DC45593C}.Debug|Any CPU.ActiveCfg = Debug|x86
		{8B99A782-5630-4CE1-BF1B-E431DC45593C}.Debug|Mixed Platforms.ActiveCfg = Debug|x86
		{8B99A782-5630-4CE1-BF1B-E431DC45593C}.Debug|Mixed Platforms.Build.0 = Debug|x86
		{8B99A782-5630-4CE1-BF1B-E431DC45593C}.Debug|x86.ActiveCfg = Debug|x86
		{8B99A782-5630-4CE1-BF1B-E431DC45593C}.Debug|x86.Build.0 = Debug|x86
		{8B99A782-5630-4CE1-BF1B-E431DC45593C}.Debug-XML|Any CPU.ActiveCfg = Debug|x86
		{8B99A782-5630-4CE1-BF1B-E431DC45593C}.Debug-XML|Mixed Platforms.ActiveCfg = Debug|x86
		{8B99A782-5630-4CE1-BF1B-E431DC45593C}.Debug-XML|Mixed Platforms.Build.0 = Debug|x86
		{8B99A782-5630-4CE1-BF1B-E431DC45593C}.Debug-XML|x86.ActiveCfg = Debug|x86
		{8B99A782-5630-4CE1-BF1B-E431DC45593C}.Debug-XML|x86.Build.0 = Debug|x86
		{8B99A782-5630-4CE1-BF1B-E431DC45593C}.Release|Any CPU.ActiveCfg = Release|x86
		{8B99A782-5630-4CE1-BF1B-E431DC45593C}.Release|Mixed Platforms.ActiveCfg = Release|x86
		{8B99A782-5630-4CE1-BF1B-E431DC45593C}.Release|Mixed Platforms.Build.0 = Release|x86
		{8B99A782-5630-4CE1-BF1B-E431DC45593C}.Release|x86.ActiveCfg = Release|x86
		{8B99A782-5630-4CE1-BF1B-E431DC45593C}.Release|x86.Build.0 = Release|x86
		{8B99A782-5630-4CE1-BF1B-E431DC45593C}.Release-XML|Any CPU.ActiveCfg = Release|x86
		{8B99A782-5630-4CE1-BF1B-E431DC45593C}.Release-XML|Mixed Platforms.ActiveCfg = Release|x86
		{8B99A782-5630-4CE1-BF1B-E431DC45593C}.Release-XML|Mixed Platforms.Build.0 = Release|x86
		{8B99A782-5630-4CE1-BF1B-E431DC45593C}.Release-XML|x86.ActiveCfg = Release|x86
		{8B99A782-5630-4CE1-BF1B-E431DC45593C}.Release-XML|x86.Build.0 = Release|x86
	EndGlobalSection
	GlobalSection(SolutionProperties) = preSolution
		HideSolutionNode = FALSE
	EndGlobalSection
EndGlobal
