
Microsoft Visual Studio Solution File, Format Version 12.00
# Visual Studio 2012
Project("{FAE04EC0-301F-11D3-BF4B-00C04F79EFBC}") = "Formulas_2012", "Formulas_2012.csproj", "{FD60D0A1-E9A9-41C4-B35E-45B1F43E2D5E}"
EndProject
Global
	GlobalSection(SolutionConfigurationPlatforms) = preSolution
		Debug|Any CPU = Debug|Any CPU
		Release|Any CPU = Release|Any CPU
	EndGlobalSection
	GlobalSection(ProjectConfigurationPlatforms) = postSolution
		{FD60D0A1-E9A9-41C4-B35E-45B1F43E2D5E}.Debug|Any CPU.ActiveCfg = Debug|Any CPU
		{FD60D0A1-E9A9-41C4-B35E-45B1F43E2D5E}.Debug|Any CPU.Build.0 = Debug|Any CPU
		{FD60D0A1-E9A9-41C4-B35E-45B1F43E2D5E}.Release|Any CPU.ActiveCfg = Release|Any CPU
		{FD60D0A1-E9A9-41C4-B35E-45B1F43E2D5E}.Release|Any CPU.Build.0 = Release|Any CPU
	EndGlobalSection
	GlobalSection(SolutionProperties) = preSolution
		HideSolutionNode = FALSE
	EndGlobalSection
EndGlobal
