
Microsoft Visual Studio Solution File, Format Version 11.00
# Visual Studio 2010
Project("{FAE04EC0-301F-11D3-BF4B-00C04F79EFBC}") = "EditorControls_2010", "EditorControls_2010.csproj", "{BD328DBD-50EC-4A43-9CA5-9E5850379AE2}"
EndProject
Global
	GlobalSection(SolutionConfigurationPlatforms) = preSolution
		Debug|Any CPU = Debug|Any CPU
		Release|Any CPU = Release|Any CPU
	EndGlobalSection
	GlobalSection(ProjectConfigurationPlatforms) = postSolution
		{BD328DBD-50EC-4A43-9CA5-9E5850379AE2}.Debug|Any CPU.ActiveCfg = Debug|Any CPU
		{BD328DBD-50EC-4A43-9CA5-9E5850379AE2}.Debug|Any CPU.Build.0 = Debug|Any CPU
		{BD328DBD-50EC-4A43-9CA5-9E5850379AE2}.Release|Any CPU.ActiveCfg = Release|Any CPU
		{BD328DBD-50EC-4A43-9CA5-9E5850379AE2}.Release|Any CPU.Build.0 = Release|Any CPU
	EndGlobalSection
	GlobalSection(SolutionProperties) = preSolution
		HideSolutionNode = FALSE
	EndGlobalSection
EndGlobal
