Microsoft Visual Studio Solution File, Format Version 12.00
# Visual Studio Version 17
VisualStudioVersion = 17.12.35309.182
MinimumVisualStudioVersion = 10.0.40219.1
Project("{9A19103F-16F7-4668-BE54-9A1E7A4F7556}") = "DiagramDBiManager_NET90", "DiagramDBiManager_NET90.csproj", "{F79721CE-C839-4545-A5C9-321FAB7587DC}"
EndProject
Global
	GlobalSection(SolutionConfigurationPlatforms) = preSolution
		Debug|Any CPU = Debug|Any CPU
		Release|Any CPU = Release|Any CPU
	EndGlobalSection
	GlobalSection(ProjectConfigurationPlatforms) = postSolution
		{F79721CE-C839-4545-A5C9-321FAB7587DC}.Debug|Any CPU.ActiveCfg = Debug|Any CPU
		{F79721CE-C839-4545-A5C9-321FAB7587DC}.Debug|Any CPU.Build.0 = Debug|Any CPU
		{F79721CE-C839-4545-A5C9-321FAB7587DC}.Release|Any CPU.ActiveCfg = Release|Any CPU
		{F79721CE-C839-4545-A5C9-321FAB7587DC}.Release|Any CPU.Build.0 = Release|Any CPU
	EndGlobalSection
	GlobalSection(SolutionProperties) = preSolution
		HideSolutionNode = FALSE
	EndGlobalSection
	GlobalSection(ExtensibilityGlobals) = postSolution
		SolutionGuid = {58FF8562-8F1E-467E-831B-624DD7AE7845}
	EndGlobalSection
EndGlobal
