Microsoft Visual Studio Solution File, Format Version 11.00
# Visual Studio 2010
Project("{FAE04EC0-301F-11D3-BF4B-00C04F79EFBC}") = "ExcelMarker_2010", "ExcelMarker_2010.csproj", "{8FEABBA4-25D9-408E-A859-EE133A8FB31F}"
EndProject
Global
	GlobalSection(SolutionConfiguration) = preSolution
		ConfigName.0 = Debug
		ConfigName.1 = Release
	EndGlobalSection
	GlobalSection(ProjectDependencies) = postSolution
	EndGlobalSection
	GlobalSection(ProjectConfiguration) = postSolution
		{8FEABBA4-25D9-408E-A859-EE133A8FB31F}.Debug.ActiveCfg = Debug|.NET
		{8FEABBA4-25D9-408E-A859-EE133A8FB31F}.Debug.Build.0 = Debug|.NET
		{8FEABBA4-25D9-408E-A859-EE133A8FB31F}.Release.ActiveCfg = Release|.NET
		{8FEABBA4-25D9-408E-A859-EE133A8FB31F}.Release.Build.0 = Release|.NET
	EndGlobalSection
	GlobalSection(ExtensibilityGlobals) = postSolution
	EndGlobalSection
	GlobalSection(ExtensibilityAddIns) = postSolution
	EndGlobalSection
EndGlobal
