
Microsoft Visual Studio Solution File, Format Version 11.00
# Visual Studio 2010
Project("{FAE04EC0-301F-11D3-BF4B-00C04F79EFBC}") = "MultipleLegends_2010", "MultipleLegends_2010.csproj", "{D67F9C2E-9767-4E75-AB93-5C3D0CCD0ADF}"
EndProject
Global
	GlobalSection(SolutionConfigurationPlatforms) = preSolution
		Debug|Any CPU = Debug|Any CPU
		Release|Any CPU = Release|Any CPU
	EndGlobalSection
	GlobalSection(ProjectConfigurationPlatforms) = postSolution
		{D67F9C2E-9767-4E75-AB93-5C3D0CCD0ADF}.Debug|Any CPU.ActiveCfg = Debug|Any CPU
		{D67F9C2E-9767-4E75-AB93-5C3D0CCD0ADF}.Debug|Any CPU.Build.0 = Debug|Any CPU
		{D67F9C2E-9767-4E75-AB93-5C3D0CCD0ADF}.Release|Any CPU.ActiveCfg = Release|Any CPU
		{D67F9C2E-9767-4E75-AB93-5C3D0CCD0ADF}.Release|Any CPU.Build.0 = Release|Any CPU
	EndGlobalSection
	GlobalSection(SolutionProperties) = preSolution
		HideSolutionNode = FALSE
	EndGlobalSection
EndGlobal
