Microsoft Visual Studio Solution File, Format Version 11.00
# Visual Studio 2010
Project("{FAE04EC0-301F-11D3-BF4B-00C04F79EFBC}") = "DragColumnHeader_2010", "DragColumnHeader_2010.csproj", "{81C9CD9B-ACFE-4990-8375-FF1250516FD5}"
EndProject
Global
	GlobalSection(SolutionConfiguration) = preSolution
		ConfigName.0 = Debug
		ConfigName.1 = Release
	EndGlobalSection
	GlobalSection(ProjectDependencies) = postSolution
	EndGlobalSection
	GlobalSection(ProjectConfiguration) = postSolution
		{81C9CD9B-ACFE-4990-8375-FF1250516FD5}.Debug.ActiveCfg = Debug|.NET
		{81C9CD9B-ACFE-4990-8375-FF1250516FD5}.Debug.Build.0 = Debug|.NET
		{81C9CD9B-ACFE-4990-8375-FF1250516FD5}.Release.ActiveCfg = Release|.NET
		{81C9CD9B-ACFE-4990-8375-FF1250516FD5}.Release.Build.0 = Release|.NET
	EndGlobalSection
	GlobalSection(ExtensibilityGlobals) = postSolution
	EndGlobalSection
	GlobalSection(ExtensibilityAddIns) = postSolution
	EndGlobalSection
EndGlobal
