Microsoft Visual Studio Solution File, Format Version 12.00
# Visual Studio Version 17
VisualStudioVersion = 17.1.31903.286
MinimumVisualStudioVersion = 10.0.40219.1
Project("{FAE04EC0-301F-11D3-BF4B-00C04F79EFBC}") = "TableFeatures_NET70", "TableFeatures_NET70.csproj", "{5279838A-8E91-496A-8E8A-4713445FED2E}"
EndProject
Global
	GlobalSection(SolutionConfigurationPlatforms) = preSolution
		Debug|Any CPU = Debug|Any CPU
		Release|Any CPU = Release|Any CPU
	EndGlobalSection
	GlobalSection(ProjectConfigurationPlatforms) = postSolution
		{5279838A-8E91-496A-8E8A-4713445FED2E}.Debug|Any CPU.ActiveCfg = Debug|Any CPU
		{5279838A-8E91-496A-8E8A-4713445FED2E}.Debug|Any CPU.Build.0 = Debug|Any CPU
		{5279838A-8E91-496A-8E8A-4713445FED2E}.Release|Any CPU.ActiveCfg = Release|Any CPU
		{5279838A-8E91-496A-8E8A-4713445FED2E}.Release|Any CPU.Build.0 = Release|Any CPU
	EndGlobalSection
	GlobalSection(SolutionProperties) = preSolution
		HideSolutionNode = FALSE
	EndGlobalSection
EndGlobal
