
Microsoft Visual Studio Solution File, Format Version 11.00
# Visual Studio 2010
Project("{FAE04EC0-301F-11D3-BF4B-00C04F79EFBC}") = "AdventureCycle_2010", "AdventureCycle_2010.csproj", "{CD63369C-D72D-4B73-94C8-108B2F0F4D03}"
EndProject
Global
	GlobalSection(SolutionConfigurationPlatforms) = preSolution
		Debug|Any CPU = Debug|Any CPU
		Release|Any CPU = Release|Any CPU
	EndGlobalSection
	GlobalSection(ProjectConfigurationPlatforms) = postSolution
		{CD63369C-D72D-4B73-94C8-108B2F0F4D03}.Debug|Any CPU.ActiveCfg = Debug|Any CPU
		{CD63369C-D72D-4B73-94C8-108B2F0F4D03}.Debug|Any CPU.Build.0 = Debug|Any CPU
		{CD63369C-D72D-4B73-94C8-108B2F0F4D03}.Release|Any CPU.ActiveCfg = Release|Any CPU
		{CD63369C-D72D-4B73-94C8-108B2F0F4D03}.Release|Any CPU.Build.0 = Release|Any CPU
	EndGlobalSection
	GlobalSection(SolutionProperties) = preSolution
		HideSolutionNode = FALSE
	EndGlobalSection
EndGlobal
