Microsoft Visual Studio Solution File, Format Version 11.00
# Visual Studio 2010
Project("{FAE04EC0-301F-11D3-BF4B-00C04F79EFBC}") = "GridDataBoundGridCalculator_2010", "GridDataBoundGridCalculator_2010.csproj", "{1F035884-40B2-40F2-A951-9F92D061C7FB}"
EndProject
Project("{FAE04EC0-301F-11D3-BF4B-00C04F79EFBC}") = "Grid2013", "Grid\Grid2010.csproj", "{2E24938E-6EB5-4432-A0A6-1F4234318977}"
EndProject
Global
	GlobalSection(SolutionConfiguration) = preSolution
		ConfigName.0 = Debug
		ConfigName.1 = Release
	EndGlobalSection
	GlobalSection(ProjectDependencies) = postSolution
	EndGlobalSection
	GlobalSection(ProjectConfiguration) = postSolution
		{1F035884-40B2-40F2-A951-9F92D061C7FB}.Debug.ActiveCfg = Debug|.NET
		{1F035884-40B2-40F2-A951-9F92D061C7FB}.Debug.Build.0 = Debug|.NET
		{1F035884-40B2-40F2-A951-9F92D061C7FB}.Release.ActiveCfg = Release|.NET
		{1F035884-40B2-40F2-A951-9F92D061C7FB}.Release.Build.0 = Release|.NET
		{2E24938E-6EB5-4432-A0A6-1F4234318977}.Debug|Any CPU.ActiveCfg = Debug|Any CPU
		{2E24938E-6EB5-4432-A0A6-1F4234318977}.Debug|Any CPU.Build.0 = Debug|Any CPU
		{2E24938E-6EB5-4432-A0A6-1F4234318977}.Release|Any CPU.ActiveCfg = Release|Any CPU
		{2E24938E-6EB5-4432-A0A6-1F4234318977}.Release|Any CPU.Build.0 = Release|Any CPU
	
	EndGlobalSection
	GlobalSection(ExtensibilityGlobals) = postSolution
	EndGlobalSection
	GlobalSection(ExtensibilityAddIns) = postSolution
	EndGlobalSection
EndGlobal
