
Microsoft Visual Studio Solution File, Format Version 11.00
# Visual Studio 2010
Project("{FAE04EC0-301F-11D3-BF4B-00C04F79EFBC}") = "EncryptionDecryption_2010", "EncryptionDecryption_2010.csproj", "{342D30C9-E25D-44C7-8EB7-D0D8382356E7}"
EndProject
Global
	GlobalSection(SolutionConfigurationPlatforms) = preSolution
		Debug|Any CPU = Debug|Any CPU
		Release|Any CPU = Release|Any CPU
	EndGlobalSection
	GlobalSection(ProjectConfigurationPlatforms) = postSolution
		{342D30C9-E25D-44C7-8EB7-D0D8382356E7}.Debug|Any CPU.ActiveCfg = Debug|Any CPU
		{342D30C9-E25D-44C7-8EB7-D0D8382356E7}.Debug|Any CPU.Build.0 = Debug|Any CPU
		{342D30C9-E25D-44C7-8EB7-D0D8382356E7}.Release|Any CPU.ActiveCfg = Release|Any CPU
		{342D30C9-E25D-44C7-8EB7-D0D8382356E7}.Release|Any CPU.Build.0 = Release|Any CPU
	EndGlobalSection
	GlobalSection(SolutionProperties) = preSolution
		HideSolutionNode = FALSE
	EndGlobalSection
EndGlobal
