
Microsoft Visual Studio Solution File, Format Version 11.00
# Visual Studio 2010
Project("{FAE04EC0-301F-11D3-BF4B-00C04F79EFBC}") = "CustomCellAutoSizing_2010", "CustomCellAutoSizing_2010.csproj", "{500B9AF0-852E-4FAE-ACDB-847E6E16BA03}"
EndProject
Global
	GlobalSection(SolutionConfigurationPlatforms) = preSolution
		Debug|Any CPU = Debug|Any CPU
		Release|Any CPU = Release|Any CPU
	EndGlobalSection
	GlobalSection(ProjectConfigurationPlatforms) = postSolution
		{500B9AF0-852E-4FAE-ACDB-847E6E16BA03}.Debug|Any CPU.ActiveCfg = Debug|Any CPU
		{500B9AF0-852E-4FAE-ACDB-847E6E16BA03}.Debug|Any CPU.Build.0 = Debug|Any CPU
		{500B9AF0-852E-4FAE-ACDB-847E6E16BA03}.Release|Any CPU.ActiveCfg = Release|Any CPU
		{500B9AF0-852E-4FAE-ACDB-847E6E16BA03}.Release|Any CPU.Build.0 = Release|Any CPU
	EndGlobalSection
	GlobalSection(SolutionProperties) = preSolution
		HideSolutionNode = FALSE
	EndGlobalSection
EndGlobal
