
Microsoft Visual Studio Solution File, Format Version 12.00
# Visual Studio 14
VisualStudioVersion = 12.0.20827.3 
MinimumVisualStudioVersion = 10.0.40219.1
Project("{FAE04EC0-301F-11D3-BF4B-00C04F79EFBC}") = "MergeFields_Events_2015", "MergeFields_Events_2015.csproj", "{D2418323-96B1-4178-AAF6-7D145E374324}"
EndProject
Global
	GlobalSection(SolutionConfigurationPlatforms) = preSolution
		Debug|Any CPU = Debug|Any CPU
		Release|Any CPU = Release|Any CPU
	EndGlobalSection
	GlobalSection(ProjectConfigurationPlatforms) = postSolution
		{D2418323-96B1-4178-AAF6-7D145E374324}.Debug|Any CPU.ActiveCfg = Debug|Any CPU
		{D2418323-96B1-4178-AAF6-7D145E374324}.Debug|Any CPU.Build.0 = Debug|Any CPU
		{D2418323-96B1-4178-AAF6-7D145E374324}.Release|Any CPU.ActiveCfg = Release|Any CPU
		{D2418323-96B1-4178-AAF6-7D145E374324}.Release|Any CPU.Build.0 = Release|Any CPU
	EndGlobalSection
	GlobalSection(SolutionProperties) = preSolution
		HideSolutionNode = FALSE
	EndGlobalSection
EndGlobal
