Microsoft Visual Studio Solution File, Format Version 11.00
# Visual Studio 2010
Project("{FAE04EC0-301F-11D3-BF4B-00C04F79EFBC}") = "OleDragDrop_2010", "OleDragDrop_2010.csproj", "{064443C1-39DD-40B9-BCC5-9EF5A628430E}"
EndProject
Global
	GlobalSection(SolutionConfiguration) = preSolution
		ConfigName.0 = Debug
		ConfigName.1 = Release
	EndGlobalSection
	GlobalSection(ProjectDependencies) = postSolution
	EndGlobalSection
	GlobalSection(ProjectConfiguration) = postSolution
		{064443C1-39DD-40B9-BCC5-9EF5A628430E}.Debug.ActiveCfg = Debug|.NET
		{064443C1-39DD-40B9-BCC5-9EF5A628430E}.Debug.Build.0 = Debug|.NET
		{064443C1-39DD-40B9-BCC5-9EF5A628430E}.Release.ActiveCfg = Release|.NET
		{064443C1-39DD-40B9-BCC5-9EF5A628430E}.Release.Build.0 = Release|.NET
	EndGlobalSection
	GlobalSection(ExtensibilityGlobals) = postSolution
	EndGlobalSection
	GlobalSection(ExtensibilityAddIns) = postSolution
	EndGlobalSection
EndGlobal
