Microsoft Visual Studio Solution File, Format Version 12.00
# Visual Studio Version 17
VisualStudioVersion = 17.12.35309.182
MinimumVisualStudioVersion = 10.0.40219.1
Project("{9A19103F-16F7-4668-BE54-9A1E7A4F7556}") = "CodeSnippets_NET90", "CodeSnippets_NET90.csproj", "{9B524584-4942-4D4A-A959-5A44E2BCA5A1}"
EndProject
Project("{9A19103F-16F7-4668-BE54-9A1E7A4F7556}") = "CodeExtractor_NET90", "CodeSnippetsExtractor\CodeExtractor_NET90.csproj", "{920EDC5C-F821-499F-9CEE-778FE5C9A08F}"
EndProject
Global
	GlobalSection(SolutionConfigurationPlatforms) = preSolution
		Debug|Any CPU = Debug|Any CPU
		Release|Any CPU = Release|Any CPU
	EndGlobalSection
	GlobalSection(ProjectConfigurationPlatforms) = postSolution
		{9B524584-4942-4D4A-A959-5A44E2BCA5A1}.Debug|Any CPU.ActiveCfg = Debug|Any CPU
		{9B524584-4942-4D4A-A959-5A44E2BCA5A1}.Debug|Any CPU.Build.0 = Debug|Any CPU
		{9B524584-4942-4D4A-A959-5A44E2BCA5A1}.Release|Any CPU.ActiveCfg = Release|Any CPU
		{9B524584-4942-4D4A-A959-5A44E2BCA5A1}.Release|Any CPU.Build.0 = Release|Any CPU
		{920EDC5C-F821-499F-9CEE-778FE5C9A08F}.Debug|Any CPU.ActiveCfg = Debug|Any CPU
		{920EDC5C-F821-499F-9CEE-778FE5C9A08F}.Debug|Any CPU.Build.0 = Debug|Any CPU
		{920EDC5C-F821-499F-9CEE-778FE5C9A08F}.Release|Any CPU.ActiveCfg = Release|Any CPU
		{920EDC5C-F821-499F-9CEE-778FE5C9A08F}.Release|Any CPU.Build.0 = Release|Any CPU
	EndGlobalSection
	GlobalSection(SolutionProperties) = preSolution
		HideSolutionNode = FALSE
	EndGlobalSection
	GlobalSection(ExtensibilityGlobals) = postSolution
		SolutionGuid = {2F4CE336-F7AF-41EB-BD13-EF696164F3E2}
	EndGlobalSection
EndGlobal
