Microsoft Visual Studio Solution File, Format Version 12.00
# Visual Studio Version 17
VisualStudioVersion = 17.12.35309.182
MinimumVisualStudioVersion = 10.0.40219.1
Project("{FAE04EC0-301F-11D3-BF4B-00C04F79EFBC}") = "DataSourceBinding_NET90", "DataSourceBinding_NET90.csproj", "{0C87B3AA-0F30-4BD5-BD4E-88125D415C0D}"
EndProject
Global
	GlobalSection(SolutionConfigurationPlatforms) = preSolution
		Debug|Any CPU = Debug|Any CPU
		Release|Any CPU = Release|Any CPU
	EndGlobalSection
	GlobalSection(ProjectConfigurationPlatforms) = postSolution
		{0C87B3AA-0F30-4BD5-BD4E-88125D415C0D}.Debug|Any CPU.ActiveCfg = Debug|Any CPU
		{0C87B3AA-0F30-4BD5-BD4E-88125D415C0D}.Debug|Any CPU.Build.0 = Debug|Any CPU
		{0C87B3AA-0F30-4BD5-BD4E-88125D415C0D}.Release|Any CPU.ActiveCfg = Release|Any CPU
		{0C87B3AA-0F30-4BD5-BD4E-88125D415C0D}.Release|Any CPU.Build.0 = Release|Any CPU
	EndGlobalSection
	GlobalSection(SolutionProperties) = preSolution
		HideSolutionNode = FALSE
	EndGlobalSection
EndGlobal
