Microsoft Visual Studio Solution File, Format Version 12.00
# Visual Studio Version 17
VisualStudioVersion = 17.12.35309.182
MinimumVisualStudioVersion = 10.0.40219.1
Project("{9A19103F-16F7-4668-BE54-9A1E7A4F7556}") = "PaletteGroupbar_NET90", "PaletteGroupbar_NET90.csproj", "{6B2DCA17-5EA5-4432-A803-DC0B89087195}"
EndProject
Global
	GlobalSection(SolutionConfigurationPlatforms) = preSolution
		Debug|Any CPU = Debug|Any CPU
		Debug|x86 = Debug|x86
		Release|Any CPU = Release|Any CPU
		Release|x86 = Release|x86
		Release-XML|Any CPU = Release-XML|Any CPU
		Release-XML|x86 = Release-XML|x86
	EndGlobalSection
	GlobalSection(ProjectConfigurationPlatforms) = postSolution
		{6B2DCA17-5EA5-4432-A803-DC0B89087195}.Debug|Any CPU.ActiveCfg = Debug|Any CPU
		{6B2DCA17-5EA5-4432-A803-DC0B89087195}.Debug|Any CPU.Build.0 = Debug|Any CPU
		{6B2DCA17-5EA5-4432-A803-DC0B89087195}.Debug|x86.ActiveCfg = Debug|Any CPU
		{6B2DCA17-5EA5-4432-A803-DC0B89087195}.Debug|x86.Build.0 = Debug|Any CPU
		{6B2DCA17-5EA5-4432-A803-DC0B89087195}.Release|Any CPU.ActiveCfg = Release|Any CPU
		{6B2DCA17-5EA5-4432-A803-DC0B89087195}.Release|Any CPU.Build.0 = Release|Any CPU
		{6B2DCA17-5EA5-4432-A803-DC0B89087195}.Release|x86.ActiveCfg = Release|Any CPU
		{6B2DCA17-5EA5-4432-A803-DC0B89087195}.Release|x86.Build.0 = Release|Any CPU
		{6B2DCA17-5EA5-4432-A803-DC0B89087195}.Release-XML|Any CPU.ActiveCfg = Release|Any CPU
		{6B2DCA17-5EA5-4432-A803-DC0B89087195}.Release-XML|Any CPU.Build.0 = Release|Any CPU
		{6B2DCA17-5EA5-4432-A803-DC0B89087195}.Release-XML|x86.ActiveCfg = Release|Any CPU
		{6B2DCA17-5EA5-4432-A803-DC0B89087195}.Release-XML|x86.Build.0 = Release|Any CPU
	EndGlobalSection
	GlobalSection(SolutionProperties) = preSolution
		HideSolutionNode = FALSE
	EndGlobalSection
	GlobalSection(ExtensibilityGlobals) = postSolution
		SolutionGuid = {126D4908-FF33-4F16-BE06-69752BC924DE}
	EndGlobalSection
EndGlobal
