Microsoft Visual Studio Solution File, Format Version 12.00
# Visual Studio Version 17
VisualStudioVersion = 17.12.35309.182
MinimumVisualStudioVersion = 10.0.40219.1
Project("{FAE04EC0-301F-11D3-BF4B-00C04F79EFBC}") = "SkinManager_NET90", "SkinManager_NET90.csproj", "{C029003A-6AA1-4653-8328-96A542F321D9}"
EndProject
Global
	GlobalSection(SolutionConfigurationPlatforms) = preSolution
		Debug|Any CPU = Debug|Any CPU
		Release|Any CPU = Release|Any CPU
	EndGlobalSection
	GlobalSection(ProjectConfigurationPlatforms) = postSolution
		{C029003A-6AA1-4653-8328-96A542F321D9}.Debug|Any CPU.ActiveCfg = Debug|Any CPU
		{C029003A-6AA1-4653-8328-96A542F321D9}.Debug|Any CPU.Build.0 = Debug|Any CPU
		{C029003A-6AA1-4653-8328-96A542F321D9}.Release|Any CPU.ActiveCfg = Release|Any CPU
		{C029003A-6AA1-4653-8328-96A542F321D9}.Release|Any CPU.Build.0 = Release|Any CPU
	EndGlobalSection
	GlobalSection(SolutionProperties) = preSolution
		HideSolutionNode = FALSE
	EndGlobalSection
EndGlobal
