Microsoft Visual Studio Solution File, Format Version 11.00
# Visual Studio 2010
Project("{FAE04EC0-301F-11D3-BF4B-00C04F79EFBC}") = "TabbedPanelGrids_2010", "TabbedPanelGrids_2010.csproj", "{58CFDD26-B685-49E4-AEAA-01E06CE0C19A}"
EndProject
Global
	GlobalSection(SolutionConfiguration) = preSolution
		ConfigName.0 = Debug
		ConfigName.1 = Release
	EndGlobalSection
	GlobalSection(ProjectDependencies) = postSolution
	EndGlobalSection
	GlobalSection(ProjectConfiguration) = postSolution
		{58CFDD26-B685-49E4-AEAA-01E06CE0C19A}.Debug.ActiveCfg = Debug|.NET
		{58CFDD26-B685-49E4-AEAA-01E06CE0C19A}.Debug.Build.0 = Debug|.NET
		{58CFDD26-B685-49E4-AEAA-01E06CE0C19A}.Release.ActiveCfg = Release|.NET
		{58CFDD26-B685-49E4-AEAA-01E06CE0C19A}.Release.Build.0 = Release|.NET
	EndGlobalSection
	GlobalSection(ExtensibilityGlobals) = postSolution
	EndGlobalSection
	GlobalSection(ExtensibilityAddIns) = postSolution
	EndGlobalSection
EndGlobal
