
Microsoft Visual Studio Solution File, Format Version 11.00
# Visual Studio 2010
Project("{FAE04EC0-301F-11D3-BF4B-00C04F79EFBC}") = "PrintPageLayout_2010", "PrintPageLayout_2010.csproj", "{5CE29EE2-19CC-4FE6-ADB6-9B914EAC567E}"
EndProject
Global
	GlobalSection(SolutionConfigurationPlatforms) = preSolution
		Debug|Any CPU = Debug|Any CPU
		Debug-xml|Any CPU = Debug-xml|Any CPU
		Release|Any CPU = Release|Any CPU
		Release-xml|Any CPU = Release-xml|Any CPU
	EndGlobalSection
	GlobalSection(ProjectConfigurationPlatforms) = postSolution
		{5CE29EE2-19CC-4FE6-ADB6-9B914EAC567E}.Debug|Any CPU.ActiveCfg = Debug|Any CPU
		{5CE29EE2-19CC-4FE6-ADB6-9B914EAC567E}.Debug|Any CPU.Build.0 = Debug|Any CPU
		{5CE29EE2-19CC-4FE6-ADB6-9B914EAC567E}.Debug-xml|Any CPU.ActiveCfg = Debug|Any CPU
		{5CE29EE2-19CC-4FE6-ADB6-9B914EAC567E}.Debug-xml|Any CPU.Build.0 = Debug|Any CPU
		{5CE29EE2-19CC-4FE6-ADB6-9B914EAC567E}.Release|Any CPU.ActiveCfg = Release|Any CPU
		{5CE29EE2-19CC-4FE6-ADB6-9B914EAC567E}.Release|Any CPU.Build.0 = Release|Any CPU
		{5CE29EE2-19CC-4FE6-ADB6-9B914EAC567E}.Release-xml|Any CPU.ActiveCfg = Release|Any CPU
		{5CE29EE2-19CC-4FE6-ADB6-9B914EAC567E}.Release-xml|Any CPU.Build.0 = Release|Any CPU
	EndGlobalSection
	GlobalSection(SolutionProperties) = preSolution
		HideSolutionNode = FALSE
	EndGlobalSection
EndGlobal
