
Microsoft Visual Studio Solution File, Format Version 11.00
# Visual Studio 2010
Project("{FAE04EC0-301F-11D3-BF4B-00C04F79EFBC}") = "ColumnStyles_2010", "ColumnStyles_2010.csproj", "{89BF987C-54C7-43EE-99D8-9875C7B38E42}"
EndProject
Global
	GlobalSection(SolutionConfigurationPlatforms) = preSolution
		Debug|Any CPU = Debug|Any CPU
		Release|Any CPU = Release|Any CPU
	EndGlobalSection
	GlobalSection(ProjectConfigurationPlatforms) = postSolution
		{89BF987C-54C7-43EE-99D8-9875C7B38E42}.Debug|Any CPU.ActiveCfg = Debug|Any CPU
		{89BF987C-54C7-43EE-99D8-9875C7B38E42}.Debug|Any CPU.Build.0 = Debug|Any CPU
		{89BF987C-54C7-43EE-99D8-9875C7B38E42}.Release|Any CPU.ActiveCfg = Release|Any CPU
		{89BF987C-54C7-43EE-99D8-9875C7B38E42}.Release|Any CPU.Build.0 = Release|Any CPU
	EndGlobalSection
	GlobalSection(SolutionProperties) = preSolution
		HideSolutionNode = FALSE
	EndGlobalSection
EndGlobal
