Microsoft Visual Studio Solution File, Format Version 11.00
# Visual Studio 2010
Project("{FAE04EC0-301F-11D3-BF4B-00C04F79EFBC}") = "SingleLineMode_2010", "SingleLineMode_2010.csproj", "{A981BD8C-510C-4BA4-8A22-A33A129C102F}"
EndProject
Global
	GlobalSection(SolutionConfigurationPlatforms) = preSolution
		Debug|Any CPU = Debug|Any CPU
		Release|Any CPU = Release|Any CPU
	EndGlobalSection
	GlobalSection(ProjectConfigurationPlatforms) = postSolution
		{A981BD8C-510C-4BA4-8A22-A33A129C102F}.Debug|Any CPU.ActiveCfg = Debug|Any CPU
		{A981BD8C-510C-4BA4-8A22-A33A129C102F}.Debug|Any CPU.Build.0 = Debug|Any CPU
		{A981BD8C-510C-4BA4-8A22-A33A129C102F}.Release|Any CPU.ActiveCfg = Release|Any CPU
		{A981BD8C-510C-4BA4-8A22-A33A129C102F}.Release|Any CPU.Build.0 = Release|Any CPU
	EndGlobalSection
	GlobalSection(SolutionProperties) = preSolution
		HideSolutionNode = FALSE
	EndGlobalSection
EndGlobal
