
Microsoft Visual Studio Solution File, Format Version 11.00
# Visual Studio 2010
Project("{FAE04EC0-301F-11D3-BF4B-00C04F79EFBC}") = "ChartLocalization_2010", "ChartLocalization_2010.csproj", "{90A3151C-2FD8-48FA-8610-AD022ED46195}"
EndProject
Global
	GlobalSection(SolutionConfigurationPlatforms) = preSolution
		Debug|Any CPU = Debug|Any CPU
		Release|Any CPU = Release|Any CPU
	EndGlobalSection
	GlobalSection(ProjectConfigurationPlatforms) = postSolution
		{90A3151C-2FD8-48FA-8610-AD022ED46195}.Debug|Any CPU.ActiveCfg = Debug|Any CPU
		{90A3151C-2FD8-48FA-8610-AD022ED46195}.Debug|Any CPU.Build.0 = Debug|Any CPU
		{90A3151C-2FD8-48FA-8610-AD022ED46195}.Release|Any CPU.ActiveCfg = Release|Any CPU
		{90A3151C-2FD8-48FA-8610-AD022ED46195}.Release|Any CPU.Build.0 = Release|Any CPU
	EndGlobalSection
	GlobalSection(SolutionProperties) = preSolution
		HideSolutionNode = FALSE
	EndGlobalSection
EndGlobal
