Microsoft Visual Studio Solution File, Format Version 11.00
# Visual Studio 2010
Project("{FAE04EC0-301F-11D3-BF4B-00C04F79EFBC}") = "Wordwrap_2010", "Wordwrap_2010.csproj", "{E5DBF915-BAB8-478A-981B-11569C7654AA}"
EndProject
Global
	GlobalSection(SolutionConfigurationPlatforms) = preSolution
		Debug|Any CPU = Debug|Any CPU
		Release|Any CPU = Release|Any CPU
	EndGlobalSection
	GlobalSection(ProjectConfigurationPlatforms) = postSolution
		{E5DBF915-BAB8-478A-981B-11569C7654AA}.Debug|Any CPU.ActiveCfg = Debug|Any CPU
		{E5DBF915-BAB8-478A-981B-11569C7654AA}.Debug|Any CPU.Build.0 = Debug|Any CPU
		{E5DBF915-BAB8-478A-981B-11569C7654AA}.Release|Any CPU.ActiveCfg = Release|Any CPU
		{E5DBF915-BAB8-478A-981B-11569C7654AA}.Release|Any CPU.Build.0 = Release|Any CPU
	EndGlobalSection
	GlobalSection(SolutionProperties) = preSolution
		HideSolutionNode = FALSE
	EndGlobalSection
EndGlobal
