
Microsoft Visual Studio Solution File, Format Version 11.00
# Visual Studio 2010
Project("{FAE04EC0-301F-11D3-BF4B-00C04F79EFBC}") = "Scripting_2010", "Scripting_2010.csproj", "{2BF6313A-E6A0-4D95-8DEE-7F5B92FB67E5}"
EndProject
Global
	GlobalSection(SolutionConfigurationPlatforms) = preSolution
		Debug|Any CPU = Debug|Any CPU
		Release|Any CPU = Release|Any CPU
	EndGlobalSection
	GlobalSection(ProjectConfigurationPlatforms) = postSolution
		{2BF6313A-E6A0-4D95-8DEE-7F5B92FB67E5}.Debug|Any CPU.ActiveCfg = Debug|Any CPU
		{2BF6313A-E6A0-4D95-8DEE-7F5B92FB67E5}.Debug|Any CPU.Build.0 = Debug|Any CPU
		{2BF6313A-E6A0-4D95-8DEE-7F5B92FB67E5}.Release|Any CPU.ActiveCfg = Release|Any CPU
		{2BF6313A-E6A0-4D95-8DEE-7F5B92FB67E5}.Release|Any CPU.Build.0 = Release|Any CPU
	EndGlobalSection
	GlobalSection(SolutionProperties) = preSolution
		HideSolutionNode = FALSE
	EndGlobalSection
EndGlobal
