Microsoft Visual Studio Solution File, Format Version 11.00
# Visual Studio 2010
Project("{FAE04EC0-301F-11D3-BF4B-00C04F79EFBC}") = "WebBrowserCells_2010", "WebBrowserCells_2010.csproj", "{95D03D81-BAC9-457B-9A97-DAD734861800}"
EndProject
Global
	GlobalSection(SolutionConfiguration) = preSolution
		ConfigName.0 = Debug
		ConfigName.1 = Release
	EndGlobalSection
	GlobalSection(ProjectDependencies) = postSolution
	EndGlobalSection
	GlobalSection(ProjectConfiguration) = postSolution
		{95D03D81-BAC9-457B-9A97-DAD734861800}.Debug.ActiveCfg = Debug|.NET
		{95D03D81-BAC9-457B-9A97-DAD734861800}.Debug.Build.0 = Debug|.NET
		{95D03D81-BAC9-457B-9A97-DAD734861800}.Release.ActiveCfg = Release|.NET
		{95D03D81-BAC9-457B-9A97-DAD734861800}.Release.Build.0 = Release|.NET
	EndGlobalSection
	GlobalSection(ExtensibilityGlobals) = postSolution
	EndGlobalSection
	GlobalSection(ExtensibilityAddIns) = postSolution
	EndGlobalSection
EndGlobal
