
Microsoft Visual Studio Solution File, Format Version 11.00
# Visual Studio 2010
Project("{FAE04EC0-301F-11D3-BF4B-00C04F79EFBC}") = "Selection_2010", "Selection_2010.csproj", "{A465EF5C-86FB-4110-97AC-B847B27142BC}"
EndProject
Global
	GlobalSection(SolutionConfigurationPlatforms) = preSolution
		Debug|Any CPU = Debug|Any CPU
		Release|Any CPU = Release|Any CPU
	EndGlobalSection
	GlobalSection(ProjectConfigurationPlatforms) = postSolution
		{A465EF5C-86FB-4110-97AC-B847B27142BC}.Debug|Any CPU.ActiveCfg = Debug|Any CPU
		{A465EF5C-86FB-4110-97AC-B847B27142BC}.Debug|Any CPU.Build.0 = Debug|Any CPU
		{A465EF5C-86FB-4110-97AC-B847B27142BC}.Release|Any CPU.ActiveCfg = Release|Any CPU
		{A465EF5C-86FB-4110-97AC-B847B27142BC}.Release|Any CPU.Build.0 = Release|Any CPU
	EndGlobalSection
	GlobalSection(SolutionProperties) = preSolution
		HideSolutionNode = FALSE
	EndGlobalSection
EndGlobal
