Microsoft Visual Studio Solution File, Format Version 13.00
# Visual Studio 14
Project("{FAE04EC0-301F-11D3-BF4B-00C04F79EFBC}") = "TextFlow_2015", "TextFlow_2015.csproj", "{6560665D-DC09-4924-B622-29F7B4D0C79E}"
EndProject
Global
	GlobalSection(SolutionConfigurationPlatforms) = preSolution
		Debug|Any CPU = Debug|Any CPU
		Release|Any CPU = Release|Any CPU
	EndGlobalSection
	GlobalSection(ProjectConfigurationPlatforms) = postSolution
		{6560665D-DC09-4924-B622-29F7B4D0C79E}.Debug|Any CPU.ActiveCfg = Debug|Any CPU
		{6560665D-DC09-4924-B622-29F7B4D0C79E}.Debug|Any CPU.Build.0 = Debug|Any CPU
		{6560665D-DC09-4924-B622-29F7B4D0C79E}.Release|Any CPU.ActiveCfg = Release|Any CPU
		{6560665D-DC09-4924-B622-29F7B4D0C79E}.Release|Any CPU.Build.0 = Release|Any CPU
	EndGlobalSection
	GlobalSection(SolutionProperties) = preSolution
		HideSolutionNode = FALSE
	EndGlobalSection
EndGlobal
