
Microsoft Visual Studio Solution File, Format Version 11.00
# Visual Studio 2010
Project("{FAE04EC0-301F-11D3-BF4B-00C04F79EFBC}") = "CustomViews_2010", "CustomViews_2010.csproj", "{C049EA2E-D273-4117-AF04-675A5E0F0A55}"
EndProject
Global
	GlobalSection(SolutionConfigurationPlatforms) = preSolution
		Debug|Any CPU = Debug|Any CPU
		Release|Any CPU = Release|Any CPU
	EndGlobalSection
	GlobalSection(ProjectConfigurationPlatforms) = postSolution
		{C049EA2E-D273-4117-AF04-675A5E0F0A55}.Debug|Any CPU.ActiveCfg = Debug|Any CPU
		{C049EA2E-D273-4117-AF04-675A5E0F0A55}.Debug|Any CPU.Build.0 = Debug|Any CPU
		{C049EA2E-D273-4117-AF04-675A5E0F0A55}.Release|Any CPU.ActiveCfg = Release|Any CPU
		{C049EA2E-D273-4117-AF04-675A5E0F0A55}.Release|Any CPU.Build.0 = Release|Any CPU
	EndGlobalSection
	GlobalSection(SolutionProperties) = preSolution
		HideSolutionNode = FALSE
	EndGlobalSection
EndGlobal
