
Microsoft Visual Studio Solution File, Format Version 12.00
# Visual Studio 2012
Project("{FAE04EC0-301F-11D3-BF4B-00C04F79EFBC}") = "Booklet_2012", "Booklet_2012.csproj", "{B62802A1-4CC1-4D73-BB44-57C5406DEDCA}"
EndProject
Global
	GlobalSection(SolutionConfigurationPlatforms) = preSolution
		Debug|Any CPU = Debug|Any CPU
		Release|Any CPU = Release|Any CPU
	EndGlobalSection
	GlobalSection(ProjectConfigurationPlatforms) = postSolution
		{B62802A1-4CC1-4D73-BB44-57C5406DEDCA}.Debug|Any CPU.ActiveCfg = Debug|Any CPU
		{B62802A1-4CC1-4D73-BB44-57C5406DEDCA}.Debug|Any CPU.Build.0 = Debug|Any CPU
		{B62802A1-4CC1-4D73-BB44-57C5406DEDCA}.Release|Any CPU.ActiveCfg = Release|Any CPU
		{B62802A1-4CC1-4D73-BB44-57C5406DEDCA}.Release|Any CPU.Build.0 = Release|Any CPU
	EndGlobalSection
	GlobalSection(SolutionProperties) = preSolution
		HideSolutionNode = FALSE
	EndGlobalSection
EndGlobal
