
Microsoft Visual Studio Solution File, Format Version 12.00
# Visual Studio 14
VisualStudioVersion = 14.0.23103.0
MinimumVisualStudioVersion = 10.0.40219.1
Project("{FAE04EC0-301F-11D3-BF4B-00C04F79EFBC}") = "Expander_2015", "Expander_2015.csproj", "{33704BE5-C7F2-4246-8BE9-28010EC49D00}"
EndProject
Global
	GlobalSection(SolutionConfigurationPlatforms) = preSolution
		Debug|Any CPU = Debug|Any CPU
		Debug|x86 = Debug|x86
		Release|Any CPU = Release|Any CPU
		Release|x86 = Release|x86
		Release-XML|Any CPU = Release-XML|Any CPU
		Release-XML|x86 = Release-XML|x86
	EndGlobalSection
	GlobalSection(ProjectConfigurationPlatforms) = postSolution
		{33704BE5-C7F2-4246-8BE9-28010EC49D00}.Debug|Any CPU.ActiveCfg = Debug|Any CPU
		{33704BE5-C7F2-4246-8BE9-28010EC49D00}.Debug|Any CPU.Build.0 = Debug|Any CPU
		{33704BE5-C7F2-4246-8BE9-28010EC49D00}.Debug|x86.ActiveCfg = Debug|x86
		{33704BE5-C7F2-4246-8BE9-28010EC49D00}.Debug|x86.Build.0 = Debug|x86
		{33704BE5-C7F2-4246-8BE9-28010EC49D00}.Release|Any CPU.ActiveCfg = Release|Any CPU
		{33704BE5-C7F2-4246-8BE9-28010EC49D00}.Release|Any CPU.Build.0 = Release|Any CPU
		{33704BE5-C7F2-4246-8BE9-28010EC49D00}.Release|x86.ActiveCfg = Release|x86
		{33704BE5-C7F2-4246-8BE9-28010EC49D00}.Release|x86.Build.0 = Release|x86
		{33704BE5-C7F2-4246-8BE9-28010EC49D00}.Release-XML|Any CPU.ActiveCfg = Release-XML|Any CPU
		{33704BE5-C7F2-4246-8BE9-28010EC49D00}.Release-XML|Any CPU.Build.0 = Release-XML|Any CPU
		{33704BE5-C7F2-4246-8BE9-28010EC49D00}.Release-XML|x86.ActiveCfg = Release-XML|x86
		{33704BE5-C7F2-4246-8BE9-28010EC49D00}.Release-XML|x86.Build.0 = Release-XML|x86
	EndGlobalSection
	GlobalSection(SolutionProperties) = preSolution
		HideSolutionNode = FALSE
	EndGlobalSection
EndGlobal
