Microsoft Visual Studio Solution File, Format Version 12.00
# Visual Studio Version 17
VisualStudioVersion = 17.12.35309.182
MinimumVisualStudioVersion = 10.0.40219.1
Project("{FAE04EC0-301F-11D3-BF4B-00C04F79EFBC}") = "Customization_NET90", "Customization_NET90.csproj", "{E49578F6-892E-4E1E-BA9A-CD4BED3C50B2}"
EndProject

Global
	GlobalSection(SolutionConfigurationPlatforms) = preSolution
		Debug|Any CPU = Debug|Any CPU
		Debug-Xml|Any CPU = Debug-Xml|Any CPU
		Release|Any CPU = Release|Any CPU
		Release-Xml|Any CPU = Release-Xml|Any CPU
	EndGlobalSection
	GlobalSection(ProjectConfigurationPlatforms) = postSolution
		{E49578F6-892E-4E1E-BA9A-CD4BED3C50B2}.Debug|Any CPU.ActiveCfg = Debug|Any CPU
		{E49578F6-892E-4E1E-BA9A-CD4BED3C50B2}.Debug|Any CPU.Build.0 = Debug|Any CPU
		{E49578F6-892E-4E1E-BA9A-CD4BED3C50B2}.Debug-Xml|Any CPU.ActiveCfg = Debug|Any CPU
		{E49578F6-892E-4E1E-BA9A-CD4BED3C50B2}.Debug-Xml|Any CPU.Build.0 = Debug|Any CPU
		{E49578F6-892E-4E1E-BA9A-CD4BED3C50B2}.Release|Any CPU.ActiveCfg = Release|Any CPU
		{E49578F6-892E-4E1E-BA9A-CD4BED3C50B2}.Release|Any CPU.Build.0 = Release|Any CPU
		{E49578F6-892E-4E1E-BA9A-CD4BED3C50B2}.Release-Xml|Any CPU.ActiveCfg = Release|Any CPU
		{E49578F6-892E-4E1E-BA9A-CD4BED3C50B2}.Release-Xml|Any CPU.Build.0 = Release|Any CPU
		{FD31398C-A865-49F5-891E-2AB8D6CA9222}.Debug|Any CPU.ActiveCfg = Debug|Any CPU
		{FD31398C-A865-49F5-891E-2AB8D6CA9222}.Debug|Any CPU.Build.0 = Debug|Any CPU
		{FD31398C-A865-49F5-891E-2AB8D6CA9222}.Debug-Xml|Any CPU.ActiveCfg = Debug-Xml|Any CPU
		{FD31398C-A865-49F5-891E-2AB8D6CA9222}.Debug-Xml|Any CPU.Build.0 = Debug-Xml|Any CPU
		{FD31398C-A865-49F5-891E-2AB8D6CA9222}.Release|Any CPU.ActiveCfg = Release|Any CPU
		{FD31398C-A865-49F5-891E-2AB8D6CA9222}.Release|Any CPU.Build.0 = Release|Any CPU
		{FD31398C-A865-49F5-891E-2AB8D6CA9222}.Release-Xml|Any CPU.ActiveCfg = Release-Xml|Any CPU
		{FD31398C-A865-49F5-891E-2AB8D6CA9222}.Release-Xml|Any CPU.Build.0 = Release-Xml|Any CPU
		{699B93CE-7261-476D-B137-09E5390E3837}.Debug|Any CPU.ActiveCfg = Debug|Any CPU
		{699B93CE-7261-476D-B137-09E5390E3837}.Debug|Any CPU.Build.0 = Debug|Any CPU
		{699B93CE-7261-476D-B137-09E5390E3837}.Debug-Xml|Any CPU.ActiveCfg = Debug-Xml|Any CPU
		{699B93CE-7261-476D-B137-09E5390E3837}.Debug-Xml|Any CPU.Build.0 = Debug-Xml|Any CPU
		{699B93CE-7261-476D-B137-09E5390E3837}.Release|Any CPU.ActiveCfg = Release|Any CPU
		{699B93CE-7261-476D-B137-09E5390E3837}.Release|Any CPU.Build.0 = Release|Any CPU
		{699B93CE-7261-476D-B137-09E5390E3837}.Release-Xml|Any CPU.ActiveCfg = Release-Xml|Any CPU
		{699B93CE-7261-476D-B137-09E5390E3837}.Release-Xml|Any CPU.Build.0 = Release-Xml|Any CPU
	EndGlobalSection
	GlobalSection(SolutionProperties) = preSolution
		HideSolutionNode = FALSE
	EndGlobalSection
EndGlobal
