
Microsoft Visual Studio Solution File, Format Version 12.00
# Visual Studio 15
VisualStudioVersion = 15.0.28010.2036
MinimumVisualStudioVersion = 10.0.40219.1
Project("{FAE04EC0-301F-11D3-BF4B-00C04F79EFBC}") = "GettingStarted_2017", "GettingStarted_2017.csproj", "{87350870-FE2F-482C-B77C-6E810303F17D}"
EndProject
Global
	GlobalSection(SolutionConfigurationPlatforms) = preSolution
		Debug|Any CPU = Debug|Any CPU
		Release|Any CPU = Release|Any CPU
	EndGlobalSection
	GlobalSection(ProjectConfigurationPlatforms) = postSolution
		{87350870-FE2F-482C-B77C-6E810303F17D}.Debug|Any CPU.ActiveCfg = Debug|Any CPU
		{87350870-FE2F-482C-B77C-6E810303F17D}.Debug|Any CPU.Build.0 = Debug|Any CPU
		{87350870-FE2F-482C-B77C-6E810303F17D}.Release|Any CPU.ActiveCfg = Release|Any CPU
		{87350870-FE2F-482C-B77C-6E810303F17D}.Release|Any CPU.Build.0 = Release|Any CPU
	EndGlobalSection
	GlobalSection(SolutionProperties) = preSolution
		HideSolutionNode = FALSE
	EndGlobalSection
	GlobalSection(ExtensibilityGlobals) = postSolution
		SolutionGuid = {461B76C9-38ED-4073-8F8E-AABC9BDBB7FF}
	EndGlobalSection
EndGlobal
