
Microsoft Visual Studio Solution File, Format Version 12.00
# Visual Studio 2010
Project("{FAE04EC0-301F-11D3-BF4B-00C04F79EFBC}") = "ColorPicker_2010", "ColorPicker_2010.csproj", "{BC6372AA-21E5-438F-A83E-BAFD04369527}"
EndProject
Global
	GlobalSection(SolutionConfigurationPlatforms) = preSolution
		Debug|Any CPU = Debug|Any CPU
		Release|Any CPU = Release|Any CPU
	EndGlobalSection
	GlobalSection(ProjectConfigurationPlatforms) = postSolution
		{BC6372AA-21E5-438F-A83E-BAFD04369527}.Debug|Any CPU.ActiveCfg = Debug|Any CPU
		{BC6372AA-21E5-438F-A83E-BAFD04369527}.Debug|Any CPU.Build.0 = Debug|Any CPU
		{BC6372AA-21E5-438F-A83E-BAFD04369527}.Release|Any CPU.ActiveCfg = Release|Any CPU
		{BC6372AA-21E5-438F-A83E-BAFD04369527}.Release|Any CPU.Build.0 = Release|Any CPU
	EndGlobalSection
	GlobalSection(SolutionProperties) = preSolution
		HideSolutionNode = FALSE
	EndGlobalSection
	GlobalSection(ExtensibilityGlobals) = postSolution
		SolutionGuid = {5B20958C-786E-491F-BF57-B8AEBEF1537E}
	EndGlobalSection
EndGlobal
