
Microsoft Visual Studio Solution File, Format Version 12.00
# Visual Studio 14
VisualStudioVersion = 14.0.25420.1
MinimumVisualStudioVersion = 10.0.40219.1
Project("{FAE04EC0-301F-11D3-BF4B-00C04F79EFBC}") = "UnitConverterDemo_2015", "UnitConverterDemo_2015.csproj", "{D28F98A2-C834-4C67-8346-18D82D07B871}"
EndProject
Global
	GlobalSection(SolutionConfigurationPlatforms) = preSolution
		Debug|Any CPU = Debug|Any CPU
		Debug-Xml|Any CPU = Debug-Xml|Any CPU
		Release|Any CPU = Release|Any CPU
		Release-Xml|Any CPU = Release-Xml|Any CPU
	EndGlobalSection
	GlobalSection(ProjectConfigurationPlatforms) = postSolution
		{D28F98A2-C834-4C67-8346-18D82D07B871}.Debug|Any CPU.ActiveCfg = Debug|Any CPU
		{D28F98A2-C834-4C67-8346-18D82D07B871}.Debug|Any CPU.Build.0 = Debug|Any CPU
		{D28F98A2-C834-4C67-8346-18D82D07B871}.Debug-Xml|Any CPU.ActiveCfg = Debug|Any CPU
		{D28F98A2-C834-4C67-8346-18D82D07B871}.Debug-Xml|Any CPU.Build.0 = Debug|Any CPU
		{D28F98A2-C834-4C67-8346-18D82D07B871}.Release|Any CPU.ActiveCfg = Release|Any CPU
		{D28F98A2-C834-4C67-8346-18D82D07B871}.Release|Any CPU.Build.0 = Release|Any CPU
		{D28F98A2-C834-4C67-8346-18D82D07B871}.Release-Xml|Any CPU.ActiveCfg = Release|Any CPU
		{D28F98A2-C834-4C67-8346-18D82D07B871}.Release-Xml|Any CPU.Build.0 = Release|Any CPU
	EndGlobalSection
	GlobalSection(SolutionProperties) = preSolution
		HideSolutionNode = FALSE
	EndGlobalSection
EndGlobal
