
Microsoft Visual Studio Solution File, Format Version 11.00
# Visual Studio 2010
Project("{FAE04EC0-301F-11D3-BF4B-00C04F79EFBC}") = "LINQDataSource_2010", "LINQDataSource_2010.csproj", "{3F391547-6F71-41E9-B841-CF6D844A222D}"
EndProject
Global
	GlobalSection(SolutionConfigurationPlatforms) = preSolution
		Debug|Any CPU = Debug|Any CPU
		Release|Any CPU = Release|Any CPU
	EndGlobalSection
	GlobalSection(ProjectConfigurationPlatforms) = postSolution
		{3F391547-6F71-41E9-B841-CF6D844A222D}.Debug|Any CPU.ActiveCfg = Debug|Any CPU
		{3F391547-6F71-41E9-B841-CF6D844A222D}.Debug|Any CPU.Build.0 = Debug|Any CPU
		{3F391547-6F71-41E9-B841-CF6D844A222D}.Release|Any CPU.ActiveCfg = Release|Any CPU
		{3F391547-6F71-41E9-B841-CF6D844A222D}.Release|Any CPU.Build.0 = Release|Any CPU
	EndGlobalSection
	GlobalSection(SolutionProperties) = preSolution
		HideSolutionNode = FALSE
	EndGlobalSection
EndGlobal
