Microsoft Visual Studio Solution File, Format Version 11.00
# Visual Studio 2010
Project("{FAE04EC0-301F-11D3-BF4B-00C04F79EFBC}") = "EngineOptimizations_2010", "EngineOptimizations_2010.csproj", "{291A0219-1A39-4A58-8B08-9F701577047C}"
EndProject
Global
	GlobalSection(SolutionConfiguration) = preSolution
		ConfigName.0 = Debug
		ConfigName.1 = Release
	EndGlobalSection
	GlobalSection(ProjectDependencies) = postSolution
	EndGlobalSection
	GlobalSection(ProjectConfiguration) = postSolution
		{291A0219-1A39-4A58-8B08-9F701577047C}.Debug.ActiveCfg = Debug|.NET
		{291A0219-1A39-4A58-8B08-9F701577047C}.Debug.Build.0 = Debug|.NET
		{291A0219-1A39-4A58-8B08-9F701577047C}.Release.ActiveCfg = Release|.NET
		{291A0219-1A39-4A58-8B08-9F701577047C}.Release.Build.0 = Release|.NET
	EndGlobalSection
	GlobalSection(ExtensibilityGlobals) = postSolution
	EndGlobalSection
	GlobalSection(ExtensibilityAddIns) = postSolution
	EndGlobalSection
EndGlobal
