Microsoft Visual Studio Solution File, Format Version 11.00
# Visual Studio 2010
Project("{FAE04EC0-301F-11D3-BF4B-00C04F79EFBC}") = "Sorting_2010", "Sorting_2010.csproj", "{0DB24627-1EE1-4B7C-AE57-C0FAAD2FB801}"
EndProject
Global
	GlobalSection(SolutionConfigurationPlatforms) = preSolution
		Debug|Any CPU = Debug|Any CPU
		Release|Any CPU = Release|Any CPU
	EndGlobalSection
	GlobalSection(ProjectConfigurationPlatforms) = postSolution
		{0DB24627-1EE1-4B7C-AE57-C0FAAD2FB801}.Debug|Any CPU.ActiveCfg = Debug|Any CPU
		{0DB24627-1EE1-4B7C-AE57-C0FAAD2FB801}.Debug|Any CPU.Build.0 = Debug|Any CPU
		{0DB24627-1EE1-4B7C-AE57-C0FAAD2FB801}.Release|Any CPU.ActiveCfg = Release|Any CPU
		{0DB24627-1EE1-4B7C-AE57-C0FAAD2FB801}.Release|Any CPU.Build.0 = Release|Any CPU
	EndGlobalSection
	GlobalSection(SolutionProperties) = preSolution
		HideSolutionNode = FALSE
	EndGlobalSection
EndGlobal
