Microsoft Visual Studio Solution File, Format Version 13.00
# Visual Studio 15
Project("{FAE04EC0-301F-11D3-BF4B-00C04F79EFBC}") = "MergePDF_2017", "MergePDF_2017.csproj", "{12255E6E-28DA-4D62-9696-646C9C6B9852}"
EndProject
Global
	GlobalSection(SolutionConfigurationPlatforms) = preSolution
		Debug|Any CPU = Debug|Any CPU
		Release|Any CPU = Release|Any CPU
	EndGlobalSection
	GlobalSection(ProjectConfigurationPlatforms) = postSolution
		{12255E6E-28DA-4D62-9696-646C9C6B9852}.Debug|Any CPU.ActiveCfg = Debug|Any CPU
		{12255E6E-28DA-4D62-9696-646C9C6B9852}.Debug|Any CPU.Build.0 = Debug|Any CPU
		{12255E6E-28DA-4D62-9696-646C9C6B9852}.Release|Any CPU.ActiveCfg = Release|Any CPU
		{12255E6E-28DA-4D62-9696-646C9C6B9852}.Release|Any CPU.Build.0 = Release|Any CPU
	EndGlobalSection
	GlobalSection(SolutionProperties) = preSolution
		HideSolutionNode = FALSE
	EndGlobalSection
EndGlobal
