
Microsoft Visual Studio Solution File, Format Version 11.00
# Visual Studio 2010
Project("{FAE04EC0-301F-11D3-BF4B-00C04F79EFBC}") = "HTMLUIControlEvents_2010", "HTMLUIControlEvents_2010.csproj", "{B35B9952-B523-4C79-AEEC-8435E2E8B4A8}"
EndProject
Global
	GlobalSection(SolutionConfigurationPlatforms) = preSolution
		Debug|Any CPU = Debug|Any CPU
		Release|Any CPU = Release|Any CPU
	EndGlobalSection
	GlobalSection(ProjectConfigurationPlatforms) = postSolution
		{B35B9952-B523-4C79-AEEC-8435E2E8B4A8}.Debug|Any CPU.ActiveCfg = Debug|Any CPU
		{B35B9952-B523-4C79-AEEC-8435E2E8B4A8}.Debug|Any CPU.Build.0 = Debug|Any CPU
		{B35B9952-B523-4C79-AEEC-8435E2E8B4A8}.Release|Any CPU.ActiveCfg = Release|Any CPU
		{B35B9952-B523-4C79-AEEC-8435E2E8B4A8}.Release|Any CPU.Build.0 = Release|Any CPU
	EndGlobalSection
	GlobalSection(SolutionProperties) = preSolution
		HideSolutionNode = FALSE
	EndGlobalSection
EndGlobal
