Microsoft Visual Studio Solution File, Format Version 12.00
# Visual Studio Version 17
VisualStudioVersion = 17.1.31903.286
MinimumVisualStudioVersion = 10.0.40219.1
Project("{FAE04EC0-301F-11D3-BF4B-00C04F79EFBC}") = "PatientMonitoringDemo_NET60", "PatientMonitoringDemo_NET60.csproj", "{82450947-1346-4DA4-9326-3C5A3EE1789B}"
EndProject
Global
	GlobalSection(SolutionConfigurationPlatforms) = preSolution
		Debug|x86 = Debug|x86
		Release|x86 = Release|x86
	EndGlobalSection
	GlobalSection(ProjectConfigurationPlatforms) = postSolution
		{82450947-1346-4DA4-9326-3C5A3EE1789B}.Debug|x86.ActiveCfg = Debug|Any CPU
		{82450947-1346-4DA4-9326-3C5A3EE1789B}.Debug|x86.Build.0 = Debug|Any CPU
		{82450947-1346-4DA4-9326-3C5A3EE1789B}.Release|x86.ActiveCfg = Release|Any CPU
		{82450947-1346-4DA4-9326-3C5A3EE1789B}.Release|x86.Build.0 = Release|Any CPU
	EndGlobalSection
	GlobalSection(SolutionProperties) = preSolution
		HideSolutionNode = FALSE
	EndGlobalSection
	GlobalSection(ExtensibilityGlobals) = postSolution
		SolutionGuid = {ACA33BB8-FBA7-45BF-884C-81120CEB268D}
	EndGlobalSection
EndGlobal
