
Microsoft Visual Studio Solution File, Format Version 11.00
# Visual Studio 2010
Project("{FAE04EC0-301F-11D3-BF4B-00C04F79EFBC}") = "Virtual Importing_2010", "Virtual Importing_2010.csproj", "{BB1F7151-10C1-4F50-B178-F8D491CD9380}"
EndProject
Global
	GlobalSection(SolutionConfigurationPlatforms) = preSolution
		Debug|x86 = Debug|x86
		Release|x86 = Release|x86
	EndGlobalSection
	GlobalSection(ProjectConfigurationPlatforms) = postSolution
		{BB1F7151-10C1-4F50-B178-F8D491CD9380}.Debug|x86.ActiveCfg = Debug|x86
		{BB1F7151-10C1-4F50-B178-F8D491CD9380}.Debug|x86.Build.0 = Debug|x86
		{BB1F7151-10C1-4F50-B178-F8D491CD9380}.Release|x86.ActiveCfg = Release|x86
		{BB1F7151-10C1-4F50-B178-F8D491CD9380}.Release|x86.Build.0 = Release|x86
	EndGlobalSection
	GlobalSection(SolutionProperties) = preSolution
		HideSolutionNode = FALSE
	EndGlobalSection
EndGlobal
