
Microsoft Visual Studio Solution File, Format Version 12.00
# Visual Studio 15
VisualStudioVersion = 15.0.28307.168
MinimumVisualStudioVersion = 10.0.40219.1
Project("{FAE04EC0-301F-11D3-BF4B-00C04F79EFBC}") = "PopupContainer_2017", "PopupContainer_2017.csproj", "{9C10D5B5-F72B-4D7A-9320-8D77210BAD73}"
EndProject
Global
	GlobalSection(SolutionConfigurationPlatforms) = preSolution
		Debug|Any CPU = Debug|Any CPU
		Release|Any CPU = Release|Any CPU
	EndGlobalSection
	GlobalSection(ProjectConfigurationPlatforms) = postSolution
		{9C10D5B5-F72B-4D7A-9320-8D77210BAD73}.Debug|Any CPU.ActiveCfg = Debug|Any CPU
		{9C10D5B5-F72B-4D7A-9320-8D77210BAD73}.Debug|Any CPU.Build.0 = Debug|Any CPU
		{9C10D5B5-F72B-4D7A-9320-8D77210BAD73}.Release|Any CPU.ActiveCfg = Release|Any CPU
		{9C10D5B5-F72B-4D7A-9320-8D77210BAD73}.Release|Any CPU.Build.0 = Release|Any CPU
	EndGlobalSection
	GlobalSection(SolutionProperties) = preSolution
		HideSolutionNode = FALSE
	EndGlobalSection
	GlobalSection(ExtensibilityGlobals) = postSolution
		SolutionGuid = {36AB95F8-8940-4E1E-9D4B-8129E884EE82}
	EndGlobalSection
EndGlobal
