
Microsoft Visual Studio Solution File, Format Version 12.00
# Visual Studio Version 16
VisualStudioVersion = 16.0.29020.237
MinimumVisualStudioVersion = 10.0.40219.1
Project("{9A19103F-16F7-4668-BE54-9A1E7A4F7556}") = "DatafromCSV_NETCore", "DatafromCSV_NETCore.csproj", "{810C90CE-159D-400B-8625-179A257CF3A6}"
EndProject
Global
	GlobalSection(SolutionConfigurationPlatforms) = preSolution
		Debug|Any CPU = Debug|Any CPU
		Release|Any CPU = Release|Any CPU
	EndGlobalSection
	GlobalSection(ProjectConfigurationPlatforms) = postSolution
		{810C90CE-159D-400B-8625-179A257CF3A6}.Debug|Any CPU.ActiveCfg = Debug|Any CPU
		{810C90CE-159D-400B-8625-179A257CF3A6}.Debug|Any CPU.Build.0 = Debug|Any CPU
		{810C90CE-159D-400B-8625-179A257CF3A6}.Release|Any CPU.ActiveCfg = Release|Any CPU
		{810C90CE-159D-400B-8625-179A257CF3A6}.Release|Any CPU.Build.0 = Release|Any CPU
	EndGlobalSection
	GlobalSection(SolutionProperties) = preSolution
		HideSolutionNode = FALSE
	EndGlobalSection
	GlobalSection(ExtensibilityGlobals) = postSolution
		SolutionGuid = {3586B59C-90B5-40E2-888B-6DC66BB117C8}
	EndGlobalSection
EndGlobal
