
Microsoft Visual Studio Solution File, Format Version 11.00
# Visual Studio 2010
Project("{FAE04EC0-301F-11D3-BF4B-00C04F79EFBC}") = "CustomCaption_2010", "CustomCaption_2010.csproj", "{8A8795D0-96C0-417B-85AB-A5653FD0FDC5}"
EndProject
Global
	GlobalSection(SolutionConfigurationPlatforms) = preSolution
		Debug|Any CPU = Debug|Any CPU
		Release|Any CPU = Release|Any CPU
	EndGlobalSection
	GlobalSection(ProjectConfigurationPlatforms) = postSolution
		{8A8795D0-96C0-417B-85AB-A5653FD0FDC5}.Debug|Any CPU.ActiveCfg = Debug|Any CPU
		{8A8795D0-96C0-417B-85AB-A5653FD0FDC5}.Debug|Any CPU.Build.0 = Debug|Any CPU
		{8A8795D0-96C0-417B-85AB-A5653FD0FDC5}.Release|Any CPU.ActiveCfg = Release|Any CPU
		{8A8795D0-96C0-417B-85AB-A5653FD0FDC5}.Release|Any CPU.Build.0 = Release|Any CPU
	EndGlobalSection
	GlobalSection(SolutionProperties) = preSolution
		HideSolutionNode = FALSE
	EndGlobalSection
EndGlobal
