Microsoft Visual Studio Solution File, Format Version 13.00
# Visual Studio 14
Project("{FAE04EC0-301F-11D3-BF4B-00C04F79EFBC}") = "PDFCompression_2015", "PDFCompression_2015.csproj", "{275D6414-32E8-45CD-8F8A-2D20EF5861BA}"
EndProject
Global
	GlobalSection(SolutionConfigurationPlatforms) = preSolution
		Debug|Any CPU = Debug|Any CPU
		Release|Any CPU = Release|Any CPU
	EndGlobalSection
	GlobalSection(ProjectConfigurationPlatforms) = postSolution
		{275D6414-32E8-45CD-8F8A-2D20EF5861BA}.Debug|Any CPU.ActiveCfg = Debug|Any CPU
		{275D6414-32E8-45CD-8F8A-2D20EF5861BA}.Debug|Any CPU.Build.0 = Debug|Any CPU
		{275D6414-32E8-45CD-8F8A-2D20EF5861BA}.Release|Any CPU.ActiveCfg = Release|Any CPU
		{275D6414-32E8-45CD-8F8A-2D20EF5861BA}.Release|Any CPU.Build.0 = Release|Any CPU
	EndGlobalSection
	GlobalSection(SolutionProperties) = preSolution
		HideSolutionNode = FALSE
	EndGlobalSection
EndGlobal
