
Microsoft Visual Studio Solution File, Format Version 11.00
# Visual Studio 2010
Project("{FAE04EC0-301F-11D3-BF4B-00C04F79EFBC}") = "UniformChildList_2010", "UniformChildList_2010.csproj", "{F2B14F90-5687-4272-9E6D-D15C79088D54}"
EndProject
Global
	GlobalSection(SolutionConfigurationPlatforms) = preSolution
		Debug|Any CPU = Debug|Any CPU
		Release|Any CPU = Release|Any CPU
	EndGlobalSection
	GlobalSection(ProjectConfigurationPlatforms) = postSolution
		{F2B14F90-5687-4272-9E6D-D15C79088D54}.Debug|Any CPU.ActiveCfg = Debug|Any CPU
		{F2B14F90-5687-4272-9E6D-D15C79088D54}.Debug|Any CPU.Build.0 = Debug|Any CPU
		{F2B14F90-5687-4272-9E6D-D15C79088D54}.Release|Any CPU.ActiveCfg = Release|Any CPU
		{F2B14F90-5687-4272-9E6D-D15C79088D54}.Release|Any CPU.Build.0 = Release|Any CPU
	EndGlobalSection
	GlobalSection(SolutionProperties) = preSolution
		HideSolutionNode = FALSE
	EndGlobalSection
	GlobalSection(DPCodeReviewSolutionGUID) = preSolution
		DPCodeReviewSolutionGUID = {00000000-0000-0000-0000-000000000000}
	EndGlobalSection
EndGlobal
