Microsoft Visual Studio Solution File, Format Version 12.00
# Visual Studio Version 17
VisualStudioVersion = 17.1.31903.286
MinimumVisualStudioVersion = 10.0.40219.1
Project("{FAE04EC0-301F-11D3-BF4B-00C04F79EFBC}") = "CarDashboard_NET60", "CarDashboard_NET60.csproj", "{FCA5950F-AF83-4863-8662-B8D6098159E0}"
EndProject
Global
	GlobalSection(SolutionConfigurationPlatforms) = preSolution
		Debug|Any CPU = Debug|Any CPU
		Release|Any CPU = Release|Any CPU
	EndGlobalSection
	GlobalSection(ProjectConfigurationPlatforms) = postSolution
		{FCA5950F-AF83-4863-8662-B8D6098159E0}.Debug|Any CPU.ActiveCfg = Debug|Any CPU
		{FCA5950F-AF83-4863-8662-B8D6098159E0}.Debug|Any CPU.Build.0 = Debug|Any CPU
		{FCA5950F-AF83-4863-8662-B8D6098159E0}.Release|Any CPU.ActiveCfg = Release|Any CPU
		{FCA5950F-AF83-4863-8662-B8D6098159E0}.Release|Any CPU.Build.0 = Release|Any CPU
	EndGlobalSection
	GlobalSection(SolutionProperties) = preSolution
		HideSolutionNode = FALSE
	EndGlobalSection
	GlobalSection(ExtensibilityGlobals) = postSolution
		SolutionGuid = {61E2B518-5980-49EC-9909-BC8FBE162057}
	EndGlobalSection
EndGlobal
