
Microsoft Visual Studio Solution File, Format Version 12.00
# Visual Studio 2012
Project("{FAE04EC0-301F-11D3-BF4B-00C04F79EFBC}") = "GettingStarted_2012", "GettingStarted_2012.csproj", "{87350870-FE2F-482C-B77C-6E810303F17D}"
EndProject
Global
	GlobalSection(SolutionConfigurationPlatforms) = preSolution
		Debug|Any CPU = Debug|Any CPU
		Release|Any CPU = Release|Any CPU
	EndGlobalSection
	GlobalSection(ProjectConfigurationPlatforms) = postSolution
		{87350870-FE2F-482C-B77C-6E810303F17D}.Debug|Any CPU.ActiveCfg = Debug|Any CPU
		{87350870-FE2F-482C-B77C-6E810303F17D}.Debug|Any CPU.Build.0 = Debug|Any CPU
		{87350870-FE2F-482C-B77C-6E810303F17D}.Release|Any CPU.ActiveCfg = Release|Any CPU
		{87350870-FE2F-482C-B77C-6E810303F17D}.Release|Any CPU.Build.0 = Release|Any CPU
	EndGlobalSection
	GlobalSection(SolutionProperties) = preSolution
		HideSolutionNode = FALSE
	EndGlobalSection
EndGlobal
