Microsoft Visual Studio Solution File, Format Version 12.00
# Visual Studio Version 16
VisualStudioVersion = 16.0.29020.237
MinimumVisualStudioVersion = 10.0.40219.1
Project("{9A19103F-16F7-4668-BE54-9A1E7A4F7556}") = "CustomizationDemo_NET50", "CustomizationDemo_NET50.csproj", "{3619FF63-EC0D-456C-93A1-BEDA4DFEFFE4}"
EndProject
Global
	GlobalSection(SolutionConfigurationPlatforms) = preSolution
		Debug|Any CPU = Debug|Any CPU
		Debug|x86 = Debug|x86
		Release|Any CPU = Release|Any CPU
		Release|x86 = Release|x86
	EndGlobalSection
	GlobalSection(ProjectConfigurationPlatforms) = postSolution
		{3619FF63-EC0D-456C-93A1-BEDA4DFEFFE4}.Debug|Any CPU.ActiveCfg = Debug|Any CPU
		{3619FF63-EC0D-456C-93A1-BEDA4DFEFFE4}.Debug|Any CPU.Build.0 = Debug|Any CPU
		{3619FF63-EC0D-456C-93A1-BEDA4DFEFFE4}.Debug|x86.ActiveCfg = Debug|Any CPU
		{3619FF63-EC0D-456C-93A1-BEDA4DFEFFE4}.Debug|x86.Build.0 = Debug|Any CPU
		{3619FF63-EC0D-456C-93A1-BEDA4DFEFFE4}.Release|Any CPU.ActiveCfg = Release|Any CPU
		{3619FF63-EC0D-456C-93A1-BEDA4DFEFFE4}.Release|Any CPU.Build.0 = Release|Any CPU
		{3619FF63-EC0D-456C-93A1-BEDA4DFEFFE4}.Release|x86.ActiveCfg = Release|x86
		{3619FF63-EC0D-456C-93A1-BEDA4DFEFFE4}.Release|x86.Build.0 = Release|x86
	EndGlobalSection
	GlobalSection(SolutionProperties) = preSolution
		HideSolutionNode = FALSE
	EndGlobalSection
	GlobalSection(ExtensibilityGlobals) = postSolution
		SolutionGuid = {21B15EC6-E777-4C6E-906D-A8970858E101}
	EndGlobalSection
EndGlobal
