Microsoft Visual Studio Solution File, Format Version 11.00
# Visual Studio 2010
Project("{FAE04EC0-301F-11D3-BF4B-00C04F79EFBC}") = "FormulaGrid_2010", "FormulaGrid_2010.csproj", "{50797FDF-EB81-447A-B8FE-5A651F52EFAB}"
EndProject
Global
	GlobalSection(SolutionConfiguration) = preSolution
		ConfigName.0 = Debug
		ConfigName.1 = Debug XML
		ConfigName.2 = Release
	EndGlobalSection
	GlobalSection(ProjectDependencies) = postSolution
	EndGlobalSection
	GlobalSection(ProjectConfiguration) = postSolution
		{50797FDF-EB81-447A-B8FE-5A651F52EFAB}.Debug.ActiveCfg = Debug|.NET
		{50797FDF-EB81-447A-B8FE-5A651F52EFAB}.Debug.Build.0 = Debug|.NET
		{50797FDF-EB81-447A-B8FE-5A651F52EFAB}.Debug XML.ActiveCfg = Debug|.NET
		{50797FDF-EB81-447A-B8FE-5A651F52EFAB}.Debug XML.Build.0 = Debug|.NET
		{50797FDF-EB81-447A-B8FE-5A651F52EFAB}.Release.ActiveCfg = Release|.NET
		{50797FDF-EB81-447A-B8FE-5A651F52EFAB}.Release.Build.0 = Release|.NET
	EndGlobalSection
	GlobalSection(ExtensibilityGlobals) = postSolution
	EndGlobalSection
	GlobalSection(ExtensibilityAddIns) = postSolution
	EndGlobalSection
EndGlobal
