
Microsoft Visual Studio Solution File, Format Version 12.00
# Visual Studio 15
VisualStudioVersion = 15.0.28307.168
MinimumVisualStudioVersion = 10.0.40219.1
Project("{FAE04EC0-301F-11D3-BF4B-00C04F79EFBC}") = "ControlBar _2017", "ControlBar _2017.csproj", "{80329C97-BFDC-49F0-B623-41F4648335C9}"
EndProject
Global
	GlobalSection(SolutionConfigurationPlatforms) = preSolution
		Debug|Any CPU = Debug|Any CPU
		Debug-XML|Any CPU = Debug-XML|Any CPU
		Release|Any CPU = Release|Any CPU
		Release-XML|Any CPU = Release-XML|Any CPU
	EndGlobalSection
	GlobalSection(ProjectConfigurationPlatforms) = postSolution
		{80329C97-BFDC-49F0-B623-41F4648335C9}.Debug|Any CPU.ActiveCfg = Debug|Any CPU
		{80329C97-BFDC-49F0-B623-41F4648335C9}.Debug|Any CPU.Build.0 = Debug|Any CPU
		{80329C97-BFDC-49F0-B623-41F4648335C9}.Debug-XML|Any CPU.ActiveCfg = Debug|Any CPU
		{80329C97-BFDC-49F0-B623-41F4648335C9}.Debug-XML|Any CPU.Build.0 = Debug|Any CPU
		{80329C97-BFDC-49F0-B623-41F4648335C9}.Release|Any CPU.ActiveCfg = Release|Any CPU
		{80329C97-BFDC-49F0-B623-41F4648335C9}.Release|Any CPU.Build.0 = Release|Any CPU
		{80329C97-BFDC-49F0-B623-41F4648335C9}.Release-XML|Any CPU.ActiveCfg = Release|Any CPU
		{80329C97-BFDC-49F0-B623-41F4648335C9}.Release-XML|Any CPU.Build.0 = Release|Any CPU
	EndGlobalSection
	GlobalSection(SolutionProperties) = preSolution
		HideSolutionNode = FALSE
	EndGlobalSection
	GlobalSection(ExtensibilityGlobals) = postSolution
		SolutionGuid = {0824FBF9-DF73-4B96-874B-6604ED0E59FE}
	EndGlobalSection
EndGlobal
