
Microsoft Visual Studio Solution File, Format Version 12.00
# Visual Studio 15
VisualStudioVersion = 15.0.28307.168
MinimumVisualStudioVersion = 10.0.40219.1
Project("{FAE04EC0-301F-11D3-BF4B-00C04F79EFBC}") = "ControlBar _2010", "ControlBar _2010.csproj", "{80329C97-BFDC-49F0-B623-41F4648335C9}"
EndProject
Global
	GlobalSection(SolutionConfigurationPlatforms) = preSolution
		Debug|Any CPU = Debug|Any CPU
		Release|Any CPU = Release|Any CPU
	EndGlobalSection
	GlobalSection(ProjectConfigurationPlatforms) = postSolution
		{80329C97-BFDC-49F0-B623-41F4648335C9}.Debug|Any CPU.ActiveCfg = Debug|Any CPU
		{80329C97-BFDC-49F0-B623-41F4648335C9}.Debug|Any CPU.Build.0 = Debug|Any CPU
		{80329C97-BFDC-49F0-B623-41F4648335C9}.Release|Any CPU.ActiveCfg = Release|Any CPU
		{80329C97-BFDC-49F0-B623-41F4648335C9}.Release|Any CPU.Build.0 = Release|Any CPU
	EndGlobalSection
	GlobalSection(SolutionProperties) = preSolution
		HideSolutionNode = FALSE
	EndGlobalSection
	GlobalSection(ExtensibilityGlobals) = postSolution
		SolutionGuid = {6E2B4C8F-2C7C-4D83-AD05-0315D9D3ABC6}
	EndGlobalSection
EndGlobal
