Microsoft Visual Studio Solution File, Format Version 13.00
# Visual Studio 14
Project("{FAE04EC0-301F-11D3-BF4B-00C04F79EFBC}") = "CustomToolbar_2015", "CustomToolbar_2015.csproj", "{2CD80412-3553-49B4-B2B0-D5AEB32E722C}"
EndProject
Global
	GlobalSection(SolutionConfigurationPlatforms) = preSolution
		Debug|Any CPU = Debug|Any CPU
		Release|Any CPU = Release|Any CPU
	EndGlobalSection
	GlobalSection(ProjectConfigurationPlatforms) = postSolution
		{2CD80412-3553-49B4-B2B0-D5AEB32E722C}.Debug|Any CPU.ActiveCfg = Debug|Any CPU
		{2CD80412-3553-49B4-B2B0-D5AEB32E722C}.Debug|Any CPU.Build.0 = Debug|Any CPU
		{2CD80412-3553-49B4-B2B0-D5AEB32E722C}.Release|Any CPU.ActiveCfg = Release|Any CPU
		{2CD80412-3553-49B4-B2B0-D5AEB32E722C}.Release|Any CPU.Build.0 = Release|Any CPU
	EndGlobalSection
	GlobalSection(SolutionProperties) = preSolution
		HideSolutionNode = FALSE
	EndGlobalSection
EndGlobal
