
Microsoft Visual Studio Solution File, Format Version 12.00
# Visual Studio Version 16
VisualStudioVersion = 16.0.30709.64
MinimumVisualStudioVersion = 10.0.40219.1
Project("{9A19103F-16F7-4668-BE54-9A1E7A4F7556}") = "CodeExtractor_NET50", "CodeExtractor_NET50.csproj", "{E50B1BDA-2BE9-4F48-B87D-6DD8336D8B01}"
EndProject
Global
	GlobalSection(SolutionConfigurationPlatforms) = preSolution
		Debug|Any CPU = Debug|Any CPU
		Release|Any CPU = Release|Any CPU
	EndGlobalSection
	GlobalSection(ProjectConfigurationPlatforms) = postSolution
		{E50B1BDA-2BE9-4F48-B87D-6DD8336D8B01}.Debug|Any CPU.ActiveCfg = Debug|Any CPU
		{E50B1BDA-2BE9-4F48-B87D-6DD8336D8B01}.Debug|Any CPU.Build.0 = Debug|Any CPU
		{E50B1BDA-2BE9-4F48-B87D-6DD8336D8B01}.Release|Any CPU.ActiveCfg = Release|Any CPU
		{E50B1BDA-2BE9-4F48-B87D-6DD8336D8B01}.Release|Any CPU.Build.0 = Release|Any CPU
	EndGlobalSection
	GlobalSection(SolutionProperties) = preSolution
		HideSolutionNode = FALSE
	EndGlobalSection
	GlobalSection(ExtensibilityGlobals) = postSolution
		SolutionGuid = {CEDFF649-F3E8-469D-838B-391D3385CC61}
	EndGlobalSection
EndGlobal
