
Microsoft Visual Studio Solution File, Format Version 11.00
# Visual Studio 2010
Project("{FAE04EC0-301F-11D3-BF4B-00C04F79EFBC}") = "ScrollersFrame_2010", "ScrollersFrame_2010.csproj", "{AAF42FC6-D5B2-4AF9-8628-2B9C9FB4A858}"
EndProject
Global
	GlobalSection(SolutionConfigurationPlatforms) = preSolution
		Debug|Any CPU = Debug|Any CPU
		Release|Any CPU = Release|Any CPU
	EndGlobalSection
	GlobalSection(ProjectConfigurationPlatforms) = postSolution
		{AAF42FC6-D5B2-4AF9-8628-2B9C9FB4A858}.Debug|Any CPU.ActiveCfg = Debug|Any CPU
		{AAF42FC6-D5B2-4AF9-8628-2B9C9FB4A858}.Debug|Any CPU.Build.0 = Debug|Any CPU
		{AAF42FC6-D5B2-4AF9-8628-2B9C9FB4A858}.Release|Any CPU.ActiveCfg = Release|Any CPU
		{AAF42FC6-D5B2-4AF9-8628-2B9C9FB4A858}.Release|Any CPU.Build.0 = Release|Any CPU
	EndGlobalSection
	GlobalSection(SolutionProperties) = preSolution
		HideSolutionNode = FALSE
	EndGlobalSection
EndGlobal
