Microsoft Visual Studio Solution File, Format Version 12.00
# Visual Studio Version 17
VisualStudioVersion = 17.12.35309.182
MinimumVisualStudioVersion = 10.0.40219.1
Project("{FAE04EC0-301F-11D3-BF4B-00C04F79EFBC}") = "RibbonCustomization_NET90", "RibbonCustomization_NET90.csproj", "{951BE149-48BA-4D72-834D-75271EFEE979}"
EndProject
Global
	GlobalSection(SolutionConfigurationPlatforms) = preSolution
		Debug|Any CPU = Debug|Any CPU
		Release|Any CPU = Release|Any CPU
	EndGlobalSection
	GlobalSection(ProjectConfigurationPlatforms) = postSolution
		{951BE149-48BA-4D72-834D-75271EFEE979}.Debug|Any CPU.ActiveCfg = Debug|Any CPU
		{951BE149-48BA-4D72-834D-75271EFEE979}.Debug|Any CPU.Build.0 = Debug|Any CPU
		{951BE149-48BA-4D72-834D-75271EFEE979}.Release|Any CPU.ActiveCfg = Release|Any CPU
		{951BE149-48BA-4D72-834D-75271EFEE979}.Release|Any CPU.Build.0 = Release|Any CPU
	EndGlobalSection
	GlobalSection(SolutionProperties) = preSolution
		HideSolutionNode = FALSE
	EndGlobalSection
	GlobalSection(ExtensibilityGlobals) = postSolution
		SolutionGuid = {EC24D443-C3AD-4949-8546-13C01E542EA6}
	EndGlobalSection
EndGlobal
