
Microsoft Visual Studio Solution File, Format Version 12.00
# Visual Studio 2012
Project("{FAE04EC0-301F-11D3-BF4B-00C04F79EFBC}") = "DocumentSettings_2012", "DocumentSettings_2012.csproj", "{6544F034-0BD6-475E-971D-4869F189167E}"
EndProject
Global
	GlobalSection(SolutionConfigurationPlatforms) = preSolution
		Debug|Any CPU = Debug|Any CPU
		Release|Any CPU = Release|Any CPU
	EndGlobalSection
	GlobalSection(ProjectConfigurationPlatforms) = postSolution
		{6544F034-0BD6-475E-971D-4869F189167E}.Debug|Any CPU.ActiveCfg = Debug|Any CPU
		{6544F034-0BD6-475E-971D-4869F189167E}.Debug|Any CPU.Build.0 = Debug|Any CPU
		{6544F034-0BD6-475E-971D-4869F189167E}.Release|Any CPU.ActiveCfg = Release|Any CPU
		{6544F034-0BD6-475E-971D-4869F189167E}.Release|Any CPU.Build.0 = Release|Any CPU
	EndGlobalSection
	GlobalSection(SolutionProperties) = preSolution
		HideSolutionNode = FALSE
	EndGlobalSection
EndGlobal
