Microsoft Visual Studio Solution File, Format Version 12.00
# Visual Studio Version 17
VisualStudioVersion = 17.12.35309.182
MinimumVisualStudioVersion = 10.0.40219.1
Project("{FAE04EC0-301F-11D3-BF4B-00C04F79EFBC}") = "HTMLUIChat_NET90", "HTMLUIChat_NET90.csproj", "{D5CD8F88-B7DD-46E7-A5EB-8E705D9A3724}"
EndProject
Global
	GlobalSection(SolutionConfigurationPlatforms) = preSolution
		Debug|Any CPU = Debug|Any CPU
		Release|Any CPU = Release|Any CPU
	EndGlobalSection
	GlobalSection(ProjectConfigurationPlatforms) = postSolution
		{D5CD8F88-B7DD-46E7-A5EB-8E705D9A3724}.Debug|Any CPU.ActiveCfg = Debug|Any CPU
		{D5CD8F88-B7DD-46E7-A5EB-8E705D9A3724}.Debug|Any CPU.Build.0 = Debug|Any CPU
		{D5CD8F88-B7DD-46E7-A5EB-8E705D9A3724}.Release|Any CPU.ActiveCfg = Release|Any CPU
		{D5CD8F88-B7DD-46E7-A5EB-8E705D9A3724}.Release|Any CPU.Build.0 = Release|Any CPU
	EndGlobalSection
	GlobalSection(SolutionProperties) = preSolution
		HideSolutionNode = FALSE
	EndGlobalSection
EndGlobal
