
Microsoft Visual Studio Solution File, Format Version 11.00
# Visual Studio 2010
Project("{FAE04EC0-301F-11D3-BF4B-00C04F79EFBC}") = "DetailsView_2010", "DetailsView_2010.csproj", "{8D8D67EE-B9CE-4A40-A1B0-84F95A486FDB}"
EndProject
Global
	GlobalSection(SolutionConfigurationPlatforms) = preSolution
		Debug|Any CPU = Debug|Any CPU
		Release|Any CPU = Release|Any CPU
	EndGlobalSection
	GlobalSection(ProjectConfigurationPlatforms) = postSolution
		{8D8D67EE-B9CE-4A40-A1B0-84F95A486FDB}.Debug|Any CPU.ActiveCfg = Debug|Any CPU
		{8D8D67EE-B9CE-4A40-A1B0-84F95A486FDB}.Debug|Any CPU.Build.0 = Debug|Any CPU
		{8D8D67EE-B9CE-4A40-A1B0-84F95A486FDB}.Release|Any CPU.ActiveCfg = Release|Any CPU
		{8D8D67EE-B9CE-4A40-A1B0-84F95A486FDB}.Release|Any CPU.Build.0 = Release|Any CPU
	EndGlobalSection
	GlobalSection(SolutionProperties) = preSolution
		HideSolutionNode = FALSE
	EndGlobalSection
EndGlobal
