
Microsoft Visual Studio Solution File, Format Version 12.00
# Visual Studio 2012
Project("{FAE04EC0-301F-11D3-BF4B-00C04F79EFBC}") = "SpecialDates_2012", "SpecialDates_2012.csproj", "{CAE52F2C-4065-49C4-BC0B-7CA46C96BECA}"
EndProject
Global
	GlobalSection(SolutionConfigurationPlatforms) = preSolution
		Debug|Any CPU = Debug|Any CPU
		Release|Any CPU = Release|Any CPU
	EndGlobalSection
	GlobalSection(ProjectConfigurationPlatforms) = postSolution
		{CAE52F2C-4065-49C4-BC0B-7CA46C96BECA}.Debug|Any CPU.ActiveCfg = Debug|Any CPU
		{CAE52F2C-4065-49C4-BC0B-7CA46C96BECA}.Debug|Any CPU.Build.0 = Debug|Any CPU
		{CAE52F2C-4065-49C4-BC0B-7CA46C96BECA}.Release|Any CPU.ActiveCfg = Release|Any CPU
		{CAE52F2C-4065-49C4-BC0B-7CA46C96BECA}.Release|Any CPU.Build.0 = Release|Any CPU
	EndGlobalSection
	GlobalSection(SolutionProperties) = preSolution
		HideSolutionNode = FALSE
	EndGlobalSection
EndGlobal
