
Microsoft Visual Studio Solution File, Format Version 11.00
# Visual Studio 2010
Project("{FAE04EC0-301F-11D3-BF4B-00C04F79EFBC}") = "LINQToSQL_2010", "LINQToSQL_2010.csproj", "{229C9BC7-EE2C-4FBF-BB66-CC2131A97758}"
EndProject
Global
	GlobalSection(SolutionConfigurationPlatforms) = preSolution
		Debug|Any CPU = Debug|Any CPU
		Release|Any CPU = Release|Any CPU
	EndGlobalSection
	GlobalSection(ProjectConfigurationPlatforms) = postSolution
		{229C9BC7-EE2C-4FBF-BB66-CC2131A97758}.Debug|Any CPU.ActiveCfg = Debug|Any CPU
		{229C9BC7-EE2C-4FBF-BB66-CC2131A97758}.Debug|Any CPU.Build.0 = Debug|Any CPU
		{229C9BC7-EE2C-4FBF-BB66-CC2131A97758}.Release|Any CPU.ActiveCfg = Release|Any CPU
		{229C9BC7-EE2C-4FBF-BB66-CC2131A97758}.Release|Any CPU.Build.0 = Release|Any CPU
	EndGlobalSection
	GlobalSection(SolutionProperties) = preSolution
		HideSolutionNode = FALSE
	EndGlobalSection
EndGlobal
