
Microsoft Visual Studio Solution File, Format Version 11.00
# Visual Studio 2010
Project("{FAE04EC0-301F-11D3-BF4B-00C04F79EFBC}") = "Weather Monitoring_2010", "Weather Monitoring_2010.csproj", "{81D865BC-956D-4A3A-AAF0-D79FEB802D39}"
EndProject
Global
	GlobalSection(SolutionConfigurationPlatforms) = preSolution
		Debug|Any CPU = Debug|Any CPU
		Release|Any CPU = Release|Any CPU
	EndGlobalSection
	GlobalSection(ProjectConfigurationPlatforms) = postSolution
		{81D865BC-956D-4A3A-AAF0-D79FEB802D39}.Debug|Any CPU.ActiveCfg = Debug|Any CPU
		{81D865BC-956D-4A3A-AAF0-D79FEB802D39}.Debug|Any CPU.Build.0 = Debug|Any CPU
		{81D865BC-956D-4A3A-AAF0-D79FEB802D39}.Release|Any CPU.ActiveCfg = Release|Any CPU
		{81D865BC-956D-4A3A-AAF0-D79FEB802D39}.Release|Any CPU.Build.0 = Release|Any CPU
	EndGlobalSection
	GlobalSection(SolutionProperties) = preSolution
		HideSolutionNode = FALSE
	EndGlobalSection
EndGlobal
