
Microsoft Visual Studio Solution File, Format Version 12.00
# Visual Studio 2013
VisualStudioVersion = 12.0.21005.1
MinimumVisualStudioVersion = 10.0.40219.1
Project("{FAE04EC0-301F-11D3-BF4B-00C04F79EFBC}") = "PortfolioManager_2013", "PortfolioManager_2013.csproj", "{473A2F52-ACC4-489D-B79B-E052D693FDFB}"
EndProject
Global
	GlobalSection(SolutionConfigurationPlatforms) = preSolution
		Debug|Any CPU = Debug|Any CPU
		Release|Any CPU = Release|Any CPU
	EndGlobalSection
	GlobalSection(ProjectConfigurationPlatforms) = postSolution
		{473A2F52-ACC4-489D-B79B-E052D693FDFB}.Debug|Any CPU.ActiveCfg = Debug|Any CPU
		{473A2F52-ACC4-489D-B79B-E052D693FDFB}.Debug|Any CPU.Build.0 = Debug|Any CPU
		{473A2F52-ACC4-489D-B79B-E052D693FDFB}.Release|Any CPU.ActiveCfg = Release|Any CPU
		{473A2F52-ACC4-489D-B79B-E052D693FDFB}.Release|Any CPU.Build.0 = Release|Any CPU
	EndGlobalSection
	GlobalSection(SolutionProperties) = preSolution
		HideSolutionNode = FALSE
	EndGlobalSection
EndGlobal
