
Microsoft Visual Studio Solution File, Format Version 11.00
# Visual Studio 2010
Project("{FAE04EC0-301F-11D3-BF4B-00C04F79EFBC}") = "LocalizingDialogs_2010", "LocalizingDialogs_2010.csproj", "{1C96FFDF-1CCC-4801-942E-B69E5B05CCAB}"
EndProject
Global
	GlobalSection(SolutionConfigurationPlatforms) = preSolution
		Debug|Any CPU = Debug|Any CPU
		Release|Any CPU = Release|Any CPU
	EndGlobalSection
	GlobalSection(ProjectConfigurationPlatforms) = postSolution
		{1C96FFDF-1CCC-4801-942E-B69E5B05CCAB}.Debug|Any CPU.ActiveCfg = Debug|Any CPU
		{1C96FFDF-1CCC-4801-942E-B69E5B05CCAB}.Debug|Any CPU.Build.0 = Debug|Any CPU
		{1C96FFDF-1CCC-4801-942E-B69E5B05CCAB}.Release|Any CPU.ActiveCfg = Release|Any CPU
		{1C96FFDF-1CCC-4801-942E-B69E5B05CCAB}.Release|Any CPU.Build.0 = Release|Any CPU
	EndGlobalSection
	GlobalSection(SolutionProperties) = preSolution
		HideSolutionNode = FALSE
	EndGlobalSection
EndGlobal
