Microsoft Visual Studio Solution File, Format Version 12.00
# Visual Studio Version 17
VisualStudioVersion = 17.1.31903.286
MinimumVisualStudioVersion = 10.0.40219.1
Project("{FAE04EC0-301F-11D3-BF4B-00C04F79EFBC}") = "Invoice_NET60", "Invoice_NET60.csproj", "{D513804B-930F-406A-9879-7420E728F7E8}"
EndProject
Global
	GlobalSection(SolutionConfigurationPlatforms) = preSolution
		Debug|Any CPU = Debug|Any CPU
		Release|Any CPU = Release|Any CPU
	EndGlobalSection
	GlobalSection(ProjectConfigurationPlatforms) = postSolution
		{D513804B-930F-406A-9879-7420E728F7E8}.Debug|Any CPU.ActiveCfg = Debug|Any CPU
		{D513804B-930F-406A-9879-7420E728F7E8}.Debug|Any CPU.Build.0 = Debug|Any CPU
		{D513804B-930F-406A-9879-7420E728F7E8}.Release|Any CPU.ActiveCfg = Release|Any CPU
		{D513804B-930F-406A-9879-7420E728F7E8}.Release|Any CPU.Build.0 = Release|Any CPU
	EndGlobalSection
	GlobalSection(SolutionProperties) = preSolution
		HideSolutionNode = FALSE
	EndGlobalSection
	GlobalSection(ExtensibilityGlobals) = postSolution
		SolutionGuid = {81AE3251-5CE3-4FFD-8463-5E34B179E2BC}
	EndGlobalSection
EndGlobal
