
Microsoft Visual Studio Solution File, Format Version 12.00
# Visual Studio 2013
VisualStudioVersion = 12.0.21005.1
MinimumVisualStudioVersion = 10.0.40219.1
Project("{FAE04EC0-301F-11D3-BF4B-00C04F79EFBC}") = "RandomTest_2013", "RandomTest_2013.csproj", "{18759BA8-432F-4E41-AC7D-65483300B127}"
EndProject
Global
	GlobalSection(SolutionConfigurationPlatforms) = preSolution
		Debug|Any CPU = Debug|Any CPU
		Release|Any CPU = Release|Any CPU
	EndGlobalSection
	GlobalSection(ProjectConfigurationPlatforms) = postSolution
		{18759BA8-432F-4E41-AC7D-65483300B127}.Debug|Any CPU.ActiveCfg = Debug|Any CPU
		{18759BA8-432F-4E41-AC7D-65483300B127}.Debug|Any CPU.Build.0 = Debug|Any CPU
		{18759BA8-432F-4E41-AC7D-65483300B127}.Release|Any CPU.ActiveCfg = Release|Any CPU
		{18759BA8-432F-4E41-AC7D-65483300B127}.Release|Any CPU.Build.0 = Release|Any CPU
	EndGlobalSection
	GlobalSection(SolutionProperties) = preSolution
		HideSolutionNode = FALSE
	EndGlobalSection
EndGlobal
