Microsoft Visual Studio Solution File, Format Version 11.00
# Visual Studio 2010
Project("{FAE04EC0-301F-11D3-BF4B-00C04F79EFBC}") = "RandomTest_2010", "RandomTest_2010.csproj", "{18759BA8-432F-4E41-AC7D-65483300B127}"
EndProject
Global
	GlobalSection(SolutionConfiguration) = preSolution
		ConfigName.0 = Debug
		ConfigName.1 = Release
	EndGlobalSection
	GlobalSection(ProjectDependencies) = postSolution
	EndGlobalSection
	GlobalSection(ProjectConfiguration) = postSolution
		{18759BA8-432F-4E41-AC7D-65483300B127}.Debug.ActiveCfg = Debug|.NET
		{18759BA8-432F-4E41-AC7D-65483300B127}.Debug.Build.0 = Debug|.NET
		{18759BA8-432F-4E41-AC7D-65483300B127}.Release.ActiveCfg = Release|.NET
		{18759BA8-432F-4E41-AC7D-65483300B127}.Release.Build.0 = Release|.NET
	EndGlobalSection
	GlobalSection(ExtensibilityGlobals) = postSolution
	EndGlobalSection
	GlobalSection(ExtensibilityAddIns) = postSolution
	EndGlobalSection
EndGlobal
