Microsoft Visual Studio Solution File, Format Version 12.00
# Visual Studio Version 17
VisualStudioVersion = 17.12.35309.182
MinimumVisualStudioVersion = 10.0.40219.1
Project("{9A19103F-16F7-4668-BE54-9A1E7A4F7556}") = "XPToolbars_NET90", "XPToolbars_NET90.csproj", "{F8FDD289-FBAC-4AC1-A650-A49BD4E5FA4E}"
EndProject
Global
	GlobalSection(SolutionConfigurationPlatforms) = preSolution
		Debug|Any CPU = Debug|Any CPU
		Release|Any CPU = Release|Any CPU
	EndGlobalSection
	GlobalSection(ProjectConfigurationPlatforms) = postSolution
		{F8FDD289-FBAC-4AC1-A650-A49BD4E5FA4E}.Debug|Any CPU.ActiveCfg = Debug|Any CPU
		{F8FDD289-FBAC-4AC1-A650-A49BD4E5FA4E}.Debug|Any CPU.Build.0 = Debug|Any CPU
		{F8FDD289-FBAC-4AC1-A650-A49BD4E5FA4E}.Release|Any CPU.ActiveCfg = Release|Any CPU
		{F8FDD289-FBAC-4AC1-A650-A49BD4E5FA4E}.Release|Any CPU.Build.0 = Release|Any CPU
	EndGlobalSection
	GlobalSection(SolutionProperties) = preSolution
		HideSolutionNode = FALSE
	EndGlobalSection
	GlobalSection(ExtensibilityGlobals) = postSolution
		SolutionGuid = {72DFC677-83A4-453F-ABB1-C747F26F80FF}
	EndGlobalSection
EndGlobal
