
Microsoft Visual Studio Solution File, Format Version 11.00
# Visual Studio 2010
Project("{FAE04EC0-301F-11D3-BF4B-00C04F79EFBC}") = "TabbedMDI_2010", "TabbedMDI_2010.csproj", "{DE67088F-819E-4F01-8776-765AF0E36CD9}"
EndProject
Global
	GlobalSection(SolutionConfigurationPlatforms) = preSolution
		Debug|Any CPU = Debug|Any CPU
		Release|Any CPU = Release|Any CPU
	EndGlobalSection
	GlobalSection(ProjectConfigurationPlatforms) = postSolution
		{DE67088F-819E-4F01-8776-765AF0E36CD9}.Debug|Any CPU.ActiveCfg = Debug|Any CPU
		{DE67088F-819E-4F01-8776-765AF0E36CD9}.Debug|Any CPU.Build.0 = Debug|Any CPU
		{DE67088F-819E-4F01-8776-765AF0E36CD9}.Release|Any CPU.ActiveCfg = Release|Any CPU
		{DE67088F-819E-4F01-8776-765AF0E36CD9}.Release|Any CPU.Build.0 = Release|Any CPU
	EndGlobalSection
	GlobalSection(SolutionProperties) = preSolution
		HideSolutionNode = FALSE
	EndGlobalSection
EndGlobal
