Microsoft Visual Studio Solution File, Format Version 12.00
# Visual Studio Version 16
VisualStudioVersion = 16.0.29020.237
MinimumVisualStudioVersion = 10.0.40219.1
Project("{9A19103F-16F7-4668-BE54-9A1E7A4F7556}") = "YearlySales_NET50", "YearlySales_NET50.csproj", "{542880CB-CDA8-4ACE-917A-E2FC7124D0F5}"
EndProject
Global
	GlobalSection(SolutionConfigurationPlatforms) = preSolution
		Debug|Any CPU = Debug|Any CPU
		Release|Any CPU = Release|Any CPU
	EndGlobalSection
	GlobalSection(ProjectConfigurationPlatforms) = postSolution
		{542880CB-CDA8-4ACE-917A-E2FC7124D0F5}.Debug|Any CPU.ActiveCfg = Debug|Any CPU
		{542880CB-CDA8-4ACE-917A-E2FC7124D0F5}.Debug|Any CPU.Build.0 = Debug|Any CPU
		{542880CB-CDA8-4ACE-917A-E2FC7124D0F5}.Release|Any CPU.ActiveCfg = Release|Any CPU
		{542880CB-CDA8-4ACE-917A-E2FC7124D0F5}.Release|Any CPU.Build.0 = Release|Any CPU
	EndGlobalSection
	GlobalSection(SolutionProperties) = preSolution
		HideSolutionNode = FALSE
	EndGlobalSection
	GlobalSection(ExtensibilityGlobals) = postSolution
		SolutionGuid = {10BA11B1-9098-4998-94F8-6338F75272D8}
	EndGlobalSection
EndGlobal
