Microsoft Visual Studio Solution File, Format Version 12.00
# Visual Studio Version 16
VisualStudioVersion = 16.0.31321.278
MinimumVisualStudioVersion = 10.0.40219.1
Project("{FAE04EC0-301F-11D3-BF4B-00C04F79EFBC}") = "YearlySales_2017", "YearlySales_2017.csproj", "{542880CB-CDA8-4ACE-917A-E2FC7124D0F5}"
EndProject
Global
	GlobalSection(SolutionConfigurationPlatforms) = preSolution
		Debug|Any CPU = Debug|Any CPU
		Release|Any CPU = Release|Any CPU
	EndGlobalSection
	GlobalSection(ProjectConfigurationPlatforms) = postSolution
		{542880CB-CDA8-4ACE-917A-E2FC7124D0F5}.Debug|Any CPU.ActiveCfg = Debug|Any CPU
		{542880CB-CDA8-4ACE-917A-E2FC7124D0F5}.Debug|Any CPU.Build.0 = Debug|Any CPU
		{542880CB-CDA8-4ACE-917A-E2FC7124D0F5}.Release|Any CPU.ActiveCfg = Release|Any CPU
		{542880CB-CDA8-4ACE-917A-E2FC7124D0F5}.Release|Any CPU.Build.0 = Release|Any CPU
	EndGlobalSection
	GlobalSection(SolutionProperties) = preSolution
		HideSolutionNode = FALSE
	EndGlobalSection
	GlobalSection(ExtensibilityGlobals) = postSolution
		SolutionGuid = {85563942-0AB1-40E6-8151-1BD1A4B9AA98}
	EndGlobalSection
EndGlobal
