
Microsoft Visual Studio Solution File, Format Version 11.00
# Visual Studio 2010
Project("{FAE04EC0-301F-11D3-BF4B-00C04F79EFBC}") = "SkinCustomization_2010", "SkinCustomization_2010.csproj", "{12128AE8-60DD-4DDC-9520-7D506CC12F1E}"
EndProject
Global
	GlobalSection(SolutionConfigurationPlatforms) = preSolution
		Debug|x86 = Debug|x86
		Release|x86 = Release|x86
	EndGlobalSection
	GlobalSection(ProjectConfigurationPlatforms) = postSolution
		{12128AE8-60DD-4DDC-9520-7D506CC12F1E}.Debug|x86.ActiveCfg = Debug|x86
		{12128AE8-60DD-4DDC-9520-7D506CC12F1E}.Debug|x86.Build.0 = Debug|x86
		{12128AE8-60DD-4DDC-9520-7D506CC12F1E}.Release|x86.ActiveCfg = Release|x86
		{12128AE8-60DD-4DDC-9520-7D506CC12F1E}.Release|x86.Build.0 = Release|x86
	EndGlobalSection
	GlobalSection(SolutionProperties) = preSolution
		HideSolutionNode = FALSE
	EndGlobalSection
EndGlobal
