Microsoft Visual Studio Solution File, Format Version 11.00
# Visual Studio 2010
Project("{FAE04EC0-301F-11D3-BF4B-00C04F79EFBC}") = "CustomSummary_2010", "CustomSummary_2010.csproj", "{94F5E04A-8DD2-4348-A4DD-970DA0E15465}"
EndProject
Global
	GlobalSection(SolutionConfigurationPlatforms) = preSolution
		Debug|Any CPU = Debug|Any CPU
		Release|Any CPU = Release|Any CPU
	EndGlobalSection
	GlobalSection(ProjectConfigurationPlatforms) = postSolution
		{94F5E04A-8DD2-4348-A4DD-970DA0E15465}.Debug|Any CPU.ActiveCfg = Debug|Any CPU
		{94F5E04A-8DD2-4348-A4DD-970DA0E15465}.Debug|Any CPU.Build.0 = Debug|Any CPU
		{94F5E04A-8DD2-4348-A4DD-970DA0E15465}.Release|Any CPU.ActiveCfg = Release|Any CPU
		{94F5E04A-8DD2-4348-A4DD-970DA0E15465}.Release|Any CPU.Build.0 = Release|Any CPU
	EndGlobalSection
	GlobalSection(SolutionProperties) = preSolution
		HideSolutionNode = FALSE
	EndGlobalSection
	GlobalSection(DevPartner Solution Properties) = postSolution
	EndGlobalSection
EndGlobal
