Microsoft Visual Studio Solution File, Format Version 12.00
# Visual Studio Version 17
VisualStudioVersion = 17.1.31903.286
MinimumVisualStudioVersion = 10.0.40219.1
Project("{FAE04EC0-301F-11D3-BF4B-00C04F79EFBC}") = "OverlayDocuments_NET80", "OverlayDocuments_NET80.csproj", "{C90C150D-453C-496F-999E-ED1D1C95FF8D}"
EndProject
Global
	GlobalSection(SolutionConfigurationPlatforms) = preSolution
		Debug|Any CPU = Debug|Any CPU
		Release|Any CPU = Release|Any CPU
	EndGlobalSection
	GlobalSection(ProjectConfigurationPlatforms) = postSolution
		{C90C150D-453C-496F-999E-ED1D1C95FF8D}.Debug|Any CPU.ActiveCfg = Debug|Any CPU
		{C90C150D-453C-496F-999E-ED1D1C95FF8D}.Debug|Any CPU.Build.0 = Debug|Any CPU
		{C90C150D-453C-496F-999E-ED1D1C95FF8D}.Release|Any CPU.ActiveCfg = Release|Any CPU
		{C90C150D-453C-496F-999E-ED1D1C95FF8D}.Release|Any CPU.Build.0 = Release|Any CPU
	EndGlobalSection
	GlobalSection(SolutionProperties) = preSolution
		HideSolutionNode = FALSE
	EndGlobalSection
EndGlobal
