Microsoft Visual Studio Solution File, Format Version 12.00
# Visual Studio Version 17
VisualStudioVersion = 17.12.35309.182
MinimumVisualStudioVersion = 10.0.40219.1
Project("{9A19103F-16F7-4668-BE54-9A1E7A4F7556}") = "AsyncLoading_NET90", "AsyncLoading_NET90.csproj", "{EBE22659-1EC2-4937-A2EB-512F1FB1E78F}"
EndProject
Global
	GlobalSection(SolutionConfigurationPlatforms) = preSolution
		Debug|Any CPU = Debug|Any CPU
		Release|Any CPU = Release|Any CPU
	EndGlobalSection
	GlobalSection(ProjectConfigurationPlatforms) = postSolution
		{EBE22659-1EC2-4937-A2EB-512F1FB1E78F}.Debug|Any CPU.ActiveCfg = Debug|Any CPU
		{EBE22659-1EC2-4937-A2EB-512F1FB1E78F}.Debug|Any CPU.Build.0 = Debug|Any CPU
		{EBE22659-1EC2-4937-A2EB-512F1FB1E78F}.Release|Any CPU.ActiveCfg = Release|Any CPU
		{EBE22659-1EC2-4937-A2EB-512F1FB1E78F}.Release|Any CPU.Build.0 = Release|Any CPU
	EndGlobalSection
	GlobalSection(SolutionProperties) = preSolution
		HideSolutionNode = FALSE
	EndGlobalSection
	GlobalSection(ExtensibilityGlobals) = postSolution
		SolutionGuid = {2CD744E7-23F3-43B4-9E7E-AAAD0631F848}
	EndGlobalSection
EndGlobal
