
Microsoft Visual Studio Solution File, Format Version 12.00
# Visual Studio Version 16
VisualStudioVersion = 16.0.29020.237
MinimumVisualStudioVersion = 10.0.40219.1
Project("{FAE04EC0-301F-11D3-BF4B-00C04F79EFBC}") = "VSDemo_NETCore", "VSDemo_NETCore.csproj", "{B916944C-A558-42B7-A51A-FC1F861D7EEE}"
EndProject
Project("{9A19103F-16F7-4668-BE54-9A1E7A4F7556}") = "VSDemoViewItems_NETCore", "VSDemoViewItems\VSDemoViewItems_NETCore.csproj", "{2619D49F-6069-45BA-9BF1-89B725BD3AF9}"
EndProject
Global
	GlobalSection(SolutionConfigurationPlatforms) = preSolution
		Debug|Any CPU = Debug|Any CPU
		Release|Any CPU = Release|Any CPU
	EndGlobalSection
	GlobalSection(ProjectConfigurationPlatforms) = postSolution
		{B916944C-A558-42B7-A51A-FC1F861D7EEE}.Debug|Any CPU.ActiveCfg = Debug|Any CPU
		{B916944C-A558-42B7-A51A-FC1F861D7EEE}.Debug|Any CPU.Build.0 = Debug|Any CPU
		{B916944C-A558-42B7-A51A-FC1F861D7EEE}.Release|Any CPU.ActiveCfg = Release|Any CPU
		{B916944C-A558-42B7-A51A-FC1F861D7EEE}.Release|Any CPU.Build.0 = Release|Any CPU
		{2619D49F-6069-45BA-9BF1-89B725BD3AF9}.Debug|Any CPU.ActiveCfg = Debug|Any CPU
		{2619D49F-6069-45BA-9BF1-89B725BD3AF9}.Debug|Any CPU.Build.0 = Debug|Any CPU
		{2619D49F-6069-45BA-9BF1-89B725BD3AF9}.Release|Any CPU.ActiveCfg = Release|Any CPU
		{2619D49F-6069-45BA-9BF1-89B725BD3AF9}.Release|Any CPU.Build.0 = Release|Any CPU
	EndGlobalSection
	GlobalSection(SolutionProperties) = preSolution
		HideSolutionNode = FALSE
	EndGlobalSection
	GlobalSection(ExtensibilityGlobals) = postSolution
		SolutionGuid = {B6169B73-4D41-4131-B903-5223394792BE}
	EndGlobalSection
EndGlobal
