
Microsoft Visual Studio Solution File, Format Version 11.00
# Visual Studio 2010
Project("{FAE04EC0-301F-11D3-BF4B-00C04F79EFBC}") = "ChartLabelHierarchy_2010", "ChartLabelHierarchy_2010.csproj", "{EBFD1E26-DBC5-4B46-AA64-A677C0D74D6C}"
EndProject
Global
	GlobalSection(SolutionConfigurationPlatforms) = preSolution
		Debug|Any CPU = Debug|Any CPU
		Release|Any CPU = Release|Any CPU
	EndGlobalSection
	GlobalSection(ProjectConfigurationPlatforms) = postSolution
		{EBFD1E26-DBC5-4B46-AA64-A677C0D74D6C}.Debug|Any CPU.ActiveCfg = Debug|Any CPU
		{EBFD1E26-DBC5-4B46-AA64-A677C0D74D6C}.Debug|Any CPU.Build.0 = Debug|Any CPU
		{EBFD1E26-DBC5-4B46-AA64-A677C0D74D6C}.Release|Any CPU.ActiveCfg = Release|Any CPU
		{EBFD1E26-DBC5-4B46-AA64-A677C0D74D6C}.Release|Any CPU.Build.0 = Release|Any CPU
	EndGlobalSection
	GlobalSection(SolutionProperties) = preSolution
		HideSolutionNode = FALSE
	EndGlobalSection
EndGlobal
