Microsoft Visual Studio Solution File, Format Version 11.00
# Visual Studio 2010
Project("{FAE04EC0-301F-11D3-BF4B-00C04F79EFBC}") = "ScrollBars_2010", "ScrollBars_2010.csproj", "{FC622FC7-C785-4946-B885-4A765191ACA9}"
EndProject
Global
	GlobalSection(SolutionConfiguration) = preSolution
		ConfigName.0 = Debug
		ConfigName.1 = Release
	EndGlobalSection
	GlobalSection(ProjectDependencies) = postSolution
	EndGlobalSection
	GlobalSection(ProjectConfiguration) = postSolution
		{FC622FC7-C785-4946-B885-4A765191ACA9}.Debug.ActiveCfg = Debug|.NET
		{FC622FC7-C785-4946-B885-4A765191ACA9}.Debug.Build.0 = Debug|.NET
		{FC622FC7-C785-4946-B885-4A765191ACA9}.Release.ActiveCfg = Release|.NET
		{FC622FC7-C785-4946-B885-4A765191ACA9}.Release.Build.0 = Release|.NET
	EndGlobalSection
	GlobalSection(ExtensibilityGlobals) = postSolution
	EndGlobalSection
	GlobalSection(ExtensibilityAddIns) = postSolution
	EndGlobalSection
EndGlobal
