
Microsoft Visual Studio Solution File, Format Version 12.00
# Visual Studio 2012
Project("{FAE04EC0-301F-11D3-BF4B-00C04F79EFBC}") = "DrawingShapes_2012", "DrawingShapes_2012.csproj", "{D023B883-282B-47CF-B068-105B728F587B}"
EndProject
Global
	GlobalSection(SolutionConfigurationPlatforms) = preSolution
		Debug|Any CPU = Debug|Any CPU
		Release|Any CPU = Release|Any CPU
	EndGlobalSection
	GlobalSection(ProjectConfigurationPlatforms) = postSolution
		{D023B883-282B-47CF-B068-105B728F587B}.Debug|Any CPU.ActiveCfg = Debug|Any CPU
		{D023B883-282B-47CF-B068-105B728F587B}.Debug|Any CPU.Build.0 = Debug|Any CPU
		{D023B883-282B-47CF-B068-105B728F587B}.Release|Any CPU.ActiveCfg = Release|Any CPU
		{D023B883-282B-47CF-B068-105B728F587B}.Release|Any CPU.Build.0 = Release|Any CPU
	EndGlobalSection
	GlobalSection(SolutionProperties) = preSolution
		HideSolutionNode = FALSE
	EndGlobalSection
EndGlobal
