Microsoft Visual Studio Solution File, Format Version 12.00
# Visual Studio Version 17
VisualStudioVersion = 17.12.35309.182
MinimumVisualStudioVersion = 10.0.40219.1
Project("{FAE04EC0-301F-11D3-BF4B-00C04F79EFBC}") = "HTMLUIEditor_NET90", "HTMLUIEditor_NET90.csproj", "{BE967BEB-2D99-4741-A7D7-DFF340EAE014}"
EndProject
Global
	GlobalSection(SolutionConfigurationPlatforms) = preSolution
		Debug|Any CPU = Debug|Any CPU
		Release|Any CPU = Release|Any CPU
	EndGlobalSection
	GlobalSection(ProjectConfigurationPlatforms) = postSolution
		{BE967BEB-2D99-4741-A7D7-DFF340EAE014}.Debug|Any CPU.ActiveCfg = Debug|Any CPU
		{BE967BEB-2D99-4741-A7D7-DFF340EAE014}.Debug|Any CPU.Build.0 = Debug|Any CPU
		{BE967BEB-2D99-4741-A7D7-DFF340EAE014}.Release|Any CPU.ActiveCfg = Release|Any CPU
		{BE967BEB-2D99-4741-A7D7-DFF340EAE014}.Release|Any CPU.Build.0 = Release|Any CPU
	EndGlobalSection
	GlobalSection(SolutionProperties) = preSolution
		HideSolutionNode = FALSE
	EndGlobalSection
EndGlobal
