
Microsoft Visual Studio Solution File, Format Version 12.00
# Visual Studio 2010
Project("{FAE04EC0-301F-11D3-BF4B-00C04F79EFBC}") = "LocalizationDemo_2010", "LocalizationDemo_2010.csproj", "{FB2AD662-BBDD-47C6-AC6E-8EEE44F99195}"
EndProject
Global
	GlobalSection(SolutionConfigurationPlatforms) = preSolution
		Debug|Any CPU = Debug|Any CPU
		Release|Any CPU = Release|Any CPU
	EndGlobalSection
	GlobalSection(ProjectConfigurationPlatforms) = postSolution
		{FB2AD662-BBDD-47C6-AC6E-8EEE44F99195}.Debug|Any CPU.ActiveCfg = Debug|Any CPU
		{FB2AD662-BBDD-47C6-AC6E-8EEE44F99195}.Debug|Any CPU.Build.0 = Debug|Any CPU
		{FB2AD662-BBDD-47C6-AC6E-8EEE44F99195}.Release|Any CPU.ActiveCfg = Release|Any CPU
		{FB2AD662-BBDD-47C6-AC6E-8EEE44F99195}.Release|Any CPU.Build.0 = Release|Any CPU
	EndGlobalSection
	GlobalSection(SolutionProperties) = preSolution
		HideSolutionNode = FALSE
	EndGlobalSection
EndGlobal
