Microsoft Visual Studio Solution File, Format Version 11.00
# Visual Studio 2010
Project("{FAE04EC0-301F-11D3-BF4B-00C04F79EFBC}") = "MasterDetailForm_2010", "MasterDetailForm_2010.csproj", "{DBF46C40-5CFD-4789-BED8-48F8062871D6}"
EndProject
Global
	GlobalSection(SolutionConfiguration) = preSolution
		ConfigName.0 = Debug
		ConfigName.1 = Release
	EndGlobalSection
	GlobalSection(ProjectDependencies) = postSolution
	EndGlobalSection
	GlobalSection(ProjectConfiguration) = postSolution
		{DBF46C40-5CFD-4789-BED8-48F8062871D6}.Debug.ActiveCfg = Debug|.NET
		{DBF46C40-5CFD-4789-BED8-48F8062871D6}.Debug.Build.0 = Debug|.NET
		{DBF46C40-5CFD-4789-BED8-48F8062871D6}.Release.ActiveCfg = Release|.NET
		{DBF46C40-5CFD-4789-BED8-48F8062871D6}.Release.Build.0 = Release|.NET
	EndGlobalSection
	GlobalSection(ExtensibilityGlobals) = postSolution
	EndGlobalSection
	GlobalSection(ExtensibilityAddIns) = postSolution
	EndGlobalSection
EndGlobal
