
Microsoft Visual Studio Solution File, Format Version 12.00
# Visual Studio 2012
Project("{FAE04EC0-301F-11D3-BF4B-00C04F79EFBC}") = "FirstSample_2012", "FirstSample_2012.csproj", "{89478958-68DA-4347-88B6-18B29258759A}"
EndProject
Global
	GlobalSection(SolutionConfigurationPlatforms) = preSolution
		Debug|Any CPU = Debug|Any CPU
		Release|Any CPU = Release|Any CPU
	EndGlobalSection
	GlobalSection(ProjectConfigurationPlatforms) = postSolution
		{89478958-68DA-4347-88B6-18B29258759A}.Debug|Any CPU.ActiveCfg = Debug|Any CPU
		{89478958-68DA-4347-88B6-18B29258759A}.Debug|Any CPU.Build.0 = Debug|Any CPU
		{89478958-68DA-4347-88B6-18B29258759A}.Release|Any CPU.ActiveCfg = Release|Any CPU
		{89478958-68DA-4347-88B6-18B29258759A}.Release|Any CPU.Build.0 = Release|Any CPU
	EndGlobalSection
	GlobalSection(SolutionProperties) = preSolution
		HideSolutionNode = FALSE
	EndGlobalSection
EndGlobal
