
Microsoft Visual Studio Solution File, Format Version 11.00
# Visual Studio 2010
Project("{FAE04EC0-301F-11D3-BF4B-00C04F79EFBC}") = "MultiColumnSorting_2010", "MultiColumnSorting_2010.csproj", "{D60AF3BA-7D94-4B17-95D1-DCAF75B7937C}"
EndProject
Global
	GlobalSection(SolutionConfigurationPlatforms) = preSolution
		Debug|Any CPU = Debug|Any CPU
		Release|Any CPU = Release|Any CPU
	EndGlobalSection
	GlobalSection(ProjectConfigurationPlatforms) = postSolution
		{D60AF3BA-7D94-4B17-95D1-DCAF75B7937C}.Debug|Any CPU.ActiveCfg = Debug|Any CPU
		{D60AF3BA-7D94-4B17-95D1-DCAF75B7937C}.Debug|Any CPU.Build.0 = Debug|Any CPU
		{D60AF3BA-7D94-4B17-95D1-DCAF75B7937C}.Release|Any CPU.ActiveCfg = Release|Any CPU
		{D60AF3BA-7D94-4B17-95D1-DCAF75B7937C}.Release|Any CPU.Build.0 = Release|Any CPU
	EndGlobalSection
	GlobalSection(SolutionProperties) = preSolution
		HideSolutionNode = FALSE
	EndGlobalSection
EndGlobal
