
Microsoft Visual Studio Solution File, Format Version 12.00
# Visual Studio 2012
Project("{FAE04EC0-301F-11D3-BF4B-00C04F79EFBC}") = "SpreadsheetDemo_2012", "SpreadsheetDemo_2012.csproj", "{2D7087DB-591F-4FF0-9773-4EA021AF7BEB}"
EndProject
Global
	GlobalSection(SolutionConfigurationPlatforms) = preSolution
		Debug|Any CPU = Debug|Any CPU
		Release|Any CPU = Release|Any CPU
	EndGlobalSection
	GlobalSection(ProjectConfigurationPlatforms) = postSolution
		{2D7087DB-591F-4FF0-9773-4EA021AF7BEB}.Debug|Any CPU.ActiveCfg = Debug|Any CPU
		{2D7087DB-591F-4FF0-9773-4EA021AF7BEB}.Debug|Any CPU.Build.0 = Debug|Any CPU
		{2D7087DB-591F-4FF0-9773-4EA021AF7BEB}.Release|Any CPU.ActiveCfg = Release|Any CPU
		{2D7087DB-591F-4FF0-9773-4EA021AF7BEB}.Release|Any CPU.Build.0 = Release|Any CPU
	EndGlobalSection
	GlobalSection(SolutionProperties) = preSolution
		HideSolutionNode = FALSE
	EndGlobalSection
EndGlobal
