
Microsoft Visual Studio Solution File, Format Version 12.00
# Visual Studio 2012
Project("{FAE04EC0-301F-11D3-BF4B-00C04F79EFBC}") = "EmbeddedChart_2012", "EmbeddedChart_2012.csproj", "{CBF5DBFC-32D8-4BDC-AF04-A35E66EFAB2E}"
EndProject
Global
	GlobalSection(SolutionConfigurationPlatforms) = preSolution
		Debug|Any CPU = Debug|Any CPU
		Release|Any CPU = Release|Any CPU
	EndGlobalSection
	GlobalSection(ProjectConfigurationPlatforms) = postSolution
		{CBF5DBFC-32D8-4BDC-AF04-A35E66EFAB2E}.Debug|Any CPU.ActiveCfg = Debug|Any CPU
		{CBF5DBFC-32D8-4BDC-AF04-A35E66EFAB2E}.Debug|Any CPU.Build.0 = Debug|Any CPU
		{CBF5DBFC-32D8-4BDC-AF04-A35E66EFAB2E}.Release|Any CPU.ActiveCfg = Release|Any CPU
		{CBF5DBFC-32D8-4BDC-AF04-A35E66EFAB2E}.Release|Any CPU.Build.0 = Release|Any CPU
	EndGlobalSection
	GlobalSection(SolutionProperties) = preSolution
		HideSolutionNode = FALSE
	EndGlobalSection
EndGlobal
