
Microsoft Visual Studio Solution File, Format Version 12.00
# Visual Studio Version 16
VisualStudioVersion = 16.0.29021.104
MinimumVisualStudioVersion = 10.0.40219.1
Project("{9A19103F-16F7-4668-BE54-9A1E7A4F7556}") = "AxisLabelBinding_NetCore", "AxisLabelBinding_NetCore.csproj", "{0A879143-6F82-41C5-BB1C-0A27F5A3A473}"
EndProject
Global
	GlobalSection(SolutionConfigurationPlatforms) = preSolution
		Debug|Any CPU = Debug|Any CPU
		Release|Any CPU = Release|Any CPU
	EndGlobalSection
	GlobalSection(ProjectConfigurationPlatforms) = postSolution
		{0A879143-6F82-41C5-BB1C-0A27F5A3A473}.Debug|Any CPU.ActiveCfg = Debug|Any CPU
		{0A879143-6F82-41C5-BB1C-0A27F5A3A473}.Debug|Any CPU.Build.0 = Debug|Any CPU
		{0A879143-6F82-41C5-BB1C-0A27F5A3A473}.Release|Any CPU.ActiveCfg = Release|Any CPU
		{0A879143-6F82-41C5-BB1C-0A27F5A3A473}.Release|Any CPU.Build.0 = Release|Any CPU
	EndGlobalSection
	GlobalSection(SolutionProperties) = preSolution
		HideSolutionNode = FALSE
	EndGlobalSection
	GlobalSection(ExtensibilityGlobals) = postSolution
		SolutionGuid = {F3BA0BA1-165E-4B02-AF51-9646855557CD}
	EndGlobalSection
EndGlobal
