
Microsoft Visual Studio Solution File, Format Version 11.00
# Visual Studio 2010
Project("{FAE04EC0-301F-11D3-BF4B-00C04F79EFBC}") = "FindReplace_2010", "FindReplace_2010.csproj", "{1670BA3E-6083-4B15-8C43-4799C29A353A}"
EndProject
Global
	GlobalSection(SolutionConfigurationPlatforms) = preSolution
		Debug|Any CPU = Debug|Any CPU
		Release|Any CPU = Release|Any CPU
	EndGlobalSection
	GlobalSection(ProjectConfigurationPlatforms) = postSolution
		{1670BA3E-6083-4B15-8C43-4799C29A353A}.Debug|Any CPU.ActiveCfg = Debug|Any CPU
		{1670BA3E-6083-4B15-8C43-4799C29A353A}.Debug|Any CPU.Build.0 = Debug|Any CPU
		{1670BA3E-6083-4B15-8C43-4799C29A353A}.Release|Any CPU.ActiveCfg = Release|Any CPU
		{1670BA3E-6083-4B15-8C43-4799C29A353A}.Release|Any CPU.Build.0 = Release|Any CPU
	EndGlobalSection
	GlobalSection(SolutionProperties) = preSolution
		HideSolutionNode = FALSE
	EndGlobalSection
EndGlobal
