
Microsoft Visual Studio Solution File, Format Version 11.00
# Visual Studio 2010
Project("{FAE04EC0-301F-11D3-BF4B-00C04F79EFBC}") = "LineRouting_2010", "LineRouting_2010.csproj", "{31912C7B-F224-44E9-A4AF-9990F86726D8}"
EndProject
Global
	GlobalSection(SolutionConfigurationPlatforms) = preSolution
		Debug|x86 = Debug|x86
		Release|x86 = Release|x86
	EndGlobalSection
	GlobalSection(ProjectConfigurationPlatforms) = postSolution
		{31912C7B-F224-44E9-A4AF-9990F86726D8}.Debug|x86.ActiveCfg = Debug|x86
		{31912C7B-F224-44E9-A4AF-9990F86726D8}.Debug|x86.Build.0 = Debug|x86
		{31912C7B-F224-44E9-A4AF-9990F86726D8}.Release|x86.ActiveCfg = Release|x86
		{31912C7B-F224-44E9-A4AF-9990F86726D8}.Release|x86.Build.0 = Release|x86
	EndGlobalSection
	GlobalSection(SolutionProperties) = preSolution
		HideSolutionNode = FALSE
	EndGlobalSection
EndGlobal
