Microsoft Visual Studio Solution File, Format Version 12.00
# Visual Studio Version 17
VisualStudioVersion = 17.12.35309.182
MinimumVisualStudioVersion = 10.0.40219.1
Project("{FAE04EC0-301F-11D3-BF4B-00C04F79EFBC}") = "CustomRender_NET90", "CustomRender_NET90.csproj", "{C31E6A5E-8C6E-45FC-82D1-E095A138059B}"
EndProject
Global
	GlobalSection(SolutionConfigurationPlatforms) = preSolution
		Debug|Any CPU = Debug|Any CPU
		Release|Any CPU = Release|Any CPU
	EndGlobalSection
	GlobalSection(ProjectConfigurationPlatforms) = postSolution
		{C31E6A5E-8C6E-45FC-82D1-E095A138059B}.Debug|Any CPU.ActiveCfg = Debug|Any CPU
		{C31E6A5E-8C6E-45FC-82D1-E095A138059B}.Debug|Any CPU.Build.0 = Debug|Any CPU
		{C31E6A5E-8C6E-45FC-82D1-E095A138059B}.Release|Any CPU.ActiveCfg = Release|Any CPU
		{C31E6A5E-8C6E-45FC-82D1-E095A138059B}.Release|Any CPU.Build.0 = Release|Any CPU
	EndGlobalSection
	GlobalSection(SolutionProperties) = preSolution
		HideSolutionNode = FALSE
	EndGlobalSection
EndGlobal
