Microsoft Visual Studio Solution File, Format Version 12.00
# Visual Studio Version 17
VisualStudioVersion = 17.12.35309.182
MinimumVisualStudioVersion = 10.0.40219.1
Project("{FAE04EC0-301F-11D3-BF4B-00C04F79EFBC}") = "CustomizationDemo_NET90", "CustomizationDemo_NET90.csproj", "{3619FF63-EC0D-456C-93A1-BEDA4DFEFFE4}"
EndProject
Global
	GlobalSection(SolutionConfigurationPlatforms) = preSolution
		Debug|x86 = Debug|x86
		Release|x86 = Release|x86
	EndGlobalSection
	GlobalSection(ProjectConfigurationPlatforms) = postSolution
		{3619FF63-EC0D-456C-93A1-BEDA4DFEFFE4}.Debug|x86.ActiveCfg = Debug|Any CPU
		{3619FF63-EC0D-456C-93A1-BEDA4DFEFFE4}.Debug|x86.Build.0 = Debug|Any CPU
		{3619FF63-EC0D-456C-93A1-BEDA4DFEFFE4}.Release|x86.ActiveCfg = Release|Any CPU
		{3619FF63-EC0D-456C-93A1-BEDA4DFEFFE4}.Release|x86.Build.0 = Release|Any CPU
	EndGlobalSection
	GlobalSection(SolutionProperties) = preSolution
		HideSolutionNode = FALSE
	EndGlobalSection
EndGlobal
