Microsoft Visual Studio Solution File, Format Version 11.00
# Visual Studio 2010
Project("{FAE04EC0-301F-11D3-BF4B-00C04F79EFBC}") = "CustomGridCell_2010", "CustomGridCell_2010.csproj", "{6268BB64-7401-4E57-B1FD-F27A26FD0A01}"
EndProject
Global
	GlobalSection(SolutionConfigurationPlatforms) = preSolution
		Debug|Any CPU = Debug|Any CPU
		Release|Any CPU = Release|Any CPU
	EndGlobalSection
	GlobalSection(ProjectConfigurationPlatforms) = postSolution
		{6268BB64-7401-4E57-B1FD-F27A26FD0A01}.Debug|Any CPU.ActiveCfg = Debug|Any CPU
		{6268BB64-7401-4E57-B1FD-F27A26FD0A01}.Debug|Any CPU.Build.0 = Debug|Any CPU
		{6268BB64-7401-4E57-B1FD-F27A26FD0A01}.Release|Any CPU.ActiveCfg = Release|Any CPU
		{6268BB64-7401-4E57-B1FD-F27A26FD0A01}.Release|Any CPU.Build.0 = Release|Any CPU
	EndGlobalSection
	GlobalSection(SolutionProperties) = preSolution
		HideSolutionNode = FALSE
	EndGlobalSection
EndGlobal
