
Microsoft Visual Studio Solution File, Format Version 11.00
# Visual Studio 2010
Project("{FAE04EC0-301F-11D3-BF4B-00C04F79EFBC}") = "EditorCellDemo_2010", "EditorCellDemo_2010.csproj", "{740D2745-D776-4694-853F-D9D1613CEC8B}"
EndProject
Global
	GlobalSection(SolutionConfigurationPlatforms) = preSolution
		Debug|Any CPU = Debug|Any CPU
		Release|Any CPU = Release|Any CPU
	EndGlobalSection
	GlobalSection(ProjectConfigurationPlatforms) = postSolution
		{740D2745-D776-4694-853F-D9D1613CEC8B}.Debug|Any CPU.ActiveCfg = Debug|Any CPU
		{740D2745-D776-4694-853F-D9D1613CEC8B}.Debug|Any CPU.Build.0 = Debug|Any CPU
		{740D2745-D776-4694-853F-D9D1613CEC8B}.Release|Any CPU.ActiveCfg = Release|Any CPU
		{740D2745-D776-4694-853F-D9D1613CEC8B}.Release|Any CPU.Build.0 = Release|Any CPU
	EndGlobalSection
	GlobalSection(SolutionProperties) = preSolution
		HideSolutionNode = FALSE
	EndGlobalSection
EndGlobal
