
Microsoft Visual Studio Solution File, Format Version 11.00
# Visual Studio 2010
Project("{FAE04EC0-301F-11D3-BF4B-00C04F79EFBC}") = "PdfViewerBookmark_2010", "PdfViewerBookmark_2010.csproj", "{A5A1E584-CEA6-4894-BE64-990F4C3CFE07}"
EndProject
Global
	GlobalSection(SolutionConfigurationPlatforms) = preSolution
		Debug|Any CPU = Debug|Any CPU
		Release|Any CPU = Release|Any CPU
	EndGlobalSection
	GlobalSection(ProjectConfigurationPlatforms) = postSolution
		{A5A1E584-CEA6-4894-BE64-990F4C3CFE07}.Debug|Any CPU.ActiveCfg = Debug|Any CPU
		{A5A1E584-CEA6-4894-BE64-990F4C3CFE07}.Debug|Any CPU.Build.0 = Debug|Any CPU
		{A5A1E584-CEA6-4894-BE64-990F4C3CFE07}.Release|Any CPU.ActiveCfg = Release|Any CPU
		{A5A1E584-CEA6-4894-BE64-990F4C3CFE07}.Release|Any CPU.Build.0 = Release|Any CPU
	EndGlobalSection
	GlobalSection(SolutionProperties) = preSolution
		HideSolutionNode = FALSE
	EndGlobalSection
EndGlobal
