Microsoft Visual Studio Solution File, Format Version 11.00
# Visual Studio 2010
Project("{FAE04EC0-301F-11D3-BF4B-00C04F79EFBC}") = "GroupingWithDataGrid_2010", "GroupingWithDataGrid_2010.csproj", "{C1D37396-59EA-4628-A35F-F60FC63EFB50}"
EndProject
Global
	GlobalSection(SolutionConfiguration) = preSolution
		ConfigName.0 = Debug
		ConfigName.1 = Release
	EndGlobalSection
	GlobalSection(ProjectDependencies) = postSolution
	EndGlobalSection
	GlobalSection(ProjectConfiguration) = postSolution
		{C1D37396-59EA-4628-A35F-F60FC63EFB50}.Debug.ActiveCfg = Debug|.NET
		{C1D37396-59EA-4628-A35F-F60FC63EFB50}.Debug.Build.0 = Debug|.NET
		{C1D37396-59EA-4628-A35F-F60FC63EFB50}.Release.ActiveCfg = Release|.NET
		{C1D37396-59EA-4628-A35F-F60FC63EFB50}.Release.Build.0 = Release|.NET
	EndGlobalSection
	GlobalSection(ExtensibilityGlobals) = postSolution
	EndGlobalSection
	GlobalSection(ExtensibilityAddIns) = postSolution
	EndGlobalSection
EndGlobal
