Microsoft Visual Studio Solution File, Format Version 11.00
# Visual Studio 2010
Project("{FAE04EC0-301F-11D3-BF4B-00C04F79EFBC}") = "ForeignKeyReference_2010", "ForeignKeyReference_2010.csproj", "{37A28613-29B6-44ED-ABA7-E0F11F90445A}"
EndProject
Global
	GlobalSection(SolutionConfiguration) = preSolution
		ConfigName.0 = Debug
		ConfigName.1 = Release
	EndGlobalSection
	GlobalSection(ProjectDependencies) = postSolution
	EndGlobalSection
	GlobalSection(ProjectConfiguration) = postSolution
		{37A28613-29B6-44ED-ABA7-E0F11F90445A}.Debug.ActiveCfg = Debug|.NET
		{37A28613-29B6-44ED-ABA7-E0F11F90445A}.Debug.Build.0 = Debug|.NET
		{37A28613-29B6-44ED-ABA7-E0F11F90445A}.Release.ActiveCfg = Release|.NET
		{37A28613-29B6-44ED-ABA7-E0F11F90445A}.Release.Build.0 = Release|.NET
	EndGlobalSection
	GlobalSection(ExtensibilityGlobals) = postSolution
	EndGlobalSection
	GlobalSection(ExtensibilityAddIns) = postSolution
	EndGlobalSection
EndGlobal
