Microsoft Visual Studio Solution File, Format Version 13.00
# Visual Studio 14
Project("{FAE04EC0-301F-11D3-BF4B-00C04F79EFBC}") = "XFAForm_2015", "XFAForm_2015.csproj", "{DFFB94CB-3707-417C-AA01-B43969E3E737}"
EndProject
Global
	GlobalSection(SolutionConfigurationPlatforms) = preSolution
		Debug|Any CPU = Debug|Any CPU
		Release|Any CPU = Release|Any CPU
	EndGlobalSection
	GlobalSection(ProjectConfigurationPlatforms) = postSolution
		{DFFB94CB-3707-417C-AA01-B43969E3E737}.Debug|Any CPU.ActiveCfg = Debug|Any CPU
		{DFFB94CB-3707-417C-AA01-B43969E3E737}.Debug|Any CPU.Build.0 = Debug|Any CPU
		{DFFB94CB-3707-417C-AA01-B43969E3E737}.Release|Any CPU.ActiveCfg = Release|Any CPU
		{DFFB94CB-3707-417C-AA01-B43969E3E737}.Release|Any CPU.Build.0 = Release|Any CPU
	EndGlobalSection
	GlobalSection(SolutionProperties) = preSolution
		HideSolutionNode = FALSE
	EndGlobalSection
EndGlobal
