
Microsoft Visual Studio Solution File, Format Version 12.00
# Visual Studio Version 16
VisualStudioVersion = 16.0.30709.64
MinimumVisualStudioVersion = 10.0.40219.1
Project("{9A19103F-16F7-4668-BE54-9A1E7A4F7556}") = "PositionsAndOffsets_NET50", "PositionsAndOffsets_NET50.csproj", "{22331B04-FDF2-4D33-90D7-D4A5E4ED53E4}"
EndProject
Global
	GlobalSection(SolutionConfigurationPlatforms) = preSolution
		Debug|Any CPU = Debug|Any CPU
		Release|Any CPU = Release|Any CPU
	EndGlobalSection
	GlobalSection(ProjectConfigurationPlatforms) = postSolution
		{22331B04-FDF2-4D33-90D7-D4A5E4ED53E4}.Debug|Any CPU.ActiveCfg = Debug|Any CPU
		{22331B04-FDF2-4D33-90D7-D4A5E4ED53E4}.Debug|Any CPU.Build.0 = Debug|Any CPU
		{22331B04-FDF2-4D33-90D7-D4A5E4ED53E4}.Release|Any CPU.ActiveCfg = Release|Any CPU
		{22331B04-FDF2-4D33-90D7-D4A5E4ED53E4}.Release|Any CPU.Build.0 = Release|Any CPU
	EndGlobalSection
	GlobalSection(SolutionProperties) = preSolution
		HideSolutionNode = FALSE
	EndGlobalSection
	GlobalSection(ExtensibilityGlobals) = postSolution
		SolutionGuid = {84F8A3F4-74A5-4410-9722-426680F8D6DC}
	EndGlobalSection
EndGlobal
