Microsoft Visual Studio Solution File, Format Version 13.00
# Visual Studio 15
Project("{FAE04EC0-301F-11D3-BF4B-00C04F79EFBC}") = "HeadersAndFooters_2017", "HeadersAndFooters_2017.csproj", "{A128571D-429B-40EC-B6CD-6DB2104B1E9B}"
EndProject
Global
	GlobalSection(SolutionConfigurationPlatforms) = preSolution
		Debug|Any CPU = Debug|Any CPU
		Release|Any CPU = Release|Any CPU
	EndGlobalSection
	GlobalSection(ProjectConfigurationPlatforms) = postSolution
		{A128571D-429B-40EC-B6CD-6DB2104B1E9B}.Debug|Any CPU.ActiveCfg = Debug|Any CPU
		{A128571D-429B-40EC-B6CD-6DB2104B1E9B}.Debug|Any CPU.Build.0 = Debug|Any CPU
		{A128571D-429B-40EC-B6CD-6DB2104B1E9B}.Release|Any CPU.ActiveCfg = Release|Any CPU
		{A128571D-429B-40EC-B6CD-6DB2104B1E9B}.Release|Any CPU.Build.0 = Release|Any CPU
	EndGlobalSection
	GlobalSection(SolutionProperties) = preSolution
		HideSolutionNode = FALSE
	EndGlobalSection
EndGlobal
