Microsoft Visual Studio Solution File, Format Version 12.00
# Visual Studio Version 17
VisualStudioVersion = 17.12.35309.182
MinimumVisualStudioVersion = 10.0.40219.1
Project("{9A19103F-16F7-4668-BE54-9A1E7A4F7556}") = "XPThemes_NET90", "XPThemes_NET90.csproj", "{2DA2466E-FD97-42DE-97E2-E100A571D296}"
EndProject
Global
	GlobalSection(SolutionConfigurationPlatforms) = preSolution
		Debug|Any CPU = Debug|Any CPU
		Release|Any CPU = Release|Any CPU
	EndGlobalSection
	GlobalSection(ProjectConfigurationPlatforms) = postSolution
		{2DA2466E-FD97-42DE-97E2-E100A571D296}.Debug|Any CPU.ActiveCfg = Debug|Any CPU
		{2DA2466E-FD97-42DE-97E2-E100A571D296}.Debug|Any CPU.Build.0 = Debug|Any CPU
		{2DA2466E-FD97-42DE-97E2-E100A571D296}.Release|Any CPU.ActiveCfg = Release|Any CPU
		{2DA2466E-FD97-42DE-97E2-E100A571D296}.Release|Any CPU.Build.0 = Release|Any CPU
	EndGlobalSection
	GlobalSection(SolutionProperties) = preSolution
		HideSolutionNode = FALSE
	EndGlobalSection
	GlobalSection(ExtensibilityGlobals) = postSolution
		SolutionGuid = {38949B83-C443-4278-89D7-2858F8D36795}
	EndGlobalSection
EndGlobal
