Microsoft Visual Studio Solution File, Format Version 11.00
# Visual Studio 2010
Project("{FAE04EC0-301F-11D3-BF4B-00C04F79EFBC}") = "RefreshGrid_2010", "RefreshGrid_2010.csproj", "{0608FEE4-3310-4D23-82DF-ED113E249C2F}"
EndProject
Global
	GlobalSection(SolutionConfiguration) = preSolution
		ConfigName.0 = Debug
		ConfigName.1 = Release
	EndGlobalSection
	GlobalSection(ProjectDependencies) = postSolution
	EndGlobalSection
	GlobalSection(ProjectConfiguration) = postSolution
		{0608FEE4-3310-4D23-82DF-ED113E249C2F}.Debug.ActiveCfg = Debug|.NET
		{0608FEE4-3310-4D23-82DF-ED113E249C2F}.Debug.Build.0 = Debug|.NET
		{0608FEE4-3310-4D23-82DF-ED113E249C2F}.Release.ActiveCfg = Release|.NET
		{0608FEE4-3310-4D23-82DF-ED113E249C2F}.Release.Build.0 = Release|.NET
	EndGlobalSection
	GlobalSection(ExtensibilityGlobals) = postSolution
	EndGlobalSection
	GlobalSection(ExtensibilityAddIns) = postSolution
	EndGlobalSection
EndGlobal
