
Microsoft Visual Studio Solution File, Format Version 11.00
# Visual Studio 2010
Project("{FAE04EC0-301F-11D3-BF4B-00C04F79EFBC}") = "CellCustomization_2010", "CellCustomization_2010.csproj", "{91CABF94-4270-4C2D-99AF-604E2FC61655}"
EndProject
Global
	GlobalSection(SolutionConfigurationPlatforms) = preSolution
		Debug|Any CPU = Debug|Any CPU
		Release|Any CPU = Release|Any CPU
	EndGlobalSection
	GlobalSection(ProjectConfigurationPlatforms) = postSolution
		{91CABF94-4270-4C2D-99AF-604E2FC61655}.Debug|Any CPU.ActiveCfg = Debug|Any CPU
		{91CABF94-4270-4C2D-99AF-604E2FC61655}.Debug|Any CPU.Build.0 = Debug|Any CPU
		{91CABF94-4270-4C2D-99AF-604E2FC61655}.Release|Any CPU.ActiveCfg = Release|Any CPU
		{91CABF94-4270-4C2D-99AF-604E2FC61655}.Release|Any CPU.Build.0 = Release|Any CPU
	EndGlobalSection
	GlobalSection(SolutionProperties) = preSolution
		HideSolutionNode = FALSE
	EndGlobalSection
EndGlobal
