Microsoft Visual Studio Solution File, Format Version 12.00
# Visual Studio Version 17
VisualStudioVersion = 17.12.35309.182
MinimumVisualStudioVersion = 10.0.40219.1
Project("{FAE04EC0-301F-11D3-BF4B-00C04F79EFBC}") = "Clock_NET90", "Clock_NET90.csproj", "{7F59B616-FE28-4421-A633-01B2E9EA55DE}"
EndProject
Global
	GlobalSection(SolutionConfigurationPlatforms) = preSolution
		Debug|Any CPU = Debug|Any CPU
		Release|Any CPU = Release|Any CPU
	EndGlobalSection
	GlobalSection(ProjectConfigurationPlatforms) = postSolution
		{7F59B616-FE28-4421-A633-01B2E9EA55DE}.Debug|Any CPU.ActiveCfg = Debug|Any CPU
		{7F59B616-FE28-4421-A633-01B2E9EA55DE}.Debug|Any CPU.Build.0 = Debug|Any CPU
		{7F59B616-FE28-4421-A633-01B2E9EA55DE}.Release|Any CPU.ActiveCfg = Release|Any CPU
		{7F59B616-FE28-4421-A633-01B2E9EA55DE}.Release|Any CPU.Build.0 = Release|Any CPU
	EndGlobalSection
	GlobalSection(SolutionProperties) = preSolution
		HideSolutionNode = FALSE
	EndGlobalSection
EndGlobal
