
Microsoft Visual Studio Solution File, Format Version 11.00
# Visual Studio 2010
Project("{FAE04EC0-301F-11D3-BF4B-00C04F79EFBC}") = "ChartSmartLabel_2010", "ChartSmartLabel_2010.csproj", "{CE54065D-FBD7-47E3-BAE7-9294EB0F8E45}"
EndProject
Global
	GlobalSection(SolutionConfigurationPlatforms) = preSolution
		Debug|Any CPU = Debug|Any CPU
		Release|Any CPU = Release|Any CPU
	EndGlobalSection
	GlobalSection(ProjectConfigurationPlatforms) = postSolution
		{CE54065D-FBD7-47E3-BAE7-9294EB0F8E45}.Debug|Any CPU.ActiveCfg = Debug|Any CPU
		{CE54065D-FBD7-47E3-BAE7-9294EB0F8E45}.Debug|Any CPU.Build.0 = Debug|Any CPU
		{CE54065D-FBD7-47E3-BAE7-9294EB0F8E45}.Release|Any CPU.ActiveCfg = Release|Any CPU
		{CE54065D-FBD7-47E3-BAE7-9294EB0F8E45}.Release|Any CPU.Build.0 = Release|Any CPU
	EndGlobalSection
	GlobalSection(SolutionProperties) = preSolution
		HideSolutionNode = FALSE
	EndGlobalSection
EndGlobal
