Microsoft Visual Studio Solution File, Format Version 12.00
# Visual Studio Version 17
VisualStudioVersion = 17.12.35309.182
MinimumVisualStudioVersion = 10.0.40219.1
Project("{FAE04EC0-301F-11D3-BF4B-00C04F79EFBC}") = "Localization_NET90", "Localization_NET90.csproj", "{9999C21A-29DF-41A8-9EA8-91F30A6EF02C}"
EndProject
Global
	GlobalSection(SolutionConfigurationPlatforms) = preSolution
		Debug|Any CPU = Debug|Any CPU
		Release|Any CPU = Release|Any CPU
	EndGlobalSection
	GlobalSection(ProjectConfigurationPlatforms) = postSolution
		{9999C21A-29DF-41A8-9EA8-91F30A6EF02C}.Debug|Any CPU.ActiveCfg = Debug|Any CPU
		{9999C21A-29DF-41A8-9EA8-91F30A6EF02C}.Debug|Any CPU.Build.0 = Debug|Any CPU
		{9999C21A-29DF-41A8-9EA8-91F30A6EF02C}.Release|Any CPU.ActiveCfg = Release|Any CPU
		{9999C21A-29DF-41A8-9EA8-91F30A6EF02C}.Release|Any CPU.Build.0 = Release|Any CPU
	EndGlobalSection
	GlobalSection(SolutionProperties) = preSolution
		HideSolutionNode = FALSE
	EndGlobalSection
EndGlobal
