
Microsoft Visual Studio Solution File, Format Version 11.00
# Visual Studio 2010
Project("{FAE04EC0-301F-11D3-BF4B-00C04F79EFBC}") = "HTMLUIScripting_2010", "HTMLUIScripting_2010.csproj", "{E2C0301A-17A2-4BCB-9E0D-C76F978411FF}"
EndProject
Global
	GlobalSection(SolutionConfigurationPlatforms) = preSolution
		Debug|Any CPU = Debug|Any CPU
		Release|Any CPU = Release|Any CPU
	EndGlobalSection
	GlobalSection(ProjectConfigurationPlatforms) = postSolution
		{E2C0301A-17A2-4BCB-9E0D-C76F978411FF}.Debug|Any CPU.ActiveCfg = Debug|Any CPU
		{E2C0301A-17A2-4BCB-9E0D-C76F978411FF}.Debug|Any CPU.Build.0 = Debug|Any CPU
		{E2C0301A-17A2-4BCB-9E0D-C76F978411FF}.Release|Any CPU.ActiveCfg = Release|Any CPU
		{E2C0301A-17A2-4BCB-9E0D-C76F978411FF}.Release|Any CPU.Build.0 = Release|Any CPU
	EndGlobalSection
	GlobalSection(SolutionProperties) = preSolution
		HideSolutionNode = FALSE
	EndGlobalSection
EndGlobal
