Microsoft Visual Studio Solution File, Format Version 11.00
# Visual Studio 2010
Project("{FAE04EC0-301F-11D3-BF4B-00C04F79EFBC}") = "StrongTypedCollection_2010", "StrongTypedCollection_2010.csproj", "{BA4FBE34-E217-41A5-8192-9152D2CA78FC}"
EndProject
Global
	GlobalSection(SolutionConfiguration) = preSolution
		ConfigName.0 = Debug
		ConfigName.1 = Release
	EndGlobalSection
	GlobalSection(ProjectDependencies) = postSolution
	EndGlobalSection
	GlobalSection(ProjectConfiguration) = postSolution
		{BA4FBE34-E217-41A5-8192-9152D2CA78FC}.Debug.ActiveCfg = Debug|.NET
		{BA4FBE34-E217-41A5-8192-9152D2CA78FC}.Debug.Build.0 = Debug|.NET
		{BA4FBE34-E217-41A5-8192-9152D2CA78FC}.Release.ActiveCfg = Release|.NET
		{BA4FBE34-E217-41A5-8192-9152D2CA78FC}.Release.Build.0 = Release|.NET
	EndGlobalSection
	GlobalSection(ExtensibilityGlobals) = postSolution
	EndGlobalSection
	GlobalSection(ExtensibilityAddIns) = postSolution
	EndGlobalSection
EndGlobal
