Microsoft Visual Studio Solution File, Format Version 12.00
# Visual Studio Version 17
VisualStudioVersion = 17.12.35309.182
MinimumVisualStudioVersion = 10.0.40219.1
Project("{FAE04EC0-301F-11D3-BF4B-00C04F79EFBC}") = "GaugeTheme_NET90", "GaugeTheme_NET90.csproj", "{41501059-7B7D-4C59-9374-8863C6DA926A}"
EndProject
Global
	GlobalSection(SolutionConfigurationPlatforms) = preSolution
		Debug|x86 = Debug|x86
		Release|x86 = Release|x86
	EndGlobalSection
	GlobalSection(ProjectConfigurationPlatforms) = postSolution
		{41501059-7B7D-4C59-9374-8863C6DA926A}.Debug|x86.ActiveCfg = Debug|x86
		{41501059-7B7D-4C59-9374-8863C6DA926A}.Debug|x86.Build.0 = Debug|x86
		{41501059-7B7D-4C59-9374-8863C6DA926A}.Release|x86.ActiveCfg = Release|x86
		{41501059-7B7D-4C59-9374-8863C6DA926A}.Release|x86.Build.0 = Release|x86
	EndGlobalSection
	GlobalSection(SolutionProperties) = preSolution
		HideSolutionNode = FALSE
	EndGlobalSection
EndGlobal
